// !$*UTF8*$!
{
	archiveVersion = 1;
	classes = {
	};
	objectVersion = 46;
	objects = {

/* Begin PBXBuildFile section */
		4A105D0F1A05E9C863041E92 /* libPods-FYAPPTests.a in Frameworks */ = {isa = PBXBuildFile; fileRef = 584A160BC7A7832DFD64B4DD /* libPods-FYAPPTests.a */; };
		840BB051E80AAFA48367960C /* libPods-FYAPPUITests.a in Frameworks */ = {isa = PBXBuildFile; fileRef = 1D250B77417A43A48F10761B /* libPods-FYAPPUITests.a */; };
		964683748CD000714912AA83 /* libPods-FYAPP.a in Frameworks */ = {isa = PBXBuildFile; fileRef = D5D3CFD73B7732B43BED3E93 /* libPods-FYAPP.a */; };
		B06313D51F4C16EC003EC043 /* main.m in Sources */ = {isa = PBXBuildFile; fileRef = B06313D41F4C16EC003EC043 /* main.m */; };
		B06313D81F4C16EC003EC043 /* AppDelegate.m in Sources */ = {isa = PBXBuildFile; fileRef = B06313D71F4C16EC003EC043 /* AppDelegate.m */; };
		B06313DB1F4C16EC003EC043 /* ViewController.m in Sources */ = {isa = PBXBuildFile; fileRef = B06313DA1F4C16EC003EC043 /* ViewController.m */; };
		B06313DE1F4C16EC003EC043 /* Main.storyboard in Resources */ = {isa = PBXBuildFile; fileRef = B06313DC1F4C16EC003EC043 /* Main.storyboard */; };
		B06313E11F4C16EC003EC043 /* FYAPP.xcdatamodeld in Sources */ = {isa = PBXBuildFile; fileRef = B06313DF1F4C16EC003EC043 /* FYAPP.xcdatamodeld */; };
		B06313E31F4C16EC003EC043 /* Assets.xcassets in Resources */ = {isa = PBXBuildFile; fileRef = B06313E21F4C16EC003EC043 /* Assets.xcassets */; };
		B06313E61F4C16EC003EC043 /* LaunchScreen.storyboard in Resources */ = {isa = PBXBuildFile; fileRef = B06313E41F4C16EC003EC043 /* LaunchScreen.storyboard */; };
		B06313F11F4C16EC003EC043 /* FYAPPTests.m in Sources */ = {isa = PBXBuildFile; fileRef = B06313F01F4C16EC003EC043 /* FYAPPTests.m */; };
		B06313FC1F4C16EC003EC043 /* FYAPPUITests.m in Sources */ = {isa = PBXBuildFile; fileRef = B06313FB1F4C16EC003EC043 /* FYAPPUITests.m */; };
		B09448D01F4D200000B2B33B /* FYCompositeConstraint.m in Sources */ = {isa = PBXBuildFile; fileRef = B09448BB1F4D200000B2B33B /* FYCompositeConstraint.m */; };
		B09448D11F4D200000B2B33B /* FYCompositeConstraint.m in Sources */ = {isa = PBXBuildFile; fileRef = B09448BB1F4D200000B2B33B /* FYCompositeConstraint.m */; };
		B09448D21F4D200000B2B33B /* FYCompositeConstraint.m in Sources */ = {isa = PBXBuildFile; fileRef = B09448BB1F4D200000B2B33B /* FYCompositeConstraint.m */; };
		B09448D31F4D200000B2B33B /* FYConstraint.m in Sources */ = {isa = PBXBuildFile; fileRef = B09448BD1F4D200000B2B33B /* FYConstraint.m */; };
		B09448D41F4D200000B2B33B /* FYConstraint.m in Sources */ = {isa = PBXBuildFile; fileRef = B09448BD1F4D200000B2B33B /* FYConstraint.m */; };
		B09448D51F4D200000B2B33B /* FYConstraint.m in Sources */ = {isa = PBXBuildFile; fileRef = B09448BD1F4D200000B2B33B /* FYConstraint.m */; };
		B09448D61F4D200000B2B33B /* FYConstraintMaker.m in Sources */ = {isa = PBXBuildFile; fileRef = B09448C01F4D200000B2B33B /* FYConstraintMaker.m */; };
		B09448D71F4D200000B2B33B /* FYConstraintMaker.m in Sources */ = {isa = PBXBuildFile; fileRef = B09448C01F4D200000B2B33B /* FYConstraintMaker.m */; };
		B09448D81F4D200000B2B33B /* FYConstraintMaker.m in Sources */ = {isa = PBXBuildFile; fileRef = B09448C01F4D200000B2B33B /* FYConstraintMaker.m */; };
		B09448D91F4D200000B2B33B /* FYLayoutConstraint.m in Sources */ = {isa = PBXBuildFile; fileRef = B09448C21F4D200000B2B33B /* FYLayoutConstraint.m */; };
		B09448DA1F4D200000B2B33B /* FYLayoutConstraint.m in Sources */ = {isa = PBXBuildFile; fileRef = B09448C21F4D200000B2B33B /* FYLayoutConstraint.m */; };
		B09448DB1F4D200000B2B33B /* FYLayoutConstraint.m in Sources */ = {isa = PBXBuildFile; fileRef = B09448C21F4D200000B2B33B /* FYLayoutConstraint.m */; };
		B09448DC1F4D200000B2B33B /* FYViewAttribute.m in Sources */ = {isa = PBXBuildFile; fileRef = B09448C51F4D200000B2B33B /* FYViewAttribute.m */; };
		B09448DD1F4D200000B2B33B /* FYViewAttribute.m in Sources */ = {isa = PBXBuildFile; fileRef = B09448C51F4D200000B2B33B /* FYViewAttribute.m */; };
		B09448DE1F4D200000B2B33B /* FYViewAttribute.m in Sources */ = {isa = PBXBuildFile; fileRef = B09448C51F4D200000B2B33B /* FYViewAttribute.m */; };
		B09448DF1F4D200000B2B33B /* FYViewConstraint.m in Sources */ = {isa = PBXBuildFile; fileRef = B09448C71F4D200000B2B33B /* FYViewConstraint.m */; };
		B09448E01F4D200000B2B33B /* FYViewConstraint.m in Sources */ = {isa = PBXBuildFile; fileRef = B09448C71F4D200000B2B33B /* FYViewConstraint.m */; };
		B09448E11F4D200000B2B33B /* FYViewConstraint.m in Sources */ = {isa = PBXBuildFile; fileRef = B09448C71F4D200000B2B33B /* FYViewConstraint.m */; };
		B09448E21F4D200000B2B33B /* NSArray+FYAdditions.m in Sources */ = {isa = PBXBuildFile; fileRef = B09448C91F4D200000B2B33B /* NSArray+FYAdditions.m */; };
		B09448E31F4D200000B2B33B /* NSArray+FYAdditions.m in Sources */ = {isa = PBXBuildFile; fileRef = B09448C91F4D200000B2B33B /* NSArray+FYAdditions.m */; };
		B09448E41F4D200000B2B33B /* NSArray+FYAdditions.m in Sources */ = {isa = PBXBuildFile; fileRef = B09448C91F4D200000B2B33B /* NSArray+FYAdditions.m */; };
		B09448E51F4D200000B2B33B /* NSLayoutConstraint+FYDebugAdditions.m in Sources */ = {isa = PBXBuildFile; fileRef = B09448CB1F4D200000B2B33B /* NSLayoutConstraint+FYDebugAdditions.m */; };
		B09448E61F4D200000B2B33B /* NSLayoutConstraint+FYDebugAdditions.m in Sources */ = {isa = PBXBuildFile; fileRef = B09448CB1F4D200000B2B33B /* NSLayoutConstraint+FYDebugAdditions.m */; };
		B09448E71F4D200000B2B33B /* NSLayoutConstraint+FYDebugAdditions.m in Sources */ = {isa = PBXBuildFile; fileRef = B09448CB1F4D200000B2B33B /* NSLayoutConstraint+FYDebugAdditions.m */; };
		B09448E81F4D200000B2B33B /* View+FYAdditions.m in Sources */ = {isa = PBXBuildFile; fileRef = B09448CD1F4D200000B2B33B /* View+FYAdditions.m */; };
		B09448E91F4D200000B2B33B /* View+FYAdditions.m in Sources */ = {isa = PBXBuildFile; fileRef = B09448CD1F4D200000B2B33B /* View+FYAdditions.m */; };
		B09448EA1F4D200000B2B33B /* View+FYAdditions.m in Sources */ = {isa = PBXBuildFile; fileRef = B09448CD1F4D200000B2B33B /* View+FYAdditions.m */; };
		B09448EB1F4D200000B2B33B /* ViewController+FYAdditions.m in Sources */ = {isa = PBXBuildFile; fileRef = B09448CF1F4D200000B2B33B /* ViewController+FYAdditions.m */; };
		B09448EC1F4D200000B2B33B /* ViewController+FYAdditions.m in Sources */ = {isa = PBXBuildFile; fileRef = B09448CF1F4D200000B2B33B /* ViewController+FYAdditions.m */; };
		B09448ED1F4D200000B2B33B /* ViewController+FYAdditions.m in Sources */ = {isa = PBXBuildFile; fileRef = B09448CF1F4D200000B2B33B /* ViewController+FYAdditions.m */; };
		B09448F01F4D208E00B2B33B /* NSObject+Runtime.m in Sources */ = {isa = PBXBuildFile; fileRef = B09448EF1F4D208E00B2B33B /* NSObject+Runtime.m */; };
		B09448F11F4D208E00B2B33B /* NSObject+Runtime.m in Sources */ = {isa = PBXBuildFile; fileRef = B09448EF1F4D208E00B2B33B /* NSObject+Runtime.m */; };
		B09448F21F4D208E00B2B33B /* NSObject+Runtime.m in Sources */ = {isa = PBXBuildFile; fileRef = B09448EF1F4D208E00B2B33B /* NSObject+Runtime.m */; };
		B09448F51F4D21F300B2B33B /* FYNetworking.m in Sources */ = {isa = PBXBuildFile; fileRef = B09448F41F4D21F300B2B33B /* FYNetworking.m */; };
		B09448F61F4D21F300B2B33B /* FYNetworking.m in Sources */ = {isa = PBXBuildFile; fileRef = B09448F41F4D21F300B2B33B /* FYNetworking.m */; };
		B09448F71F4D21F300B2B33B /* FYNetworking.m in Sources */ = {isa = PBXBuildFile; fileRef = B09448F41F4D21F300B2B33B /* FYNetworking.m */; };
		B09448FA1F4D245B00B2B33B /* UICollectionView+FYCollectionView.m in Sources */ = {isa = PBXBuildFile; fileRef = B09448F91F4D245B00B2B33B /* UICollectionView+FYCollectionView.m */; };
		B09448FB1F4D245B00B2B33B /* UICollectionView+FYCollectionView.m in Sources */ = {isa = PBXBuildFile; fileRef = B09448F91F4D245B00B2B33B /* UICollectionView+FYCollectionView.m */; };
		B09448FC1F4D245B00B2B33B /* UICollectionView+FYCollectionView.m in Sources */ = {isa = PBXBuildFile; fileRef = B09448F91F4D245B00B2B33B /* UICollectionView+FYCollectionView.m */; };
		B09449011F4D25CC00B2B33B /* FYSingle.m in Sources */ = {isa = PBXBuildFile; fileRef = B09449001F4D25CC00B2B33B /* FYSingle.m */; };
		B09449021F4D25CC00B2B33B /* FYSingle.m in Sources */ = {isa = PBXBuildFile; fileRef = B09449001F4D25CC00B2B33B /* FYSingle.m */; };
		B09449031F4D25CC00B2B33B /* FYSingle.m in Sources */ = {isa = PBXBuildFile; fileRef = B09449001F4D25CC00B2B33B /* FYSingle.m */; };
		B09449061F4D265400B2B33B /* FYTools.m in Sources */ = {isa = PBXBuildFile; fileRef = B09449051F4D265400B2B33B /* FYTools.m */; };
		B09449071F4D265400B2B33B /* FYTools.m in Sources */ = {isa = PBXBuildFile; fileRef = B09449051F4D265400B2B33B /* FYTools.m */; };
		B09449081F4D265400B2B33B /* FYTools.m in Sources */ = {isa = PBXBuildFile; fileRef = B09449051F4D265400B2B33B /* FYTools.m */; };
		B094490B1F4D26E400B2B33B /* NSObject+FYNotificationCenter.m in Sources */ = {isa = PBXBuildFile; fileRef = B094490A1F4D26E400B2B33B /* NSObject+FYNotificationCenter.m */; };
		B094490C1F4D26E400B2B33B /* NSObject+FYNotificationCenter.m in Sources */ = {isa = PBXBuildFile; fileRef = B094490A1F4D26E400B2B33B /* NSObject+FYNotificationCenter.m */; };
		B094490D1F4D26E400B2B33B /* NSObject+FYNotificationCenter.m in Sources */ = {isa = PBXBuildFile; fileRef = B094490A1F4D26E400B2B33B /* NSObject+FYNotificationCenter.m */; };
		B09449101F4D274000B2B33B /* UIAlertController+FYAlertController.m in Sources */ = {isa = PBXBuildFile; fileRef = B094490F1F4D274000B2B33B /* UIAlertController+FYAlertController.m */; };
		B09449111F4D274000B2B33B /* UIAlertController+FYAlertController.m in Sources */ = {isa = PBXBuildFile; fileRef = B094490F1F4D274000B2B33B /* UIAlertController+FYAlertController.m */; };
		B09449121F4D274000B2B33B /* UIAlertController+FYAlertController.m in Sources */ = {isa = PBXBuildFile; fileRef = B094490F1F4D274000B2B33B /* UIAlertController+FYAlertController.m */; };
		B09449151F4D28FF00B2B33B /* NSURL+FYURL.m in Sources */ = {isa = PBXBuildFile; fileRef = B09449141F4D28FF00B2B33B /* NSURL+FYURL.m */; };
		B09449161F4D28FF00B2B33B /* NSURL+FYURL.m in Sources */ = {isa = PBXBuildFile; fileRef = B09449141F4D28FF00B2B33B /* NSURL+FYURL.m */; };
		B09449171F4D28FF00B2B33B /* NSURL+FYURL.m in Sources */ = {isa = PBXBuildFile; fileRef = B09449141F4D28FF00B2B33B /* NSURL+FYURL.m */; };
		B09449191F4D2A3500B2B33B /* UICollectionViewDoc.m in Sources */ = {isa = PBXBuildFile; fileRef = B09449181F4D2A3500B2B33B /* UICollectionViewDoc.m */; };
		B094491A1F4D2A3500B2B33B /* UICollectionViewDoc.m in Sources */ = {isa = PBXBuildFile; fileRef = B09449181F4D2A3500B2B33B /* UICollectionViewDoc.m */; };
		B094491B1F4D2A3500B2B33B /* UICollectionViewDoc.m in Sources */ = {isa = PBXBuildFile; fileRef = B09449181F4D2A3500B2B33B /* UICollectionViewDoc.m */; };
		B094491E1F4D2A5300B2B33B /* UICollectionViewFlowLayout+FYCollectionViewFlowLayout.m in Sources */ = {isa = PBXBuildFile; fileRef = B094491D1F4D2A5300B2B33B /* UICollectionViewFlowLayout+FYCollectionViewFlowLayout.m */; };
		B094491F1F4D2A5300B2B33B /* UICollectionViewFlowLayout+FYCollectionViewFlowLayout.m in Sources */ = {isa = PBXBuildFile; fileRef = B094491D1F4D2A5300B2B33B /* UICollectionViewFlowLayout+FYCollectionViewFlowLayout.m */; };
		B09449201F4D2A5300B2B33B /* UICollectionViewFlowLayout+FYCollectionViewFlowLayout.m in Sources */ = {isa = PBXBuildFile; fileRef = B094491D1F4D2A5300B2B33B /* UICollectionViewFlowLayout+FYCollectionViewFlowLayout.m */; };
		B09449231F4D2B2400B2B33B /* FYButton.m in Sources */ = {isa = PBXBuildFile; fileRef = B09449221F4D2B2400B2B33B /* FYButton.m */; };
		B09449241F4D2B2400B2B33B /* FYButton.m in Sources */ = {isa = PBXBuildFile; fileRef = B09449221F4D2B2400B2B33B /* FYButton.m */; };
		B09449251F4D2B2400B2B33B /* FYButton.m in Sources */ = {isa = PBXBuildFile; fileRef = B09449221F4D2B2400B2B33B /* FYButton.m */; };
		B09449321F4D2BD900B2B33B /* UIButton+FYButton.m in Sources */ = {isa = PBXBuildFile; fileRef = B09449271F4D2BD900B2B33B /* UIButton+FYButton.m */; };
		B09449331F4D2BD900B2B33B /* UIButton+FYButton.m in Sources */ = {isa = PBXBuildFile; fileRef = B09449271F4D2BD900B2B33B /* UIButton+FYButton.m */; };
		B09449341F4D2BD900B2B33B /* UIButton+FYButton.m in Sources */ = {isa = PBXBuildFile; fileRef = B09449271F4D2BD900B2B33B /* UIButton+FYButton.m */; };
		B09449351F4D2BD900B2B33B /* UIColor+FYColor.m in Sources */ = {isa = PBXBuildFile; fileRef = B09449291F4D2BD900B2B33B /* UIColor+FYColor.m */; };
		B09449361F4D2BD900B2B33B /* UIColor+FYColor.m in Sources */ = {isa = PBXBuildFile; fileRef = B09449291F4D2BD900B2B33B /* UIColor+FYColor.m */; };
		B09449371F4D2BD900B2B33B /* UIColor+FYColor.m in Sources */ = {isa = PBXBuildFile; fileRef = B09449291F4D2BD900B2B33B /* UIColor+FYColor.m */; };
		B09449381F4D2BD900B2B33B /* UIImage+FYImage.m in Sources */ = {isa = PBXBuildFile; fileRef = B094492B1F4D2BD900B2B33B /* UIImage+FYImage.m */; };
		B09449391F4D2BD900B2B33B /* UIImage+FYImage.m in Sources */ = {isa = PBXBuildFile; fileRef = B094492B1F4D2BD900B2B33B /* UIImage+FYImage.m */; };
		B094493A1F4D2BD900B2B33B /* UIImage+FYImage.m in Sources */ = {isa = PBXBuildFile; fileRef = B094492B1F4D2BD900B2B33B /* UIImage+FYImage.m */; };
		B094493B1F4D2BD900B2B33B /* UILabel+FYLabel.m in Sources */ = {isa = PBXBuildFile; fileRef = B094492D1F4D2BD900B2B33B /* UILabel+FYLabel.m */; };
		B094493C1F4D2BD900B2B33B /* UILabel+FYLabel.m in Sources */ = {isa = PBXBuildFile; fileRef = B094492D1F4D2BD900B2B33B /* UILabel+FYLabel.m */; };
		B094493D1F4D2BD900B2B33B /* UILabel+FYLabel.m in Sources */ = {isa = PBXBuildFile; fileRef = B094492D1F4D2BD900B2B33B /* UILabel+FYLabel.m */; };
		B094493E1F4D2BD900B2B33B /* UIScreen+FYScreen.m in Sources */ = {isa = PBXBuildFile; fileRef = B094492F1F4D2BD900B2B33B /* UIScreen+FYScreen.m */; };
		B094493F1F4D2BD900B2B33B /* UIScreen+FYScreen.m in Sources */ = {isa = PBXBuildFile; fileRef = B094492F1F4D2BD900B2B33B /* UIScreen+FYScreen.m */; };
		B09449401F4D2BD900B2B33B /* UIScreen+FYScreen.m in Sources */ = {isa = PBXBuildFile; fileRef = B094492F1F4D2BD900B2B33B /* UIScreen+FYScreen.m */; };
		B09449411F4D2BD900B2B33B /* UITextField+FYTextField.m in Sources */ = {isa = PBXBuildFile; fileRef = B09449311F4D2BD900B2B33B /* UITextField+FYTextField.m */; };
		B09449421F4D2BD900B2B33B /* UITextField+FYTextField.m in Sources */ = {isa = PBXBuildFile; fileRef = B09449311F4D2BD900B2B33B /* UITextField+FYTextField.m */; };
		B09449431F4D2BD900B2B33B /* UITextField+FYTextField.m in Sources */ = {isa = PBXBuildFile; fileRef = B09449311F4D2BD900B2B33B /* UITextField+FYTextField.m */; };
		B09449471F4D2D7000B2B33B /* NSString+hash.m in Sources */ = {isa = PBXBuildFile; fileRef = B09449461F4D2D7000B2B33B /* NSString+hash.m */; };
		B09449481F4D2D7000B2B33B /* NSString+hash.m in Sources */ = {isa = PBXBuildFile; fileRef = B09449461F4D2D7000B2B33B /* NSString+hash.m */; };
		B09449491F4D2D7000B2B33B /* NSString+hash.m in Sources */ = {isa = PBXBuildFile; fileRef = B09449461F4D2D7000B2B33B /* NSString+hash.m */; };
		B094494C1F4D2DB300B2B33B /* FYGCD.m in Sources */ = {isa = PBXBuildFile; fileRef = B094494B1F4D2DB300B2B33B /* FYGCD.m */; };
		B094494D1F4D2DB300B2B33B /* FYGCD.m in Sources */ = {isa = PBXBuildFile; fileRef = B094494B1F4D2DB300B2B33B /* FYGCD.m */; };
		B094494E1F4D2DB300B2B33B /* FYGCD.m in Sources */ = {isa = PBXBuildFile; fileRef = B094494B1F4D2DB300B2B33B /* FYGCD.m */; };
		B09449501F4D2ED100B2B33B /* FYGCDDoc.m in Sources */ = {isa = PBXBuildFile; fileRef = B094494F1F4D2ED100B2B33B /* FYGCDDoc.m */; };
		B09449511F4D2ED100B2B33B /* FYGCDDoc.m in Sources */ = {isa = PBXBuildFile; fileRef = B094494F1F4D2ED100B2B33B /* FYGCDDoc.m */; };
		B09449521F4D2ED100B2B33B /* FYGCDDoc.m in Sources */ = {isa = PBXBuildFile; fileRef = B094494F1F4D2ED100B2B33B /* FYGCDDoc.m */; };
		B094495D1F4D2FF200B2B33B /* FYClassInfo.m in Sources */ = {isa = PBXBuildFile; fileRef = B09449541F4D2FF200B2B33B /* FYClassInfo.m */; };
		B094495E1F4D2FF200B2B33B /* FYClassInfo.m in Sources */ = {isa = PBXBuildFile; fileRef = B09449541F4D2FF200B2B33B /* FYClassInfo.m */; };
		B094495F1F4D2FF200B2B33B /* FYClassInfo.m in Sources */ = {isa = PBXBuildFile; fileRef = B09449541F4D2FF200B2B33B /* FYClassInfo.m */; };
		B09449601F4D2FF200B2B33B /* FYModel.m in Sources */ = {isa = PBXBuildFile; fileRef = B09449561F4D2FF200B2B33B /* FYModel.m */; };
		B09449611F4D2FF200B2B33B /* FYModel.m in Sources */ = {isa = PBXBuildFile; fileRef = B09449561F4D2FF200B2B33B /* FYModel.m */; };
		B09449621F4D2FF200B2B33B /* FYModel.m in Sources */ = {isa = PBXBuildFile; fileRef = B09449561F4D2FF200B2B33B /* FYModel.m */; };
		B09449631F4D2FF200B2B33B /* NSArray+FYArray.m in Sources */ = {isa = PBXBuildFile; fileRef = B09449581F4D2FF200B2B33B /* NSArray+FYArray.m */; };
		B09449641F4D2FF200B2B33B /* NSArray+FYArray.m in Sources */ = {isa = PBXBuildFile; fileRef = B09449581F4D2FF200B2B33B /* NSArray+FYArray.m */; };
		B09449651F4D2FF200B2B33B /* NSArray+FYArray.m in Sources */ = {isa = PBXBuildFile; fileRef = B09449581F4D2FF200B2B33B /* NSArray+FYArray.m */; };
		B09449661F4D2FF200B2B33B /* NSObject+FYArray.m in Sources */ = {isa = PBXBuildFile; fileRef = B094495A1F4D2FF200B2B33B /* NSObject+FYArray.m */; };
		B09449671F4D2FF200B2B33B /* NSObject+FYArray.m in Sources */ = {isa = PBXBuildFile; fileRef = B094495A1F4D2FF200B2B33B /* NSObject+FYArray.m */; };
		B09449681F4D2FF200B2B33B /* NSObject+FYArray.m in Sources */ = {isa = PBXBuildFile; fileRef = B094495A1F4D2FF200B2B33B /* NSObject+FYArray.m */; };
		B09449691F4D2FF200B2B33B /* NSObject+FYModel.m in Sources */ = {isa = PBXBuildFile; fileRef = B094495C1F4D2FF200B2B33B /* NSObject+FYModel.m */; };
		B094496A1F4D2FF200B2B33B /* NSObject+FYModel.m in Sources */ = {isa = PBXBuildFile; fileRef = B094495C1F4D2FF200B2B33B /* NSObject+FYModel.m */; };
		B094496B1F4D2FF200B2B33B /* NSObject+FYModel.m in Sources */ = {isa = PBXBuildFile; fileRef = B094495C1F4D2FF200B2B33B /* NSObject+FYModel.m */; };
		B094496E1F4D308200B2B33B /* UINavigationController+FYNavigationController.m in Sources */ = {isa = PBXBuildFile; fileRef = B094496D1F4D308200B2B33B /* UINavigationController+FYNavigationController.m */; };
		B094496F1F4D308200B2B33B /* UINavigationController+FYNavigationController.m in Sources */ = {isa = PBXBuildFile; fileRef = B094496D1F4D308200B2B33B /* UINavigationController+FYNavigationController.m */; };
		B09449701F4D308200B2B33B /* UINavigationController+FYNavigationController.m in Sources */ = {isa = PBXBuildFile; fileRef = B094496D1F4D308200B2B33B /* UINavigationController+FYNavigationController.m */; };
		B09449751F4D30DD00B2B33B /* FileManger.m in Sources */ = {isa = PBXBuildFile; fileRef = B09449711F4D30DD00B2B33B /* FileManger.m */; };
		B09449761F4D30DD00B2B33B /* FileManger.m in Sources */ = {isa = PBXBuildFile; fileRef = B09449711F4D30DD00B2B33B /* FileManger.m */; };
		B09449771F4D30DD00B2B33B /* FileManger.m in Sources */ = {isa = PBXBuildFile; fileRef = B09449711F4D30DD00B2B33B /* FileManger.m */; };
		B09449781F4D30DD00B2B33B /* KVC.m in Sources */ = {isa = PBXBuildFile; fileRef = B09449721F4D30DD00B2B33B /* KVC.m */; };
		B09449791F4D30DD00B2B33B /* KVC.m in Sources */ = {isa = PBXBuildFile; fileRef = B09449721F4D30DD00B2B33B /* KVC.m */; };
		B094497A1F4D30DD00B2B33B /* KVC.m in Sources */ = {isa = PBXBuildFile; fileRef = B09449721F4D30DD00B2B33B /* KVC.m */; };
		B094497B1F4D30DD00B2B33B /* StringArrayDictionary.m in Sources */ = {isa = PBXBuildFile; fileRef = B09449731F4D30DD00B2B33B /* StringArrayDictionary.m */; };
		B094497C1F4D30DD00B2B33B /* StringArrayDictionary.m in Sources */ = {isa = PBXBuildFile; fileRef = B09449731F4D30DD00B2B33B /* StringArrayDictionary.m */; };
		B094497D1F4D30DD00B2B33B /* StringArrayDictionary.m in Sources */ = {isa = PBXBuildFile; fileRef = B09449731F4D30DD00B2B33B /* StringArrayDictionary.m */; };
		B094497E1F4D30DD00B2B33B /* Sundry.m in Sources */ = {isa = PBXBuildFile; fileRef = B09449741F4D30DD00B2B33B /* Sundry.m */; };
		B094497F1F4D30DD00B2B33B /* Sundry.m in Sources */ = {isa = PBXBuildFile; fileRef = B09449741F4D30DD00B2B33B /* Sundry.m */; };
		B09449801F4D30DD00B2B33B /* Sundry.m in Sources */ = {isa = PBXBuildFile; fileRef = B09449741F4D30DD00B2B33B /* Sundry.m */; };
		B09449841F4D314200B2B33B /* UIScrollView+FYScrollView.m in Sources */ = {isa = PBXBuildFile; fileRef = B09449821F4D314200B2B33B /* UIScrollView+FYScrollView.m */; };
		B09449851F4D314200B2B33B /* UIScrollView+FYScrollView.m in Sources */ = {isa = PBXBuildFile; fileRef = B09449821F4D314200B2B33B /* UIScrollView+FYScrollView.m */; };
		B09449861F4D314200B2B33B /* UIScrollView+FYScrollView.m in Sources */ = {isa = PBXBuildFile; fileRef = B09449821F4D314200B2B33B /* UIScrollView+FYScrollView.m */; };
		B09449871F4D314200B2B33B /* UIScrollViewDoc.m in Sources */ = {isa = PBXBuildFile; fileRef = B09449831F4D314200B2B33B /* UIScrollViewDoc.m */; };
		B09449881F4D314200B2B33B /* UIScrollViewDoc.m in Sources */ = {isa = PBXBuildFile; fileRef = B09449831F4D314200B2B33B /* UIScrollViewDoc.m */; };
		B09449891F4D314200B2B33B /* UIScrollViewDoc.m in Sources */ = {isa = PBXBuildFile; fileRef = B09449831F4D314200B2B33B /* UIScrollViewDoc.m */; };
		B094498C1F4D323B00B2B33B /* FYString.m in Sources */ = {isa = PBXBuildFile; fileRef = B094498B1F4D323B00B2B33B /* FYString.m */; };
		B094498D1F4D323B00B2B33B /* FYString.m in Sources */ = {isa = PBXBuildFile; fileRef = B094498B1F4D323B00B2B33B /* FYString.m */; };
		B094498E1F4D323B00B2B33B /* FYString.m in Sources */ = {isa = PBXBuildFile; fileRef = B094498B1F4D323B00B2B33B /* FYString.m */; };
		B09449941F4D32B300B2B33B /* FYTabBar.plist in Resources */ = {isa = PBXBuildFile; fileRef = B094498F1F4D32B300B2B33B /* FYTabBar.plist */; };
		B09449951F4D32B300B2B33B /* FYTabBar.plist in Resources */ = {isa = PBXBuildFile; fileRef = B094498F1F4D32B300B2B33B /* FYTabBar.plist */; };
		B09449961F4D32B300B2B33B /* FYTabBar.plist in Resources */ = {isa = PBXBuildFile; fileRef = B094498F1F4D32B300B2B33B /* FYTabBar.plist */; };
		B09449971F4D32B300B2B33B /* FYTabBarController.m in Sources */ = {isa = PBXBuildFile; fileRef = B09449911F4D32B300B2B33B /* FYTabBarController.m */; };
		B09449981F4D32B300B2B33B /* FYTabBarController.m in Sources */ = {isa = PBXBuildFile; fileRef = B09449911F4D32B300B2B33B /* FYTabBarController.m */; };
		B09449991F4D32B300B2B33B /* FYTabBarController.m in Sources */ = {isa = PBXBuildFile; fileRef = B09449911F4D32B300B2B33B /* FYTabBarController.m */; };
		B094499A1F4D32B300B2B33B /* UITabBarController+FYTabBarController.m in Sources */ = {isa = PBXBuildFile; fileRef = B09449931F4D32B300B2B33B /* UITabBarController+FYTabBarController.m */; };
		B094499B1F4D32B300B2B33B /* UITabBarController+FYTabBarController.m in Sources */ = {isa = PBXBuildFile; fileRef = B09449931F4D32B300B2B33B /* UITabBarController+FYTabBarController.m */; };
		B094499C1F4D32B300B2B33B /* UITabBarController+FYTabBarController.m in Sources */ = {isa = PBXBuildFile; fileRef = B09449931F4D32B300B2B33B /* UITabBarController+FYTabBarController.m */; };
		B09449A01F4D350800B2B33B /* UIViewController+FYViewController.m in Sources */ = {isa = PBXBuildFile; fileRef = B094499E1F4D350800B2B33B /* UIViewController+FYViewController.m */; };
		B09449A11F4D350800B2B33B /* UIViewController+FYViewController.m in Sources */ = {isa = PBXBuildFile; fileRef = B094499E1F4D350800B2B33B /* UIViewController+FYViewController.m */; };
		B09449A21F4D350800B2B33B /* UIViewController+FYViewController.m in Sources */ = {isa = PBXBuildFile; fileRef = B094499E1F4D350800B2B33B /* UIViewController+FYViewController.m */; };
		B09449A31F4D350800B2B33B /* UIViewControllerDoc.m in Sources */ = {isa = PBXBuildFile; fileRef = B094499F1F4D350800B2B33B /* UIViewControllerDoc.m */; };
		B09449A41F4D350800B2B33B /* UIViewControllerDoc.m in Sources */ = {isa = PBXBuildFile; fileRef = B094499F1F4D350800B2B33B /* UIViewControllerDoc.m */; };
		B09449A51F4D350800B2B33B /* UIViewControllerDoc.m in Sources */ = {isa = PBXBuildFile; fileRef = B094499F1F4D350800B2B33B /* UIViewControllerDoc.m */; };
		B09449AA1F4D358D00B2B33B /* FYSocket.m in Sources */ = {isa = PBXBuildFile; fileRef = B09449A71F4D358D00B2B33B /* FYSocket.m */; };
		B09449AB1F4D358D00B2B33B /* FYSocket.m in Sources */ = {isa = PBXBuildFile; fileRef = B09449A71F4D358D00B2B33B /* FYSocket.m */; };
		B09449AC1F4D358D00B2B33B /* FYSocket.m in Sources */ = {isa = PBXBuildFile; fileRef = B09449A71F4D358D00B2B33B /* FYSocket.m */; };
		B09449AD1F4D358D00B2B33B /* NSURLRequest+FYURLRequest.m in Sources */ = {isa = PBXBuildFile; fileRef = B09449A91F4D358D00B2B33B /* NSURLRequest+FYURLRequest.m */; };
		B09449AE1F4D358D00B2B33B /* NSURLRequest+FYURLRequest.m in Sources */ = {isa = PBXBuildFile; fileRef = B09449A91F4D358D00B2B33B /* NSURLRequest+FYURLRequest.m */; };
		B09449AF1F4D358D00B2B33B /* NSURLRequest+FYURLRequest.m in Sources */ = {isa = PBXBuildFile; fileRef = B09449A91F4D358D00B2B33B /* NSURLRequest+FYURLRequest.m */; };
/* End PBXBuildFile section */

/* Begin PBXContainerItemProxy section */
		B06313ED1F4C16EC003EC043 /* PBXContainerItemProxy */ = {
			isa = PBXContainerItemProxy;
			containerPortal = B06313C81F4C16EC003EC043 /* Project object */;
			proxyType = 1;
			remoteGlobalIDString = B06313CF1F4C16EC003EC043;
			remoteInfo = FYAPP;
		};
		B06313F81F4C16EC003EC043 /* PBXContainerItemProxy */ = {
			isa = PBXContainerItemProxy;
			containerPortal = B06313C81F4C16EC003EC043 /* Project object */;
			proxyType = 1;
			remoteGlobalIDString = B06313CF1F4C16EC003EC043;
			remoteInfo = FYAPP;
		};
/* End PBXContainerItemProxy section */

/* Begin PBXFileReference section */
		1BD829D2C364DCCB3DF6F3DF /* Pods-FYAPP.release.xcconfig */ = {isa = PBXFileReference; includeInIndex = 1; lastKnownFileType = text.xcconfig; name = "Pods-FYAPP.release.xcconfig"; path = "Pods/Target Support Files/Pods-FYAPP/Pods-FYAPP.release.xcconfig"; sourceTree = "<group>"; };
		1D250B77417A43A48F10761B /* libPods-FYAPPUITests.a */ = {isa = PBXFileReference; explicitFileType = archive.ar; includeInIndex = 0; path = "libPods-FYAPPUITests.a"; sourceTree = BUILT_PRODUCTS_DIR; };
		4D6E642FFFA302FA30C0BB37 /* Pods-FYAPP.debug.xcconfig */ = {isa = PBXFileReference; includeInIndex = 1; lastKnownFileType = text.xcconfig; name = "Pods-FYAPP.debug.xcconfig"; path = "Pods/Target Support Files/Pods-FYAPP/Pods-FYAPP.debug.xcconfig"; sourceTree = "<group>"; };
		584A160BC7A7832DFD64B4DD /* libPods-FYAPPTests.a */ = {isa = PBXFileReference; explicitFileType = archive.ar; includeInIndex = 0; path = "libPods-FYAPPTests.a"; sourceTree = BUILT_PRODUCTS_DIR; };
		6D9BF96DB6F611C45FCBE6A4 /* Pods-FYAPPTests.debug.xcconfig */ = {isa = PBXFileReference; includeInIndex = 1; lastKnownFileType = text.xcconfig; name = "Pods-FYAPPTests.debug.xcconfig"; path = "Pods/Target Support Files/Pods-FYAPPTests/Pods-FYAPPTests.debug.xcconfig"; sourceTree = "<group>"; };
		8A81F14BDD0965F5675417CB /* Pods-FYAPPUITests.release.xcconfig */ = {isa = PBXFileReference; includeInIndex = 1; lastKnownFileType = text.xcconfig; name = "Pods-FYAPPUITests.release.xcconfig"; path = "Pods/Target Support Files/Pods-FYAPPUITests/Pods-FYAPPUITests.release.xcconfig"; sourceTree = "<group>"; };
		AF48B97B80E44FC8AF0A5D2B /* Pods-FYAPPUITests.debug.xcconfig */ = {isa = PBXFileReference; includeInIndex = 1; lastKnownFileType = text.xcconfig; name = "Pods-FYAPPUITests.debug.xcconfig"; path = "Pods/Target Support Files/Pods-FYAPPUITests/Pods-FYAPPUITests.debug.xcconfig"; sourceTree = "<group>"; };
		B06313D01F4C16EC003EC043 /* FYAPP.app */ = {isa = PBXFileReference; explicitFileType = wrapper.application; includeInIndex = 0; path = FYAPP.app; sourceTree = BUILT_PRODUCTS_DIR; };
		B06313D41F4C16EC003EC043 /* main.m */ = {isa = PBXFileReference; lastKnownFileType = sourcecode.c.objc; path = main.m; sourceTree = "<group>"; };
		B06313D61F4C16EC003EC043 /* AppDelegate.h */ = {isa = PBXFileReference; lastKnownFileType = sourcecode.c.h; path = AppDelegate.h; sourceTree = "<group>"; };
		B06313D71F4C16EC003EC043 /* AppDelegate.m */ = {isa = PBXFileReference; lastKnownFileType = sourcecode.c.objc; path = AppDelegate.m; sourceTree = "<group>"; };
		B06313D91F4C16EC003EC043 /* ViewController.h */ = {isa = PBXFileReference; lastKnownFileType = sourcecode.c.h; path = ViewController.h; sourceTree = "<group>"; };
		B06313DA1F4C16EC003EC043 /* ViewController.m */ = {isa = PBXFileReference; lastKnownFileType = sourcecode.c.objc; path = ViewController.m; sourceTree = "<group>"; };
		B06313DD1F4C16EC003EC043 /* Base */ = {isa = PBXFileReference; lastKnownFileType = file.storyboard; name = Base; path = Base.lproj/Main.storyboard; sourceTree = "<group>"; };
		B06313E01F4C16EC003EC043 /* FYAPP.xcdatamodel */ = {isa = PBXFileReference; lastKnownFileType = wrapper.xcdatamodel; path = FYAPP.xcdatamodel; sourceTree = "<group>"; };
		B06313E21F4C16EC003EC043 /* Assets.xcassets */ = {isa = PBXFileReference; lastKnownFileType = folder.assetcatalog; path = Assets.xcassets; sourceTree = "<group>"; };
		B06313E51F4C16EC003EC043 /* Base */ = {isa = PBXFileReference; lastKnownFileType = file.storyboard; name = Base; path = Base.lproj/LaunchScreen.storyboard; sourceTree = "<group>"; };
		B06313E71F4C16EC003EC043 /* Info.plist */ = {isa = PBXFileReference; lastKnownFileType = text.plist.xml; path = Info.plist; sourceTree = "<group>"; };
		B06313EC1F4C16EC003EC043 /* FYAPPTests.xctest */ = {isa = PBXFileReference; explicitFileType = wrapper.cfbundle; includeInIndex = 0; path = FYAPPTests.xctest; sourceTree = BUILT_PRODUCTS_DIR; };
		B06313F01F4C16EC003EC043 /* FYAPPTests.m */ = {isa = PBXFileReference; lastKnownFileType = sourcecode.c.objc; path = FYAPPTests.m; sourceTree = "<group>"; };
		B06313F21F4C16EC003EC043 /* Info.plist */ = {isa = PBXFileReference; lastKnownFileType = text.plist.xml; path = Info.plist; sourceTree = "<group>"; };
		B06313F71F4C16EC003EC043 /* FYAPPUITests.xctest */ = {isa = PBXFileReference; explicitFileType = wrapper.cfbundle; includeInIndex = 0; path = FYAPPUITests.xctest; sourceTree = BUILT_PRODUCTS_DIR; };
		B06313FB1F4C16EC003EC043 /* FYAPPUITests.m */ = {isa = PBXFileReference; lastKnownFileType = sourcecode.c.objc; path = FYAPPUITests.m; sourceTree = "<group>"; };
		B06313FD1F4C16ED003EC043 /* Info.plist */ = {isa = PBXFileReference; lastKnownFileType = text.plist.xml; path = Info.plist; sourceTree = "<group>"; };
		B094489E1F4D1C0800B2B33B /* FYAPP.h */ = {isa = PBXFileReference; fileEncoding = 4; lastKnownFileType = sourcecode.c.h; path = FYAPP.h; sourceTree = "<group>"; };
		B094489F1F4D1D1500B2B33B /* FYAPP.pch */ = {isa = PBXFileReference; fileEncoding = 4; lastKnownFileType = sourcecode.c.h; path = FYAPP.pch; sourceTree = "<group>"; };
		B09448B91F4D200000B2B33B /* FYAutoLayout.h */ = {isa = PBXFileReference; fileEncoding = 4; lastKnownFileType = sourcecode.c.h; path = FYAutoLayout.h; sourceTree = "<group>"; };
		B09448BA1F4D200000B2B33B /* FYCompositeConstraint.h */ = {isa = PBXFileReference; fileEncoding = 4; lastKnownFileType = sourcecode.c.h; path = FYCompositeConstraint.h; sourceTree = "<group>"; };
		B09448BB1F4D200000B2B33B /* FYCompositeConstraint.m */ = {isa = PBXFileReference; fileEncoding = 4; lastKnownFileType = sourcecode.c.objc; path = FYCompositeConstraint.m; sourceTree = "<group>"; };
		B09448BC1F4D200000B2B33B /* FYConstraint.h */ = {isa = PBXFileReference; fileEncoding = 4; lastKnownFileType = sourcecode.c.h; path = FYConstraint.h; sourceTree = "<group>"; };
		B09448BD1F4D200000B2B33B /* FYConstraint.m */ = {isa = PBXFileReference; fileEncoding = 4; lastKnownFileType = sourcecode.c.objc; path = FYConstraint.m; sourceTree = "<group>"; };
		B09448BE1F4D200000B2B33B /* FYConstraint+Private.h */ = {isa = PBXFileReference; fileEncoding = 4; lastKnownFileType = sourcecode.c.h; path = "FYConstraint+Private.h"; sourceTree = "<group>"; };
		B09448BF1F4D200000B2B33B /* FYConstraintMaker.h */ = {isa = PBXFileReference; fileEncoding = 4; lastKnownFileType = sourcecode.c.h; path = FYConstraintMaker.h; sourceTree = "<group>"; };
		B09448C01F4D200000B2B33B /* FYConstraintMaker.m */ = {isa = PBXFileReference; fileEncoding = 4; lastKnownFileType = sourcecode.c.objc; path = FYConstraintMaker.m; sourceTree = "<group>"; };
		B09448C11F4D200000B2B33B /* FYLayoutConstraint.h */ = {isa = PBXFileReference; fileEncoding = 4; lastKnownFileType = sourcecode.c.h; path = FYLayoutConstraint.h; sourceTree = "<group>"; };
		B09448C21F4D200000B2B33B /* FYLayoutConstraint.m */ = {isa = PBXFileReference; fileEncoding = 4; lastKnownFileType = sourcecode.c.objc; path = FYLayoutConstraint.m; sourceTree = "<group>"; };
		B09448C31F4D200000B2B33B /* FYUtilities.h */ = {isa = PBXFileReference; fileEncoding = 4; lastKnownFileType = sourcecode.c.h; path = FYUtilities.h; sourceTree = "<group>"; };
		B09448C41F4D200000B2B33B /* FYViewAttribute.h */ = {isa = PBXFileReference; fileEncoding = 4; lastKnownFileType = sourcecode.c.h; path = FYViewAttribute.h; sourceTree = "<group>"; };
		B09448C51F4D200000B2B33B /* FYViewAttribute.m */ = {isa = PBXFileReference; fileEncoding = 4; lastKnownFileType = sourcecode.c.objc; path = FYViewAttribute.m; sourceTree = "<group>"; };
		B09448C61F4D200000B2B33B /* FYViewConstraint.h */ = {isa = PBXFileReference; fileEncoding = 4; lastKnownFileType = sourcecode.c.h; path = FYViewConstraint.h; sourceTree = "<group>"; };
		B09448C71F4D200000B2B33B /* FYViewConstraint.m */ = {isa = PBXFileReference; fileEncoding = 4; lastKnownFileType = sourcecode.c.objc; path = FYViewConstraint.m; sourceTree = "<group>"; };
		B09448C81F4D200000B2B33B /* NSArray+FYAdditions.h */ = {isa = PBXFileReference; fileEncoding = 4; lastKnownFileType = sourcecode.c.h; path = "NSArray+FYAdditions.h"; sourceTree = "<group>"; };
		B09448C91F4D200000B2B33B /* NSArray+FYAdditions.m */ = {isa = PBXFileReference; fileEncoding = 4; lastKnownFileType = sourcecode.c.objc; path = "NSArray+FYAdditions.m"; sourceTree = "<group>"; };
		B09448CA1F4D200000B2B33B /* NSLayoutConstraint+FYDebugAdditions.h */ = {isa = PBXFileReference; fileEncoding = 4; lastKnownFileType = sourcecode.c.h; path = "NSLayoutConstraint+FYDebugAdditions.h"; sourceTree = "<group>"; };
		B09448CB1F4D200000B2B33B /* NSLayoutConstraint+FYDebugAdditions.m */ = {isa = PBXFileReference; fileEncoding = 4; lastKnownFileType = sourcecode.c.objc; path = "NSLayoutConstraint+FYDebugAdditions.m"; sourceTree = "<group>"; };
		B09448CC1F4D200000B2B33B /* View+FYAdditions.h */ = {isa = PBXFileReference; fileEncoding = 4; lastKnownFileType = sourcecode.c.h; path = "View+FYAdditions.h"; sourceTree = "<group>"; };
		B09448CD1F4D200000B2B33B /* View+FYAdditions.m */ = {isa = PBXFileReference; fileEncoding = 4; lastKnownFileType = sourcecode.c.objc; path = "View+FYAdditions.m"; sourceTree = "<group>"; };
		B09448CE1F4D200000B2B33B /* ViewController+FYAdditions.h */ = {isa = PBXFileReference; fileEncoding = 4; lastKnownFileType = sourcecode.c.h; path = "ViewController+FYAdditions.h"; sourceTree = "<group>"; };
		B09448CF1F4D200000B2B33B /* ViewController+FYAdditions.m */ = {isa = PBXFileReference; fileEncoding = 4; lastKnownFileType = sourcecode.c.objc; path = "ViewController+FYAdditions.m"; sourceTree = "<group>"; };
		B09448EE1F4D208E00B2B33B /* NSObject+Runtime.h */ = {isa = PBXFileReference; fileEncoding = 4; lastKnownFileType = sourcecode.c.h; path = "NSObject+Runtime.h"; sourceTree = "<group>"; };
		B09448EF1F4D208E00B2B33B /* NSObject+Runtime.m */ = {isa = PBXFileReference; fileEncoding = 4; lastKnownFileType = sourcecode.c.objc; path = "NSObject+Runtime.m"; sourceTree = "<group>"; };
		B09448F31F4D21F300B2B33B /* FYNetworking.h */ = {isa = PBXFileReference; fileEncoding = 4; lastKnownFileType = sourcecode.c.h; path = FYNetworking.h; sourceTree = "<group>"; };
		B09448F41F4D21F300B2B33B /* FYNetworking.m */ = {isa = PBXFileReference; fileEncoding = 4; lastKnownFileType = sourcecode.c.objc; path = FYNetworking.m; sourceTree = "<group>"; };
		B09448F81F4D245B00B2B33B /* UICollectionView+FYCollectionView.h */ = {isa = PBXFileReference; fileEncoding = 4; lastKnownFileType = sourcecode.c.h; path = "UICollectionView+FYCollectionView.h"; sourceTree = "<group>"; };
		B09448F91F4D245B00B2B33B /* UICollectionView+FYCollectionView.m */ = {isa = PBXFileReference; fileEncoding = 4; lastKnownFileType = sourcecode.c.objc; path = "UICollectionView+FYCollectionView.m"; sourceTree = "<group>"; };
		B09448FD1F4D254B00B2B33B /* FY_Define.h */ = {isa = PBXFileReference; fileEncoding = 4; lastKnownFileType = sourcecode.c.h; path = FY_Define.h; sourceTree = "<group>"; };
		B09448FE1F4D258200B2B33B /* FY_Enum.h */ = {isa = PBXFileReference; fileEncoding = 4; lastKnownFileType = sourcecode.c.h; path = FY_Enum.h; sourceTree = "<group>"; };
		B09448FF1F4D25CC00B2B33B /* FYSingle.h */ = {isa = PBXFileReference; fileEncoding = 4; lastKnownFileType = sourcecode.c.h; path = FYSingle.h; sourceTree = "<group>"; };
		B09449001F4D25CC00B2B33B /* FYSingle.m */ = {isa = PBXFileReference; fileEncoding = 4; lastKnownFileType = sourcecode.c.objc; path = FYSingle.m; sourceTree = "<group>"; };
		B09449041F4D265400B2B33B /* FYTools.h */ = {isa = PBXFileReference; fileEncoding = 4; lastKnownFileType = sourcecode.c.h; path = FYTools.h; sourceTree = "<group>"; };
		B09449051F4D265400B2B33B /* FYTools.m */ = {isa = PBXFileReference; fileEncoding = 4; lastKnownFileType = sourcecode.c.objc; path = FYTools.m; sourceTree = "<group>"; };
		B09449091F4D26E400B2B33B /* NSObject+FYNotificationCenter.h */ = {isa = PBXFileReference; fileEncoding = 4; lastKnownFileType = sourcecode.c.h; path = "NSObject+FYNotificationCenter.h"; sourceTree = "<group>"; };
		B094490A1F4D26E400B2B33B /* NSObject+FYNotificationCenter.m */ = {isa = PBXFileReference; fileEncoding = 4; lastKnownFileType = sourcecode.c.objc; path = "NSObject+FYNotificationCenter.m"; sourceTree = "<group>"; };
		B094490E1F4D274000B2B33B /* UIAlertController+FYAlertController.h */ = {isa = PBXFileReference; fileEncoding = 4; lastKnownFileType = sourcecode.c.h; path = "UIAlertController+FYAlertController.h"; sourceTree = "<group>"; };
		B094490F1F4D274000B2B33B /* UIAlertController+FYAlertController.m */ = {isa = PBXFileReference; fileEncoding = 4; lastKnownFileType = sourcecode.c.objc; path = "UIAlertController+FYAlertController.m"; sourceTree = "<group>"; };
		B09449131F4D28FF00B2B33B /* NSURL+FYURL.h */ = {isa = PBXFileReference; fileEncoding = 4; lastKnownFileType = sourcecode.c.h; path = "NSURL+FYURL.h"; sourceTree = "<group>"; };
		B09449141F4D28FF00B2B33B /* NSURL+FYURL.m */ = {isa = PBXFileReference; fileEncoding = 4; lastKnownFileType = sourcecode.c.objc; path = "NSURL+FYURL.m"; sourceTree = "<group>"; };
		B09449181F4D2A3500B2B33B /* UICollectionViewDoc.m */ = {isa = PBXFileReference; fileEncoding = 4; lastKnownFileType = sourcecode.c.objc; path = UICollectionViewDoc.m; sourceTree = "<group>"; };
		B094491C1F4D2A5300B2B33B /* UICollectionViewFlowLayout+FYCollectionViewFlowLayout.h */ = {isa = PBXFileReference; fileEncoding = 4; lastKnownFileType = sourcecode.c.h; path = "UICollectionViewFlowLayout+FYCollectionViewFlowLayout.h"; sourceTree = "<group>"; };
		B094491D1F4D2A5300B2B33B /* UICollectionViewFlowLayout+FYCollectionViewFlowLayout.m */ = {isa = PBXFileReference; fileEncoding = 4; lastKnownFileType = sourcecode.c.objc; path = "UICollectionViewFlowLayout+FYCollectionViewFlowLayout.m"; sourceTree = "<group>"; };
		B09449211F4D2B2400B2B33B /* FYButton.h */ = {isa = PBXFileReference; fileEncoding = 4; lastKnownFileType = sourcecode.c.h; path = FYButton.h; sourceTree = "<group>"; };
		B09449221F4D2B2400B2B33B /* FYButton.m */ = {isa = PBXFileReference; fileEncoding = 4; lastKnownFileType = sourcecode.c.objc; path = FYButton.m; sourceTree = "<group>"; };
		B09449261F4D2BD900B2B33B /* UIButton+FYButton.h */ = {isa = PBXFileReference; fileEncoding = 4; lastKnownFileType = sourcecode.c.h; path = "UIButton+FYButton.h"; sourceTree = "<group>"; };
		B09449271F4D2BD900B2B33B /* UIButton+FYButton.m */ = {isa = PBXFileReference; fileEncoding = 4; lastKnownFileType = sourcecode.c.objc; path = "UIButton+FYButton.m"; sourceTree = "<group>"; };
		B09449281F4D2BD900B2B33B /* UIColor+FYColor.h */ = {isa = PBXFileReference; fileEncoding = 4; lastKnownFileType = sourcecode.c.h; path = "UIColor+FYColor.h"; sourceTree = "<group>"; };
		B09449291F4D2BD900B2B33B /* UIColor+FYColor.m */ = {isa = PBXFileReference; fileEncoding = 4; lastKnownFileType = sourcecode.c.objc; path = "UIColor+FYColor.m"; sourceTree = "<group>"; };
		B094492A1F4D2BD900B2B33B /* UIImage+FYImage.h */ = {isa = PBXFileReference; fileEncoding = 4; lastKnownFileType = sourcecode.c.h; path = "UIImage+FYImage.h"; sourceTree = "<group>"; };
		B094492B1F4D2BD900B2B33B /* UIImage+FYImage.m */ = {isa = PBXFileReference; fileEncoding = 4; lastKnownFileType = sourcecode.c.objc; path = "UIImage+FYImage.m"; sourceTree = "<group>"; };
		B094492C1F4D2BD900B2B33B /* UILabel+FYLabel.h */ = {isa = PBXFileReference; fileEncoding = 4; lastKnownFileType = sourcecode.c.h; path = "UILabel+FYLabel.h"; sourceTree = "<group>"; };
		B094492D1F4D2BD900B2B33B /* UILabel+FYLabel.m */ = {isa = PBXFileReference; fileEncoding = 4; lastKnownFileType = sourcecode.c.objc; path = "UILabel+FYLabel.m"; sourceTree = "<group>"; };
		B094492E1F4D2BD900B2B33B /* UIScreen+FYScreen.h */ = {isa = PBXFileReference; fileEncoding = 4; lastKnownFileType = sourcecode.c.h; path = "UIScreen+FYScreen.h"; sourceTree = "<group>"; };
		B094492F1F4D2BD900B2B33B /* UIScreen+FYScreen.m */ = {isa = PBXFileReference; fileEncoding = 4; lastKnownFileType = sourcecode.c.objc; path = "UIScreen+FYScreen.m"; sourceTree = "<group>"; };
		B09449301F4D2BD900B2B33B /* UITextField+FYTextField.h */ = {isa = PBXFileReference; fileEncoding = 4; lastKnownFileType = sourcecode.c.h; path = "UITextField+FYTextField.h"; sourceTree = "<group>"; };
		B09449311F4D2BD900B2B33B /* UITextField+FYTextField.m */ = {isa = PBXFileReference; fileEncoding = 4; lastKnownFileType = sourcecode.c.objc; path = "UITextField+FYTextField.m"; sourceTree = "<group>"; };
		B09449441F4D2D0B00B2B33B /* BlockDoc.h */ = {isa = PBXFileReference; fileEncoding = 4; lastKnownFileType = sourcecode.c.h; path = BlockDoc.h; sourceTree = "<group>"; };
		B09449451F4D2D7000B2B33B /* NSString+hash.h */ = {isa = PBXFileReference; fileEncoding = 4; lastKnownFileType = sourcecode.c.h; path = "NSString+hash.h"; sourceTree = "<group>"; };
		B09449461F4D2D7000B2B33B /* NSString+hash.m */ = {isa = PBXFileReference; fileEncoding = 4; lastKnownFileType = sourcecode.c.objc; path = "NSString+hash.m"; sourceTree = "<group>"; };
		B094494A1F4D2DB300B2B33B /* FYGCD.h */ = {isa = PBXFileReference; fileEncoding = 4; lastKnownFileType = sourcecode.c.h; path = FYGCD.h; sourceTree = "<group>"; };
		B094494B1F4D2DB300B2B33B /* FYGCD.m */ = {isa = PBXFileReference; fileEncoding = 4; lastKnownFileType = sourcecode.c.objc; path = FYGCD.m; sourceTree = "<group>"; };
		B094494F1F4D2ED100B2B33B /* FYGCDDoc.m */ = {isa = PBXFileReference; fileEncoding = 4; lastKnownFileType = sourcecode.c.objc; path = FYGCDDoc.m; sourceTree = "<group>"; };
		B09449531F4D2FF200B2B33B /* FYClassInfo.h */ = {isa = PBXFileReference; fileEncoding = 4; lastKnownFileType = sourcecode.c.h; path = FYClassInfo.h; sourceTree = "<group>"; };
		B09449541F4D2FF200B2B33B /* FYClassInfo.m */ = {isa = PBXFileReference; fileEncoding = 4; lastKnownFileType = sourcecode.c.objc; path = FYClassInfo.m; sourceTree = "<group>"; };
		B09449551F4D2FF200B2B33B /* FYModel.h */ = {isa = PBXFileReference; fileEncoding = 4; lastKnownFileType = sourcecode.c.h; path = FYModel.h; sourceTree = "<group>"; };
		B09449561F4D2FF200B2B33B /* FYModel.m */ = {isa = PBXFileReference; fileEncoding = 4; lastKnownFileType = sourcecode.c.objc; path = FYModel.m; sourceTree = "<group>"; };
		B09449571F4D2FF200B2B33B /* NSArray+FYArray.h */ = {isa = PBXFileReference; fileEncoding = 4; lastKnownFileType = sourcecode.c.h; path = "NSArray+FYArray.h"; sourceTree = "<group>"; };
		B09449581F4D2FF200B2B33B /* NSArray+FYArray.m */ = {isa = PBXFileReference; fileEncoding = 4; lastKnownFileType = sourcecode.c.objc; path = "NSArray+FYArray.m"; sourceTree = "<group>"; };
		B09449591F4D2FF200B2B33B /* NSObject+FYArray.h */ = {isa = PBXFileReference; fileEncoding = 4; lastKnownFileType = sourcecode.c.h; path = "NSObject+FYArray.h"; sourceTree = "<group>"; };
		B094495A1F4D2FF200B2B33B /* NSObject+FYArray.m */ = {isa = PBXFileReference; fileEncoding = 4; lastKnownFileType = sourcecode.c.objc; path = "NSObject+FYArray.m"; sourceTree = "<group>"; };
		B094495B1F4D2FF200B2B33B /* NSObject+FYModel.h */ = {isa = PBXFileReference; fileEncoding = 4; lastKnownFileType = sourcecode.c.h; path = "NSObject+FYModel.h"; sourceTree = "<group>"; };
		B094495C1F4D2FF200B2B33B /* NSObject+FYModel.m */ = {isa = PBXFileReference; fileEncoding = 4; lastKnownFileType = sourcecode.c.objc; path = "NSObject+FYModel.m"; sourceTree = "<group>"; };
		B094496C1F4D308200B2B33B /* UINavigationController+FYNavigationController.h */ = {isa = PBXFileReference; fileEncoding = 4; lastKnownFileType = sourcecode.c.h; path = "UINavigationController+FYNavigationController.h"; sourceTree = "<group>"; };
		B094496D1F4D308200B2B33B /* UINavigationController+FYNavigationController.m */ = {isa = PBXFileReference; fileEncoding = 4; lastKnownFileType = sourcecode.c.objc; path = "UINavigationController+FYNavigationController.m"; sourceTree = "<group>"; };
		B09449711F4D30DD00B2B33B /* FileManger.m */ = {isa = PBXFileReference; fileEncoding = 4; lastKnownFileType = sourcecode.c.objc; path = FileManger.m; sourceTree = "<group>"; };
		B09449721F4D30DD00B2B33B /* KVC.m */ = {isa = PBXFileReference; fileEncoding = 4; lastKnownFileType = sourcecode.c.objc; path = KVC.m; sourceTree = "<group>"; };
		B09449731F4D30DD00B2B33B /* StringArrayDictionary.m */ = {isa = PBXFileReference; fileEncoding = 4; lastKnownFileType = sourcecode.c.objc; path = StringArrayDictionary.m; sourceTree = "<group>"; };
		B09449741F4D30DD00B2B33B /* Sundry.m */ = {isa = PBXFileReference; fileEncoding = 4; lastKnownFileType = sourcecode.c.objc; path = Sundry.m; sourceTree = "<group>"; };
		B09449811F4D314200B2B33B /* UIScrollView+FYScrollView.h */ = {isa = PBXFileReference; fileEncoding = 4; lastKnownFileType = sourcecode.c.h; path = "UIScrollView+FYScrollView.h"; sourceTree = "<group>"; };
		B09449821F4D314200B2B33B /* UIScrollView+FYScrollView.m */ = {isa = PBXFileReference; fileEncoding = 4; lastKnownFileType = sourcecode.c.objc; path = "UIScrollView+FYScrollView.m"; sourceTree = "<group>"; };
		B09449831F4D314200B2B33B /* UIScrollViewDoc.m */ = {isa = PBXFileReference; fileEncoding = 4; lastKnownFileType = sourcecode.c.objc; path = UIScrollViewDoc.m; sourceTree = "<group>"; };
		B094498A1F4D323B00B2B33B /* FYString.h */ = {isa = PBXFileReference; fileEncoding = 4; lastKnownFileType = sourcecode.c.h; path = FYString.h; sourceTree = "<group>"; };
		B094498B1F4D323B00B2B33B /* FYString.m */ = {isa = PBXFileReference; fileEncoding = 4; lastKnownFileType = sourcecode.c.objc; path = FYString.m; sourceTree = "<group>"; };
		B094498F1F4D32B300B2B33B /* FYTabBar.plist */ = {isa = PBXFileReference; fileEncoding = 4; lastKnownFileType = text.plist.xml; path = FYTabBar.plist; sourceTree = "<group>"; };
		B09449901F4D32B300B2B33B /* FYTabBarController.h */ = {isa = PBXFileReference; fileEncoding = 4; lastKnownFileType = sourcecode.c.h; path = FYTabBarController.h; sourceTree = "<group>"; };
		B09449911F4D32B300B2B33B /* FYTabBarController.m */ = {isa = PBXFileReference; fileEncoding = 4; lastKnownFileType = sourcecode.c.objc; path = FYTabBarController.m; sourceTree = "<group>"; };
		B09449921F4D32B300B2B33B /* UITabBarController+FYTabBarController.h */ = {isa = PBXFileReference; fileEncoding = 4; lastKnownFileType = sourcecode.c.h; path = "UITabBarController+FYTabBarController.h"; sourceTree = "<group>"; };
		B09449931F4D32B300B2B33B /* UITabBarController+FYTabBarController.m */ = {isa = PBXFileReference; fileEncoding = 4; lastKnownFileType = sourcecode.c.objc; path = "UITabBarController+FYTabBarController.m"; sourceTree = "<group>"; };
		B094499D1F4D350800B2B33B /* UIViewController+FYViewController.h */ = {isa = PBXFileReference; fileEncoding = 4; lastKnownFileType = sourcecode.c.h; path = "UIViewController+FYViewController.h"; sourceTree = "<group>"; };
		B094499E1F4D350800B2B33B /* UIViewController+FYViewController.m */ = {isa = PBXFileReference; fileEncoding = 4; lastKnownFileType = sourcecode.c.objc; path = "UIViewController+FYViewController.m"; sourceTree = "<group>"; };
		B094499F1F4D350800B2B33B /* UIViewControllerDoc.m */ = {isa = PBXFileReference; fileEncoding = 4; lastKnownFileType = sourcecode.c.objc; path = UIViewControllerDoc.m; sourceTree = "<group>"; };
		B09449A61F4D358D00B2B33B /* FYSocket.h */ = {isa = PBXFileReference; fileEncoding = 4; lastKnownFileType = sourcecode.c.h; path = FYSocket.h; sourceTree = "<group>"; };
		B09449A71F4D358D00B2B33B /* FYSocket.m */ = {isa = PBXFileReference; fileEncoding = 4; lastKnownFileType = sourcecode.c.objc; path = FYSocket.m; sourceTree = "<group>"; };
		B09449A81F4D358D00B2B33B /* NSURLRequest+FYURLRequest.h */ = {isa = PBXFileReference; fileEncoding = 4; lastKnownFileType = sourcecode.c.h; path = "NSURLRequest+FYURLRequest.h"; sourceTree = "<group>"; };
		B09449A91F4D358D00B2B33B /* NSURLRequest+FYURLRequest.m */ = {isa = PBXFileReference; fileEncoding = 4; lastKnownFileType = sourcecode.c.objc; path = "NSURLRequest+FYURLRequest.m"; sourceTree = "<group>"; };
		D5D3CFD73B7732B43BED3E93 /* libPods-FYAPP.a */ = {isa = PBXFileReference; explicitFileType = archive.ar; includeInIndex = 0; path = "libPods-FYAPP.a"; sourceTree = BUILT_PRODUCTS_DIR; };
		EDBFA83BBEDA639C1E59F9AF /* Pods-FYAPPTests.release.xcconfig */ = {isa = PBXFileReference; includeInIndex = 1; lastKnownFileType = text.xcconfig; name = "Pods-FYAPPTests.release.xcconfig"; path = "Pods/Target Support Files/Pods-FYAPPTests/Pods-FYAPPTests.release.xcconfig"; sourceTree = "<group>"; };
/* End PBXFileReference section */

/* Begin PBXFrameworksBuildPhase section */
		B06313CD1F4C16EC003EC043 /* Frameworks */ = {
			isa = PBXFrameworksBuildPhase;
			buildActionMask = 2147483647;
			files = (
				964683748CD000714912AA83 /* libPods-FYAPP.a in Frameworks */,
			);
			runOnlyForDeploymentPostprocessing = 0;
		};
		B06313E91F4C16EC003EC043 /* Frameworks */ = {
			isa = PBXFrameworksBuildPhase;
			buildActionMask = 2147483647;
			files = (
				4A105D0F1A05E9C863041E92 /* libPods-FYAPPTests.a in Frameworks */,
			);
			runOnlyForDeploymentPostprocessing = 0;
		};
		B06313F41F4C16EC003EC043 /* Frameworks */ = {
			isa = PBXFrameworksBuildPhase;
			buildActionMask = 2147483647;
			files = (
				840BB051E80AAFA48367960C /* libPods-FYAPPUITests.a in Frameworks */,
			);
			runOnlyForDeploymentPostprocessing = 0;
		};
/* End PBXFrameworksBuildPhase section */

/* Begin PBXGroup section */
		380CD29542CEFF0875334180 /* Frameworks */ = {
			isa = PBXGroup;
			children = (
				D5D3CFD73B7732B43BED3E93 /* libPods-FYAPP.a */,
				584A160BC7A7832DFD64B4DD /* libPods-FYAPPTests.a */,
				1D250B77417A43A48F10761B /* libPods-FYAPPUITests.a */,
			);
			name = Frameworks;
			sourceTree = "<group>";
		};
		B06313C71F4C16EC003EC043 = {
			isa = PBXGroup;
			children = (
				B06313D21F4C16EC003EC043 /* FYAPP */,
				B06313EF1F4C16EC003EC043 /* FYAPPTests */,
				B06313FA1F4C16EC003EC043 /* FYAPPUITests */,
				B06313D11F4C16EC003EC043 /* Products */,
				F836C57F3700CEEFB88025AB /* Pods */,
				380CD29542CEFF0875334180 /* Frameworks */,
			);
			sourceTree = "<group>";
		};
		B06313D11F4C16EC003EC043 /* Products */ = {
			isa = PBXGroup;
			children = (
				B06313D01F4C16EC003EC043 /* FYAPP.app */,
				B06313EC1F4C16EC003EC043 /* FYAPPTests.xctest */,
				B06313F71F4C16EC003EC043 /* FYAPPUITests.xctest */,
			);
			name = Products;
			sourceTree = "<group>";
		};
		B06313D21F4C16EC003EC043 /* FYAPP */ = {
			isa = PBXGroup;
			children = (
				B06314091F4C1B79003EC043 /* FYAPP */,
				B06313D61F4C16EC003EC043 /* AppDelegate.h */,
				B06313D71F4C16EC003EC043 /* AppDelegate.m */,
				B06313D91F4C16EC003EC043 /* ViewController.h */,
				B06313DA1F4C16EC003EC043 /* ViewController.m */,
				B06313DC1F4C16EC003EC043 /* Main.storyboard */,
				B06313E21F4C16EC003EC043 /* Assets.xcassets */,
				B06313E41F4C16EC003EC043 /* LaunchScreen.storyboard */,
				B06313E71F4C16EC003EC043 /* Info.plist */,
				B06313DF1F4C16EC003EC043 /* FYAPP.xcdatamodeld */,
				B06313D31F4C16EC003EC043 /* Supporting Files */,
			);
			path = FYAPP;
			sourceTree = "<group>";
		};
		B06313D31F4C16EC003EC043 /* Supporting Files */ = {
			isa = PBXGroup;
			children = (
				B06313D41F4C16EC003EC043 /* main.m */,
			);
			name = "Supporting Files";
			sourceTree = "<group>";
		};
		B06313EF1F4C16EC003EC043 /* FYAPPTests */ = {
			isa = PBXGroup;
			children = (
				B06313F01F4C16EC003EC043 /* FYAPPTests.m */,
				B06313F21F4C16EC003EC043 /* Info.plist */,
			);
			path = FYAPPTests;
			sourceTree = "<group>";
		};
		B06313FA1F4C16EC003EC043 /* FYAPPUITests */ = {
			isa = PBXGroup;
			children = (
				B06313FB1F4C16EC003EC043 /* FYAPPUITests.m */,
				B06313FD1F4C16ED003EC043 /* Info.plist */,
			);
			path = FYAPPUITests;
			sourceTree = "<group>";
		};
		B06314091F4C1B79003EC043 /* FYAPP */ = {
			isa = PBXGroup;
			children = (
				B09448A01F4D1F8400B2B33B /* FY_AutoLayout */,
				B09448A11F4D1F8400B2B33B /* FY_Block */,
				B09448A21F4D1F8400B2B33B /* FY_CollectionView */,
				B09448A31F4D1F8400B2B33B /* FY_Developing */,
				B09448A41F4D1F8400B2B33B /* FY_Encryption */,
				B09448A51F4D1F8400B2B33B /* FY_Function */,
				B09448A61F4D1F8400B2B33B /* FY_GCD */,
				B09448A81F4D1F8400B2B33B /* FY_Model */,
				B09448A91F4D1F8400B2B33B /* FY_Navigation */,
				B09448AA1F4D1F8400B2B33B /* FY_NoteBook */,
				B09448AB1F4D1F8400B2B33B /* FY_Runtime */,
				B09448AC1F4D1F8400B2B33B /* FY_ScrollView */,
				B09448AD1F4D1F8400B2B33B /* FY_SQL */,
				B09448AE1F4D1F8400B2B33B /* FY_String */,
				B09448AF1F4D1F8400B2B33B /* FY_TabBar */,
				B09448B01F4D1F8400B2B33B /* FY_TableView */,
				B09448B11F4D1F8400B2B33B /* FY_ThirdLib */,
				B09448B21F4D1F8400B2B33B /* FY_Tools */,
				B09448B31F4D1F8400B2B33B /* FY_UI */,
				B09448B41F4D1F8400B2B33B /* FY_URL */,
				B09448B51F4D1F8400B2B33B /* FY_URLRequest */,
				B09448B61F4D1F8400B2B33B /* FY_View */,
				B09448B71F4D1F8400B2B33B /* FY_ViewController */,
				B09448B81F4D1F8400B2B33B /* FY_Visual */,
				B094489E1F4D1C0800B2B33B /* FYAPP.h */,
				B094489F1F4D1D1500B2B33B /* FYAPP.pch */,
			);
			path = FYAPP;
			sourceTree = "<group>";
		};
		B09448A01F4D1F8400B2B33B /* FY_AutoLayout */ = {
			isa = PBXGroup;
			children = (
				B09448B91F4D200000B2B33B /* FYAutoLayout.h */,
				B09448BA1F4D200000B2B33B /* FYCompositeConstraint.h */,
				B09448BB1F4D200000B2B33B /* FYCompositeConstraint.m */,
				B09448BC1F4D200000B2B33B /* FYConstraint.h */,
				B09448BD1F4D200000B2B33B /* FYConstraint.m */,
				B09448BE1F4D200000B2B33B /* FYConstraint+Private.h */,
				B09448BF1F4D200000B2B33B /* FYConstraintMaker.h */,
				B09448C01F4D200000B2B33B /* FYConstraintMaker.m */,
				B09448C11F4D200000B2B33B /* FYLayoutConstraint.h */,
				B09448C21F4D200000B2B33B /* FYLayoutConstraint.m */,
				B09448C31F4D200000B2B33B /* FYUtilities.h */,
				B09448C41F4D200000B2B33B /* FYViewAttribute.h */,
				B09448C51F4D200000B2B33B /* FYViewAttribute.m */,
				B09448C61F4D200000B2B33B /* FYViewConstraint.h */,
				B09448C71F4D200000B2B33B /* FYViewConstraint.m */,
				B09448C81F4D200000B2B33B /* NSArray+FYAdditions.h */,
				B09448C91F4D200000B2B33B /* NSArray+FYAdditions.m */,
				B09448CA1F4D200000B2B33B /* NSLayoutConstraint+FYDebugAdditions.h */,
				B09448CB1F4D200000B2B33B /* NSLayoutConstraint+FYDebugAdditions.m */,
				B09448CC1F4D200000B2B33B /* View+FYAdditions.h */,
				B09448CD1F4D200000B2B33B /* View+FYAdditions.m */,
				B09448CE1F4D200000B2B33B /* ViewController+FYAdditions.h */,
				B09448CF1F4D200000B2B33B /* ViewController+FYAdditions.m */,
			);
			path = FY_AutoLayout;
			sourceTree = "<group>";
		};
		B09448A11F4D1F8400B2B33B /* FY_Block */ = {
			isa = PBXGroup;
			children = (
				B09449441F4D2D0B00B2B33B /* BlockDoc.h */,
			);
			path = FY_Block;
			sourceTree = "<group>";
		};
		B09448A21F4D1F8400B2B33B /* FY_CollectionView */ = {
			isa = PBXGroup;
			children = (
				B09448F81F4D245B00B2B33B /* UICollectionView+FYCollectionView.h */,
				B09448F91F4D245B00B2B33B /* UICollectionView+FYCollectionView.m */,
				B09449181F4D2A3500B2B33B /* UICollectionViewDoc.m */,
				B094491C1F4D2A5300B2B33B /* UICollectionViewFlowLayout+FYCollectionViewFlowLayout.h */,
				B094491D1F4D2A5300B2B33B /* UICollectionViewFlowLayout+FYCollectionViewFlowLayout.m */,
			);
			path = FY_CollectionView;
			sourceTree = "<group>";
		};
		B09448A31F4D1F8400B2B33B /* FY_Developing */ = {
			isa = PBXGroup;
			children = (
				B09449211F4D2B2400B2B33B /* FYButton.h */,
				B09449221F4D2B2400B2B33B /* FYButton.m */,
			);
			path = FY_Developing;
			sourceTree = "<group>";
		};
		B09448A41F4D1F8400B2B33B /* FY_Encryption */ = {
			isa = PBXGroup;
			children = (
				B09449451F4D2D7000B2B33B /* NSString+hash.h */,
				B09449461F4D2D7000B2B33B /* NSString+hash.m */,
			);
			path = FY_Encryption;
			sourceTree = "<group>";
		};
		B09448A51F4D1F8400B2B33B /* FY_Function */ = {
			isa = PBXGroup;
			children = (
			);
			path = FY_Function;
			sourceTree = "<group>";
		};
		B09448A61F4D1F8400B2B33B /* FY_GCD */ = {
			isa = PBXGroup;
			children = (
				B094494A1F4D2DB300B2B33B /* FYGCD.h */,
				B094494B1F4D2DB300B2B33B /* FYGCD.m */,
				B094494F1F4D2ED100B2B33B /* FYGCDDoc.m */,
			);
			path = FY_GCD;
			sourceTree = "<group>";
		};
		B09448A81F4D1F8400B2B33B /* FY_Model */ = {
			isa = PBXGroup;
			children = (
				B09449531F4D2FF200B2B33B /* FYClassInfo.h */,
				B09449541F4D2FF200B2B33B /* FYClassInfo.m */,
				B09449551F4D2FF200B2B33B /* FYModel.h */,
				B09449561F4D2FF200B2B33B /* FYModel.m */,
				B09449571F4D2FF200B2B33B /* NSArray+FYArray.h */,
				B09449581F4D2FF200B2B33B /* NSArray+FYArray.m */,
				B09449591F4D2FF200B2B33B /* NSObject+FYArray.h */,
				B094495A1F4D2FF200B2B33B /* NSObject+FYArray.m */,
				B094495B1F4D2FF200B2B33B /* NSObject+FYModel.h */,
				B094495C1F4D2FF200B2B33B /* NSObject+FYModel.m */,
			);
			path = FY_Model;
			sourceTree = "<group>";
		};
		B09448A91F4D1F8400B2B33B /* FY_Navigation */ = {
			isa = PBXGroup;
			children = (
				B094496C1F4D308200B2B33B /* UINavigationController+FYNavigationController.h */,
				B094496D1F4D308200B2B33B /* UINavigationController+FYNavigationController.m */,
			);
			path = FY_Navigation;
			sourceTree = "<group>";
		};
		B09448AA1F4D1F8400B2B33B /* FY_NoteBook */ = {
			isa = PBXGroup;
			children = (
				B09449711F4D30DD00B2B33B /* FileManger.m */,
				B09449721F4D30DD00B2B33B /* KVC.m */,
				B09449731F4D30DD00B2B33B /* StringArrayDictionary.m */,
				B09449741F4D30DD00B2B33B /* Sundry.m */,
			);
			path = FY_NoteBook;
			sourceTree = "<group>";
		};
		B09448AB1F4D1F8400B2B33B /* FY_Runtime */ = {
			isa = PBXGroup;
			children = (
				B09448EE1F4D208E00B2B33B /* NSObject+Runtime.h */,
				B09448EF1F4D208E00B2B33B /* NSObject+Runtime.m */,
			);
			path = FY_Runtime;
			sourceTree = "<group>";
		};
		B09448AC1F4D1F8400B2B33B /* FY_ScrollView */ = {
			isa = PBXGroup;
			children = (
				B09449811F4D314200B2B33B /* UIScrollView+FYScrollView.h */,
				B09449821F4D314200B2B33B /* UIScrollView+FYScrollView.m */,
				B09449831F4D314200B2B33B /* UIScrollViewDoc.m */,
			);
			path = FY_ScrollView;
			sourceTree = "<group>";
		};
		B09448AD1F4D1F8400B2B33B /* FY_SQL */ = {
			isa = PBXGroup;
			children = (
			);
			path = FY_SQL;
			sourceTree = "<group>";
		};
		B09448AE1F4D1F8400B2B33B /* FY_String */ = {
			isa = PBXGroup;
			children = (
				B094498A1F4D323B00B2B33B /* FYString.h */,
				B094498B1F4D323B00B2B33B /* FYString.m */,
			);
			path = FY_String;
			sourceTree = "<group>";
		};
		B09448AF1F4D1F8400B2B33B /* FY_TabBar */ = {
			isa = PBXGroup;
			children = (
				B094498F1F4D32B300B2B33B /* FYTabBar.plist */,
				B09449901F4D32B300B2B33B /* FYTabBarController.h */,
				B09449911F4D32B300B2B33B /* FYTabBarController.m */,
				B09449921F4D32B300B2B33B /* UITabBarController+FYTabBarController.h */,
				B09449931F4D32B300B2B33B /* UITabBarController+FYTabBarController.m */,
			);
			path = FY_TabBar;
			sourceTree = "<group>";
		};
		B09448B01F4D1F8400B2B33B /* FY_TableView */ = {
			isa = PBXGroup;
			children = (
			);
			path = FY_TableView;
			sourceTree = "<group>";
		};
		B09448B11F4D1F8400B2B33B /* FY_ThirdLib */ = {
			isa = PBXGroup;
			children = (
				B09448F31F4D21F300B2B33B /* FYNetworking.h */,
				B09448F41F4D21F300B2B33B /* FYNetworking.m */,
			);
			path = FY_ThirdLib;
			sourceTree = "<group>";
		};
		B09448B21F4D1F8400B2B33B /* FY_Tools */ = {
			isa = PBXGroup;
			children = (
				B09448FD1F4D254B00B2B33B /* FY_Define.h */,
				B09448FE1F4D258200B2B33B /* FY_Enum.h */,
				B09448FF1F4D25CC00B2B33B /* FYSingle.h */,
				B09449001F4D25CC00B2B33B /* FYSingle.m */,
				B09449041F4D265400B2B33B /* FYTools.h */,
				B09449051F4D265400B2B33B /* FYTools.m */,
				B09449091F4D26E400B2B33B /* NSObject+FYNotificationCenter.h */,
				B094490A1F4D26E400B2B33B /* NSObject+FYNotificationCenter.m */,
				B094490E1F4D274000B2B33B /* UIAlertController+FYAlertController.h */,
				B094490F1F4D274000B2B33B /* UIAlertController+FYAlertController.m */,
			);
			path = FY_Tools;
			sourceTree = "<group>";
		};
		B09448B31F4D1F8400B2B33B /* FY_UI */ = {
			isa = PBXGroup;
			children = (
				B09449261F4D2BD900B2B33B /* UIButton+FYButton.h */,
				B09449271F4D2BD900B2B33B /* UIButton+FYButton.m */,
				B09449281F4D2BD900B2B33B /* UIColor+FYColor.h */,
				B09449291F4D2BD900B2B33B /* UIColor+FYColor.m */,
				B094492A1F4D2BD900B2B33B /* UIImage+FYImage.h */,
				B094492B1F4D2BD900B2B33B /* UIImage+FYImage.m */,
				B094492C1F4D2BD900B2B33B /* UILabel+FYLabel.h */,
				B094492D1F4D2BD900B2B33B /* UILabel+FYLabel.m */,
				B094492E1F4D2BD900B2B33B /* UIScreen+FYScreen.h */,
				B094492F1F4D2BD900B2B33B /* UIScreen+FYScreen.m */,
				B09449301F4D2BD900B2B33B /* UITextField+FYTextField.h */,
				B09449311F4D2BD900B2B33B /* UITextField+FYTextField.m */,
			);
			path = FY_UI;
			sourceTree = "<group>";
		};
		B09448B41F4D1F8400B2B33B /* FY_URL */ = {
			isa = PBXGroup;
			children = (
				B09449131F4D28FF00B2B33B /* NSURL+FYURL.h */,
				B09449141F4D28FF00B2B33B /* NSURL+FYURL.m */,
			);
			path = FY_URL;
			sourceTree = "<group>";
		};
		B09448B51F4D1F8400B2B33B /* FY_URLRequest */ = {
			isa = PBXGroup;
			children = (
				B09449A61F4D358D00B2B33B /* FYSocket.h */,
				B09449A71F4D358D00B2B33B /* FYSocket.m */,
				B09449A81F4D358D00B2B33B /* NSURLRequest+FYURLRequest.h */,
				B09449A91F4D358D00B2B33B /* NSURLRequest+FYURLRequest.m */,
			);
			path = FY_URLRequest;
			sourceTree = "<group>";
		};
		B09448B61F4D1F8400B2B33B /* FY_View */ = {
			isa = PBXGroup;
			children = (
			);
			path = FY_View;
			sourceTree = "<group>";
		};
		B09448B71F4D1F8400B2B33B /* FY_ViewController */ = {
			isa = PBXGroup;
			children = (
				B094499D1F4D350800B2B33B /* UIViewController+FYViewController.h */,
				B094499E1F4D350800B2B33B /* UIViewController+FYViewController.m */,
				B094499F1F4D350800B2B33B /* UIViewControllerDoc.m */,
			);
			path = FY_ViewController;
			sourceTree = "<group>";
		};
		B09448B81F4D1F8400B2B33B /* FY_Visual */ = {
			isa = PBXGroup;
			children = (
			);
			path = FY_Visual;
			sourceTree = "<group>";
		};
		F836C57F3700CEEFB88025AB /* Pods */ = {
			isa = PBXGroup;
			children = (
				4D6E642FFFA302FA30C0BB37 /* Pods-FYAPP.debug.xcconfig */,
				1BD829D2C364DCCB3DF6F3DF /* Pods-FYAPP.release.xcconfig */,
				6D9BF96DB6F611C45FCBE6A4 /* Pods-FYAPPTests.debug.xcconfig */,
				EDBFA83BBEDA639C1E59F9AF /* Pods-FYAPPTests.release.xcconfig */,
				AF48B97B80E44FC8AF0A5D2B /* Pods-FYAPPUITests.debug.xcconfig */,
				8A81F14BDD0965F5675417CB /* Pods-FYAPPUITests.release.xcconfig */,
			);
			name = Pods;
			sourceTree = "<group>";
		};
/* End PBXGroup section */

/* Begin PBXNativeTarget section */
		B06313CF1F4C16EC003EC043 /* FYAPP */ = {
			isa = PBXNativeTarget;
			buildConfigurationList = B06314001F4C16ED003EC043 /* Build configuration list for PBXNativeTarget "FYAPP" */;
			buildPhases = (
				D886BE3144C80E35BC2B30B7 /* [CP] Check Pods Manifest.lock */,
				B06313CC1F4C16EC003EC043 /* Sources */,
				B06313CD1F4C16EC003EC043 /* Frameworks */,
				B06313CE1F4C16EC003EC043 /* Resources */,
				8B24D69CB89D32F7409B8D47 /* [CP] Embed Pods Frameworks */,
				E02430174410E4E0EB198E8B /* [CP] Copy Pods Resources */,
			);
			buildRules = (
			);
			dependencies = (
			);
			name = FYAPP;
			productName = FYAPP;
			productReference = B06313D01F4C16EC003EC043 /* FYAPP.app */;
			productType = "com.apple.product-type.application";
		};
		B06313EB1F4C16EC003EC043 /* FYAPPTests */ = {
			isa = PBXNativeTarget;
			buildConfigurationList = B06314031F4C16ED003EC043 /* Build configuration list for PBXNativeTarget "FYAPPTests" */;
			buildPhases = (
				2C16B2584D6BB7522DFFA6AA /* [CP] Check Pods Manifest.lock */,
				B06313E81F4C16EC003EC043 /* Sources */,
				B06313E91F4C16EC003EC043 /* Frameworks */,
				B06313EA1F4C16EC003EC043 /* Resources */,
				09A7B911916953F268E4F726 /* [CP] Embed Pods Frameworks */,
				AD7BDBA095D50E32347D5EDF /* [CP] Copy Pods Resources */,
			);
			buildRules = (
			);
			dependencies = (
				B06313EE1F4C16EC003EC043 /* PBXTargetDependency */,
			);
			name = FYAPPTests;
			productName = FYAPPTests;
			productReference = B06313EC1F4C16EC003EC043 /* FYAPPTests.xctest */;
			productType = "com.apple.product-type.bundle.unit-test";
		};
		B06313F61F4C16EC003EC043 /* FYAPPUITests */ = {
			isa = PBXNativeTarget;
			buildConfigurationList = B06314061F4C16ED003EC043 /* Build configuration list for PBXNativeTarget "FYAPPUITests" */;
			buildPhases = (
				A13463FE44BA656A3D921788 /* [CP] Check Pods Manifest.lock */,
				B06313F31F4C16EC003EC043 /* Sources */,
				B06313F41F4C16EC003EC043 /* Frameworks */,
				B06313F51F4C16EC003EC043 /* Resources */,
				47B85C987FA1FA975FDB6E25 /* [CP] Embed Pods Frameworks */,
				9D500FF1777AF1E4D2DDE740 /* [CP] Copy Pods Resources */,
			);
			buildRules = (
			);
			dependencies = (
				B06313F91F4C16EC003EC043 /* PBXTargetDependency */,
			);
			name = FYAPPUITests;
			productName = FYAPPUITests;
			productReference = B06313F71F4C16EC003EC043 /* FYAPPUITests.xctest */;
			productType = "com.apple.product-type.bundle.ui-testing";
		};
/* End PBXNativeTarget section */

/* Begin PBXProject section */
		B06313C81F4C16EC003EC043 /* Project object */ = {
			isa = PBXProject;
			attributes = {
				LastUpgradeCheck = 0830;
				ORGANIZATIONNAME = fengyu;
				TargetAttributes = {
					B06313CF1F4C16EC003EC043 = {
						CreatedOnToolsVersion = 8.3.3;
						DevelopmentTeam = MZE84VL8YP;
						ProvisioningStyle = Automatic;
					};
					B06313EB1F4C16EC003EC043 = {
						CreatedOnToolsVersion = 8.3.3;
						ProvisioningStyle = Automatic;
						TestTargetID = B06313CF1F4C16EC003EC043;
					};
					B06313F61F4C16EC003EC043 = {
						CreatedOnToolsVersion = 8.3.3;
						ProvisioningStyle = Automatic;
						TestTargetID = B06313CF1F4C16EC003EC043;
					};
				};
			};
			buildConfigurationList = B06313CB1F4C16EC003EC043 /* Build configuration list for PBXProject "FYAPP" */;
			compatibilityVersion = "Xcode 3.2";
			developmentRegion = English;
			hasScannedForEncodings = 0;
			knownRegions = (
				en,
				Base,
			);
			mainGroup = B06313C71F4C16EC003EC043;
			productRefGroup = B06313D11F4C16EC003EC043 /* Products */;
			projectDirPath = "";
			projectRoot = "";
			targets = (
				B06313CF1F4C16EC003EC043 /* FYAPP */,
				B06313EB1F4C16EC003EC043 /* FYAPPTests */,
				B06313F61F4C16EC003EC043 /* FYAPPUITests */,
			);
		};
/* End PBXProject section */

/* Begin PBXResourcesBuildPhase section */
		B06313CE1F4C16EC003EC043 /* Resources */ = {
			isa = PBXResourcesBuildPhase;
			buildActionMask = 2147483647;
			files = (
				B06313E61F4C16EC003EC043 /* LaunchScreen.storyboard in Resources */,
				B06313E31F4C16EC003EC043 /* Assets.xcassets in Resources */,
				B06313DE1F4C16EC003EC043 /* Main.storyboard in Resources */,
				B09449941F4D32B300B2B33B /* FYTabBar.plist in Resources */,
			);
			runOnlyForDeploymentPostprocessing = 0;
		};
		B06313EA1F4C16EC003EC043 /* Resources */ = {
			isa = PBXResourcesBuildPhase;
			buildActionMask = 2147483647;
			files = (
				B09449951F4D32B300B2B33B /* FYTabBar.plist in Resources */,
			);
			runOnlyForDeploymentPostprocessing = 0;
		};
		B06313F51F4C16EC003EC043 /* Resources */ = {
			isa = PBXResourcesBuildPhase;
			buildActionMask = 2147483647;
			files = (
				B09449961F4D32B300B2B33B /* FYTabBar.plist in Resources */,
			);
			runOnlyForDeploymentPostprocessing = 0;
		};
/* End PBXResourcesBuildPhase section */

/* Begin PBXShellScriptBuildPhase section */
		09A7B911916953F268E4F726 /* [CP] Embed Pods Frameworks */ = {
			isa = PBXShellScriptBuildPhase;
			buildActionMask = 2147483647;
			files = (
			);
			inputPaths = (
			);
			name = "[CP] Embed Pods Frameworks";
			outputPaths = (
			);
			runOnlyForDeploymentPostprocessing = 0;
			shellPath = /bin/sh;
			shellScript = "\"${SRCROOT}/Pods/Target Support Files/Pods-FYAPPTests/Pods-FYAPPTests-frameworks.sh\"\n";
			showEnvVarsInLog = 0;
		};
		2C16B2584D6BB7522DFFA6AA /* [CP] Check Pods Manifest.lock */ = {
			isa = PBXShellScriptBuildPhase;
			buildActionMask = 2147483647;
			files = (
			);
			inputPaths = (
			);
			name = "[CP] Check Pods Manifest.lock";
			outputPaths = (
			);
			runOnlyForDeploymentPostprocessing = 0;
			shellPath = /bin/sh;
			shellScript = "diff \"${PODS_PODFILE_DIR_PATH}/Podfile.lock\" \"${PODS_ROOT}/Manifest.lock\" > /dev/null\nif [ $? != 0 ] ; then\n    # print error to STDERR\n    echo \"error: The sandbox is not in sync with the Podfile.lock. Run 'pod install' or update your CocoaPods installation.\" >&2\n    exit 1\nfi\n";
			showEnvVarsInLog = 0;
		};
		47B85C987FA1FA975FDB6E25 /* [CP] Embed Pods Frameworks */ = {
			isa = PBXShellScriptBuildPhase;
			buildActionMask = 2147483647;
			files = (
			);
			inputPaths = (
			);
			name = "[CP] Embed Pods Frameworks";
			outputPaths = (
			);
			runOnlyForDeploymentPostprocessing = 0;
			shellPath = /bin/sh;
			shellScript = "\"${SRCROOT}/Pods/Target Support Files/Pods-FYAPPUITests/Pods-FYAPPUITests-frameworks.sh\"\n";
			showEnvVarsInLog = 0;
		};
		8B24D69CB89D32F7409B8D47 /* [CP] Embed Pods Frameworks */ = {
			isa = PBXShellScriptBuildPhase;
			buildActionMask = 2147483647;
			files = (
			);
			inputPaths = (
			);
			name = "[CP] Embed Pods Frameworks";
			outputPaths = (
			);
			runOnlyForDeploymentPostprocessing = 0;
			shellPath = /bin/sh;
			shellScript = "\"${SRCROOT}/Pods/Target Support Files/Pods-FYAPP/Pods-FYAPP-frameworks.sh\"\n";
			showEnvVarsInLog = 0;
		};
		9D500FF1777AF1E4D2DDE740 /* [CP] Copy Pods Resources */ = {
			isa = PBXShellScriptBuildPhase;
			buildActionMask = 2147483647;
			files = (
			);
			inputPaths = (
			);
			name = "[CP] Copy Pods Resources";
			outputPaths = (
			);
			runOnlyForDeploymentPostprocessing = 0;
			shellPath = /bin/sh;
			shellScript = "\"${SRCROOT}/Pods/Target Support Files/Pods-FYAPPUITests/Pods-FYAPPUITests-resources.sh\"\n";
			showEnvVarsInLog = 0;
		};
		A13463FE44BA656A3D921788 /* [CP] Check Pods Manifest.lock */ = {
			isa = PBXShellScriptBuildPhase;
			buildActionMask = 2147483647;
			files = (
			);
			inputPaths = (
			);
			name = "[CP] Check Pods Manifest.lock";
			outputPaths = (
			);
			runOnlyForDeploymentPostprocessing = 0;
			shellPath = /bin/sh;
			shellScript = "diff \"${PODS_PODFILE_DIR_PATH}/Podfile.lock\" \"${PODS_ROOT}/Manifest.lock\" > /dev/null\nif [ $? != 0 ] ; then\n    # print error to STDERR\n    echo \"error: The sandbox is not in sync with the Podfile.lock. Run 'pod install' or update your CocoaPods installation.\" >&2\n    exit 1\nfi\n";
			showEnvVarsInLog = 0;
		};
		AD7BDBA095D50E32347D5EDF /* [CP] Copy Pods Resources */ = {
			isa = PBXShellScriptBuildPhase;
			buildActionMask = 2147483647;
			files = (
			);
			inputPaths = (
			);
			name = "[CP] Copy Pods Resources";
			outputPaths = (
			);
			runOnlyForDeploymentPostprocessing = 0;
			shellPath = /bin/sh;
			shellScript = "\"${SRCROOT}/Pods/Target Support Files/Pods-FYAPPTests/Pods-FYAPPTests-resources.sh\"\n";
			showEnvVarsInLog = 0;
		};
		D886BE3144C80E35BC2B30B7 /* [CP] Check Pods Manifest.lock */ = {
			isa = PBXShellScriptBuildPhase;
			buildActionMask = 2147483647;
			files = (
			);
			inputPaths = (
			);
			name = "[CP] Check Pods Manifest.lock";
			outputPaths = (
			);
			runOnlyForDeploymentPostprocessing = 0;
			shellPath = /bin/sh;
			shellScript = "diff \"${PODS_PODFILE_DIR_PATH}/Podfile.lock\" \"${PODS_ROOT}/Manifest.lock\" > /dev/null\nif [ $? != 0 ] ; then\n    # print error to STDERR\n    echo \"error: The sandbox is not in sync with the Podfile.lock. Run 'pod install' or update your CocoaPods installation.\" >&2\n    exit 1\nfi\n";
			showEnvVarsInLog = 0;
		};
		E02430174410E4E0EB198E8B /* [CP] Copy Pods Resources */ = {
			isa = PBXShellScriptBuildPhase;
			buildActionMask = 2147483647;
			files = (
			);
			inputPaths = (
			);
			name = "[CP] Copy Pods Resources";
			outputPaths = (
			);
			runOnlyForDeploymentPostprocessing = 0;
			shellPath = /bin/sh;
			shellScript = "\"${SRCROOT}/Pods/Target Support Files/Pods-FYAPP/Pods-FYAPP-resources.sh\"\n";
			showEnvVarsInLog = 0;
		};
/* End PBXShellScriptBuildPhase section */

/* Begin PBXSourcesBuildPhase section */
		B06313CC1F4C16EC003EC043 /* Sources */ = {
			isa = PBXSourcesBuildPhase;
			buildActionMask = 2147483647;
			files = (
				B09449011F4D25CC00B2B33B /* FYSingle.m in Sources */,
				B09448F51F4D21F300B2B33B /* FYNetworking.m in Sources */,
				B094499A1F4D32B300B2B33B /* UITabBarController+FYTabBarController.m in Sources */,
				B09448E51F4D200000B2B33B /* NSLayoutConstraint+FYDebugAdditions.m in Sources */,
				B09448D61F4D200000B2B33B /* FYConstraintMaker.m in Sources */,
				B094497E1F4D30DD00B2B33B /* Sundry.m in Sources */,
				B094491E1F4D2A5300B2B33B /* UICollectionViewFlowLayout+FYCollectionViewFlowLayout.m in Sources */,
				B094495D1F4D2FF200B2B33B /* FYClassInfo.m in Sources */,
				B09449A01F4D350800B2B33B /* UIViewController+FYViewController.m in Sources */,
				B09448D91F4D200000B2B33B /* FYLayoutConstraint.m in Sources */,
				B09449351F4D2BD900B2B33B /* UIColor+FYColor.m in Sources */,
				B094497B1F4D30DD00B2B33B /* StringArrayDictionary.m in Sources */,
				B06313DB1F4C16EC003EC043 /* ViewController.m in Sources */,
				B09449191F4D2A3500B2B33B /* UICollectionViewDoc.m in Sources */,
				B09449A31F4D350800B2B33B /* UIViewControllerDoc.m in Sources */,
				B09448FA1F4D245B00B2B33B /* UICollectionView+FYCollectionView.m in Sources */,
				B094493B1F4D2BD900B2B33B /* UILabel+FYLabel.m in Sources */,
				B09449971F4D32B300B2B33B /* FYTabBarController.m in Sources */,
				B09448E81F4D200000B2B33B /* View+FYAdditions.m in Sources */,
				B094490B1F4D26E400B2B33B /* NSObject+FYNotificationCenter.m in Sources */,
				B09448EB1F4D200000B2B33B /* ViewController+FYAdditions.m in Sources */,
				B09449061F4D265400B2B33B /* FYTools.m in Sources */,
				B094494C1F4D2DB300B2B33B /* FYGCD.m in Sources */,
				B09449501F4D2ED100B2B33B /* FYGCDDoc.m in Sources */,
				B09449781F4D30DD00B2B33B /* KVC.m in Sources */,
				B094496E1F4D308200B2B33B /* UINavigationController+FYNavigationController.m in Sources */,
				B09448DC1F4D200000B2B33B /* FYViewAttribute.m in Sources */,
				B09449841F4D314200B2B33B /* UIScrollView+FYScrollView.m in Sources */,
				B06313D81F4C16EC003EC043 /* AppDelegate.m in Sources */,
				B09449631F4D2FF200B2B33B /* NSArray+FYArray.m in Sources */,
				B09449AD1F4D358D00B2B33B /* NSURLRequest+FYURLRequest.m in Sources */,
				B09449471F4D2D7000B2B33B /* NSString+hash.m in Sources */,
				B09449231F4D2B2400B2B33B /* FYButton.m in Sources */,
				B09448D01F4D200000B2B33B /* FYCompositeConstraint.m in Sources */,
				B09448E21F4D200000B2B33B /* NSArray+FYAdditions.m in Sources */,
				B09448DF1F4D200000B2B33B /* FYViewConstraint.m in Sources */,
				B09448F01F4D208E00B2B33B /* NSObject+Runtime.m in Sources */,
				B09449321F4D2BD900B2B33B /* UIButton+FYButton.m in Sources */,
				B09449AA1F4D358D00B2B33B /* FYSocket.m in Sources */,
				B09449151F4D28FF00B2B33B /* NSURL+FYURL.m in Sources */,
				B09449601F4D2FF200B2B33B /* FYModel.m in Sources */,
				B09448D31F4D200000B2B33B /* FYConstraint.m in Sources */,
				B09449871F4D314200B2B33B /* UIScrollViewDoc.m in Sources */,
				B06313E11F4C16EC003EC043 /* FYAPP.xcdatamodeld in Sources */,
				B094493E1F4D2BD900B2B33B /* UIScreen+FYScreen.m in Sources */,
				B06313D51F4C16EC003EC043 /* main.m in Sources */,
				B094498C1F4D323B00B2B33B /* FYString.m in Sources */,
				B09449381F4D2BD900B2B33B /* UIImage+FYImage.m in Sources */,
				B09449751F4D30DD00B2B33B /* FileManger.m in Sources */,
				B09449691F4D2FF200B2B33B /* NSObject+FYModel.m in Sources */,
				B09449101F4D274000B2B33B /* UIAlertController+FYAlertController.m in Sources */,
				B09449661F4D2FF200B2B33B /* NSObject+FYArray.m in Sources */,
				B09449411F4D2BD900B2B33B /* UITextField+FYTextField.m in Sources */,
			);
			runOnlyForDeploymentPostprocessing = 0;
		};
		B06313E81F4C16EC003EC043 /* Sources */ = {
			isa = PBXSourcesBuildPhase;
			buildActionMask = 2147483647;
			files = (
				B09448E61F4D200000B2B33B /* NSLayoutConstraint+FYDebugAdditions.m in Sources */,
				B09449511F4D2ED100B2B33B /* FYGCDDoc.m in Sources */,
				B09449851F4D314200B2B33B /* UIScrollView+FYScrollView.m in Sources */,
				B09448E91F4D200000B2B33B /* View+FYAdditions.m in Sources */,
				B094499B1F4D32B300B2B33B /* UITabBarController+FYTabBarController.m in Sources */,
				B09448FB1F4D245B00B2B33B /* UICollectionView+FYCollectionView.m in Sources */,
				B09449981F4D32B300B2B33B /* FYTabBarController.m in Sources */,
				B09448DD1F4D200000B2B33B /* FYViewAttribute.m in Sources */,
				B09449761F4D30DD00B2B33B /* FileManger.m in Sources */,
				B09449071F4D265400B2B33B /* FYTools.m in Sources */,
				B09448E31F4D200000B2B33B /* NSArray+FYAdditions.m in Sources */,
				B09448DA1F4D200000B2B33B /* FYLayoutConstraint.m in Sources */,
				B094496F1F4D308200B2B33B /* UINavigationController+FYNavigationController.m in Sources */,
				B09449A11F4D350800B2B33B /* UIViewController+FYViewController.m in Sources */,
				B094496A1F4D2FF200B2B33B /* NSObject+FYModel.m in Sources */,
				B09448D41F4D200000B2B33B /* FYConstraint.m in Sources */,
				B09449AB1F4D358D00B2B33B /* FYSocket.m in Sources */,
				B094495E1F4D2FF200B2B33B /* FYClassInfo.m in Sources */,
				B06313F11F4C16EC003EC043 /* FYAPPTests.m in Sources */,
				B09449331F4D2BD900B2B33B /* UIButton+FYButton.m in Sources */,
				B09449421F4D2BD900B2B33B /* UITextField+FYTextField.m in Sources */,
				B09448F61F4D21F300B2B33B /* FYNetworking.m in Sources */,
				B094497F1F4D30DD00B2B33B /* Sundry.m in Sources */,
				B09449241F4D2B2400B2B33B /* FYButton.m in Sources */,
				B09449791F4D30DD00B2B33B /* KVC.m in Sources */,
				B09449021F4D25CC00B2B33B /* FYSingle.m in Sources */,
				B09449611F4D2FF200B2B33B /* FYModel.m in Sources */,
				B094491A1F4D2A3500B2B33B /* UICollectionViewDoc.m in Sources */,
				B094497C1F4D30DD00B2B33B /* StringArrayDictionary.m in Sources */,
				B09449161F4D28FF00B2B33B /* NSURL+FYURL.m in Sources */,
				B094491F1F4D2A5300B2B33B /* UICollectionViewFlowLayout+FYCollectionViewFlowLayout.m in Sources */,
				B094493C1F4D2BD900B2B33B /* UILabel+FYLabel.m in Sources */,
				B09449881F4D314200B2B33B /* UIScrollViewDoc.m in Sources */,
				B09449481F4D2D7000B2B33B /* NSString+hash.m in Sources */,
				B094493F1F4D2BD900B2B33B /* UIScreen+FYScreen.m in Sources */,
				B094490C1F4D26E400B2B33B /* NSObject+FYNotificationCenter.m in Sources */,
				B09449A41F4D350800B2B33B /* UIViewControllerDoc.m in Sources */,
				B09448D71F4D200000B2B33B /* FYConstraintMaker.m in Sources */,
				B09449361F4D2BD900B2B33B /* UIColor+FYColor.m in Sources */,
				B09448F11F4D208E00B2B33B /* NSObject+Runtime.m in Sources */,
				B094498D1F4D323B00B2B33B /* FYString.m in Sources */,
				B09449111F4D274000B2B33B /* UIAlertController+FYAlertController.m in Sources */,
				B09448E01F4D200000B2B33B /* FYViewConstraint.m in Sources */,
				B09448EC1F4D200000B2B33B /* ViewController+FYAdditions.m in Sources */,
				B094494D1F4D2DB300B2B33B /* FYGCD.m in Sources */,
				B09448D11F4D200000B2B33B /* FYCompositeConstraint.m in Sources */,
				B09449391F4D2BD900B2B33B /* UIImage+FYImage.m in Sources */,
				B09449AE1F4D358D00B2B33B /* NSURLRequest+FYURLRequest.m in Sources */,
				B09449671F4D2FF200B2B33B /* NSObject+FYArray.m in Sources */,
				B09449641F4D2FF200B2B33B /* NSArray+FYArray.m in Sources */,
			);
			runOnlyForDeploymentPostprocessing = 0;
		};
		B06313F31F4C16EC003EC043 /* Sources */ = {
			isa = PBXSourcesBuildPhase;
			buildActionMask = 2147483647;
			files = (
				B09448E71F4D200000B2B33B /* NSLayoutConstraint+FYDebugAdditions.m in Sources */,
				B09449521F4D2ED100B2B33B /* FYGCDDoc.m in Sources */,
				B09449861F4D314200B2B33B /* UIScrollView+FYScrollView.m in Sources */,
				B09448EA1F4D200000B2B33B /* View+FYAdditions.m in Sources */,
				B094499C1F4D32B300B2B33B /* UITabBarController+FYTabBarController.m in Sources */,
				B09448FC1F4D245B00B2B33B /* UICollectionView+FYCollectionView.m in Sources */,
				B09449991F4D32B300B2B33B /* FYTabBarController.m in Sources */,
				B09448DE1F4D200000B2B33B /* FYViewAttribute.m in Sources */,
				B09449771F4D30DD00B2B33B /* FileManger.m in Sources */,
				B09449081F4D265400B2B33B /* FYTools.m in Sources */,
				B09448E41F4D200000B2B33B /* NSArray+FYAdditions.m in Sources */,
				B09448DB1F4D200000B2B33B /* FYLayoutConstraint.m in Sources */,
				B09449701F4D308200B2B33B /* UINavigationController+FYNavigationController.m in Sources */,
				B09449A21F4D350800B2B33B /* UIViewController+FYViewController.m in Sources */,
				B094496B1F4D2FF200B2B33B /* NSObject+FYModel.m in Sources */,
				B09448D51F4D200000B2B33B /* FYConstraint.m in Sources */,
				B09449AC1F4D358D00B2B33B /* FYSocket.m in Sources */,
				B094495F1F4D2FF200B2B33B /* FYClassInfo.m in Sources */,
				B06313FC1F4C16EC003EC043 /* FYAPPUITests.m in Sources */,
				B09449341F4D2BD900B2B33B /* UIButton+FYButton.m in Sources */,
				B09449431F4D2BD900B2B33B /* UITextField+FYTextField.m in Sources */,
				B09448F71F4D21F300B2B33B /* FYNetworking.m in Sources */,
				B09449801F4D30DD00B2B33B /* Sundry.m in Sources */,
				B09449251F4D2B2400B2B33B /* FYButton.m in Sources */,
				B094497A1F4D30DD00B2B33B /* KVC.m in Sources */,
				B09449031F4D25CC00B2B33B /* FYSingle.m in Sources */,
				B09449621F4D2FF200B2B33B /* FYModel.m in Sources */,
				B094491B1F4D2A3500B2B33B /* UICollectionViewDoc.m in Sources */,
				B094497D1F4D30DD00B2B33B /* StringArrayDictionary.m in Sources */,
				B09449171F4D28FF00B2B33B /* NSURL+FYURL.m in Sources */,
				B09449201F4D2A5300B2B33B /* UICollectionViewFlowLayout+FYCollectionViewFlowLayout.m in Sources */,
				B094493D1F4D2BD900B2B33B /* UILabel+FYLabel.m in Sources */,
				B09449891F4D314200B2B33B /* UIScrollViewDoc.m in Sources */,
				B09449491F4D2D7000B2B33B /* NSString+hash.m in Sources */,
				B09449401F4D2BD900B2B33B /* UIScreen+FYScreen.m in Sources */,
				B094490D1F4D26E400B2B33B /* NSObject+FYNotificationCenter.m in Sources */,
				B09449A51F4D350800B2B33B /* UIViewControllerDoc.m in Sources */,
				B09448D81F4D200000B2B33B /* FYConstraintMaker.m in Sources */,
				B09449371F4D2BD900B2B33B /* UIColor+FYColor.m in Sources */,
				B09448F21F4D208E00B2B33B /* NSObject+Runtime.m in Sources */,
				B094498E1F4D323B00B2B33B /* FYString.m in Sources */,
				B09449121F4D274000B2B33B /* UIAlertController+FYAlertController.m in Sources */,
				B09448E11F4D200000B2B33B /* FYViewConstraint.m in Sources */,
				B09448ED1F4D200000B2B33B /* ViewController+FYAdditions.m in Sources */,
				B094494E1F4D2DB300B2B33B /* FYGCD.m in Sources */,
				B09448D21F4D200000B2B33B /* FYCompositeConstraint.m in Sources */,
				B094493A1F4D2BD900B2B33B /* UIImage+FYImage.m in Sources */,
				B09449AF1F4D358D00B2B33B /* NSURLRequest+FYURLRequest.m in Sources */,
				B09449681F4D2FF200B2B33B /* NSObject+FYArray.m in Sources */,
				B09449651F4D2FF200B2B33B /* NSArray+FYArray.m in Sources */,
			);
			runOnlyForDeploymentPostprocessing = 0;
		};
/* End PBXSourcesBuildPhase section */

/* Begin PBXTargetDependency section */
		B06313EE1F4C16EC003EC043 /* PBXTargetDependency */ = {
			isa = PBXTargetDependency;
			target = B06313CF1F4C16EC003EC043 /* FYAPP */;
			targetProxy = B06313ED1F4C16EC003EC043 /* PBXContainerItemProxy */;
		};
		B06313F91F4C16EC003EC043 /* PBXTargetDependency */ = {
			isa = PBXTargetDependency;
			target = B06313CF1F4C16EC003EC043 /* FYAPP */;
			targetProxy = B06313F81F4C16EC003EC043 /* PBXContainerItemProxy */;
		};
/* End PBXTargetDependency section */

/* Begin PBXVariantGroup section */
		B06313DC1F4C16EC003EC043 /* Main.storyboard */ = {
			isa = PBXVariantGroup;
			children = (
				B06313DD1F4C16EC003EC043 /* Base */,
			);
			name = Main.storyboard;
			sourceTree = "<group>";
		};
		B06313E41F4C16EC003EC043 /* LaunchScreen.storyboard */ = {
			isa = PBXVariantGroup;
			children = (
				B06313E51F4C16EC003EC043 /* Base */,
			);
			name = LaunchScreen.storyboard;
			sourceTree = "<group>";
		};
/* End PBXVariantGroup section */

/* Begin XCBuildConfiguration section */
		B06313FE1F4C16ED003EC043 /* Debug */ = {
			isa = XCBuildConfiguration;
			buildSettings = {
				ALWAYS_SEARCH_USER_PATHS = NO;
				CLANG_ANALYZER_NONNULL = YES;
				CLANG_ANALYZER_NUMBER_OBJECT_CONVERSION = YES_AGGRESSIVE;
				CLANG_CXX_LANGUAGE_STANDARD = "gnu++0x";
				CLANG_CXX_LIBRARY = "libc++";
				CLANG_ENABLE_MODULES = YES;
				CLANG_ENABLE_OBJC_ARC = YES;
				CLANG_WARN_BOOL_CONVERSION = YES;
				CLANG_WARN_CONSTANT_CONVERSION = YES;
				CLANG_WARN_DIRECT_OBJC_ISA_USAGE = YES_ERROR;
				CLANG_WARN_DOCUMENTATION_COMMENTS = YES;
				CLANG_WARN_EMPTY_BODY = YES;
				CLANG_WARN_ENUM_CONVERSION = YES;
				CLANG_WARN_INFINITE_RECURSION = YES;
				CLANG_WARN_INT_CONVERSION = YES;
				CLANG_WARN_OBJC_ROOT_CLASS = YES_ERROR;
				CLANG_WARN_SUSPICIOUS_MOVE = YES;
				CLANG_WARN_UNREACHABLE_CODE = YES;
				CLANG_WARN__DUPLICATE_METHOD_MATCH = YES;
				"CODE_SIGN_IDENTITY[sdk=iphoneos*]" = "iPhone Developer";
				COPY_PHASE_STRIP = NO;
				DEBUG_INFORMATION_FORMAT = dwarf;
				ENABLE_STRICT_OBJC_MSGSEND = YES;
				ENABLE_TESTABILITY = YES;
				GCC_C_LANGUAGE_STANDARD = gnu99;
				GCC_DYNAMIC_NO_PIC = NO;
				GCC_NO_COMMON_BLOCKS = YES;
				GCC_OPTIMIZATION_LEVEL = 0;
				GCC_PREPROCESSOR_DEFINITIONS = (
					"DEBUG=1",
					"$(inherited)",
				);
				GCC_WARN_64_TO_32_BIT_CONVERSION = YES;
				GCC_WARN_ABOUT_RETURN_TYPE = YES_ERROR;
				GCC_WARN_UNDECLARED_SELECTOR = YES;
				GCC_WARN_UNINITIALIZED_AUTOS = YES_AGGRESSIVE;
				GCC_WARN_UNUSED_FUNCTION = YES;
				GCC_WARN_UNUSED_VARIABLE = YES;
				IPHONEOS_DEPLOYMENT_TARGET = 10.3;
				MTL_ENABLE_DEBUG_INFO = YES;
				ONLY_ACTIVE_ARCH = YES;
				SDKROOT = iphoneos;
				TARGETED_DEVICE_FAMILY = "1,2";
			};
			name = Debug;
		};
		B06313FF1F4C16ED003EC043 /* Release */ = {
			isa = XCBuildConfiguration;
			buildSettings = {
				ALWAYS_SEARCH_USER_PATHS = NO;
				CLANG_ANALYZER_NONNULL = YES;
				CLANG_ANALYZER_NUMBER_OBJECT_CONVERSION = YES_AGGRESSIVE;
				CLANG_CXX_LANGUAGE_STANDARD = "gnu++0x";
				CLANG_CXX_LIBRARY = "libc++";
				CLANG_ENABLE_MODULES = YES;
				CLANG_ENABLE_OBJC_ARC = YES;
				CLANG_WARN_BOOL_CONVERSION = YES;
				CLANG_WARN_CONSTANT_CONVERSION = YES;
				CLANG_WARN_DIRECT_OBJC_ISA_USAGE = YES_ERROR;
				CLANG_WARN_DOCUMENTATION_COMMENTS = YES;
				CLANG_WARN_EMPTY_BODY = YES;
				CLANG_WARN_ENUM_CONVERSION = YES;
				CLANG_WARN_INFINITE_RECURSION = YES;
				CLANG_WARN_INT_CONVERSION = YES;
				CLANG_WARN_OBJC_ROOT_CLASS = YES_ERROR;
				CLANG_WARN_SUSPICIOUS_MOVE = YES;
				CLANG_WARN_UNREACHABLE_CODE = YES;
				CLANG_WARN__DUPLICATE_METHOD_MATCH = YES;
				"CODE_SIGN_IDENTITY[sdk=iphoneos*]" = "iPhone Developer";
				COPY_PHASE_STRIP = NO;
				DEBUG_INFORMATION_FORMAT = "dwarf-with-dsym";
				ENABLE_NS_ASSERTIONS = NO;
				ENABLE_STRICT_OBJC_MSGSEND = YES;
				GCC_C_LANGUAGE_STANDARD = gnu99;
				GCC_NO_COMMON_BLOCKS = YES;
				GCC_WARN_64_TO_32_BIT_CONVERSION = YES;
				GCC_WARN_ABOUT_RETURN_TYPE = YES_ERROR;
				GCC_WARN_UNDECLARED_SELECTOR = YES;
				GCC_WARN_UNINITIALIZED_AUTOS = YES_AGGRESSIVE;
				GCC_WARN_UNUSED_FUNCTION = YES;
				GCC_WARN_UNUSED_VARIABLE = YES;
				IPHONEOS_DEPLOYMENT_TARGET = 10.3;
				MTL_ENABLE_DEBUG_INFO = NO;
				SDKROOT = iphoneos;
				TARGETED_DEVICE_FAMILY = "1,2";
				VALIDATE_PRODUCT = YES;
			};
			name = Release;
		};
		B06314011F4C16ED003EC043 /* Debug */ = {
			isa = XCBuildConfiguration;
			baseConfigurationReference = 4D6E642FFFA302FA30C0BB37 /* Pods-FYAPP.debug.xcconfig */;
			buildSettings = {
				ASSETCATALOG_COMPILER_APPICON_NAME = AppIcon;
				DEVELOPMENT_TEAM = MZE84VL8YP;
				GCC_PREFIX_HEADER = FYAPP/FYAPP/FYAPP.pch;
				INFOPLIST_FILE = FYAPP/Info.plist;
				IPHONEOS_DEPLOYMENT_TARGET = 9.0;
				LD_RUNPATH_SEARCH_PATHS = "$(inherited) @executable_path/Frameworks";
				PRODUCT_BUNDLE_IDENTIFIER = com.fengyu.FYAPP;
				PRODUCT_NAME = "$(TARGET_NAME)";
			};
			name = Debug;
		};
		B06314021F4C16ED003EC043 /* Release */ = {
			isa = XCBuildConfiguration;
			baseConfigurationReference = 1BD829D2C364DCCB3DF6F3DF /* Pods-FYAPP.release.xcconfig */;
			buildSettings = {
				ASSETCATALOG_COMPILER_APPICON_NAME = AppIcon;
				DEVELOPMENT_TEAM = MZE84VL8YP;
				GCC_PREFIX_HEADER = FYAPP/FYAPP/FYAPP.pch;
				INFOPLIST_FILE = FYAPP/Info.plist;
				IPHONEOS_DEPLOYMENT_TARGET = 9.0;
				LD_RUNPATH_SEARCH_PATHS = "$(inherited) @executable_path/Frameworks";
				PRODUCT_BUNDLE_IDENTIFIER = com.fengyu.FYAPP;
				PRODUCT_NAME = "$(TARGET_NAME)";
			};
			name = Release;
		};
		B06314041F4C16ED003EC043 /* Debug */ = {
			isa = XCBuildConfiguration;
			baseConfigurationReference = 6D9BF96DB6F611C45FCBE6A4 /* Pods-FYAPPTests.debug.xcconfig */;
			buildSettings = {
				BUNDLE_LOADER = "$(TEST_HOST)";
				INFOPLIST_FILE = FYAPPTests/Info.plist;
				LD_RUNPATH_SEARCH_PATHS = "$(inherited) @executable_path/Frameworks @loader_path/Frameworks";
				PRODUCT_BUNDLE_IDENTIFIER = com.fengyu.FYAPPTests;
				PRODUCT_NAME = "$(TARGET_NAME)";
				TEST_HOST = "$(BUILT_PRODUCTS_DIR)/FYAPP.app/FYAPP";
			};
			name = Debug;
		};
		B06314051F4C16ED003EC043 /* Release */ = {
			isa = XCBuildConfiguration;
			baseConfigurationReference = EDBFA83BBEDA639C1E59F9AF /* Pods-FYAPPTests.release.xcconfig */;
			buildSettings = {
				BUNDLE_LOADER = "$(TEST_HOST)";
				INFOPLIST_FILE = FYAPPTests/Info.plist;
				LD_RUNPATH_SEARCH_PATHS = "$(inherited) @executable_path/Frameworks @loader_path/Frameworks";
				PRODUCT_BUNDLE_IDENTIFIER = com.fengyu.FYAPPTests;
				PRODUCT_NAME = "$(TARGET_NAME)";
				TEST_HOST = "$(BUILT_PRODUCTS_DIR)/FYAPP.app/FYAPP";
			};
			name = Release;
		};
		B06314071F4C16ED003EC043 /* Debug */ = {
			isa = XCBuildConfiguration;
			baseConfigurationReference = AF48B97B80E44FC8AF0A5D2B /* Pods-FYAPPUITests.debug.xcconfig */;
			buildSettings = {
				INFOPLIST_FILE = FYAPPUITests/Info.plist;
				LD_RUNPATH_SEARCH_PATHS = "$(inherited) @executable_path/Frameworks @loader_path/Frameworks";
				PRODUCT_BUNDLE_IDENTIFIER = com.fengyu.FYAPPUITests;
				PRODUCT_NAME = "$(TARGET_NAME)";
				TEST_TARGET_NAME = FYAPP;
			};
			name = Debug;
		};
		B06314081F4C16ED003EC043 /* Release */ = {
			isa = XCBuildConfiguration;
			baseConfigurationReference = 8A81F14BDD0965F5675417CB /* Pods-FYAPPUITests.release.xcconfig */;
			buildSettings = {
				INFOPLIST_FILE = FYAPPUITests/Info.plist;
				LD_RUNPATH_SEARCH_PATHS = "$(inherited) @executable_path/Frameworks @loader_path/Frameworks";
				PRODUCT_BUNDLE_IDENTIFIER = com.fengyu.FYAPPUITests;
				PRODUCT_NAME = "$(TARGET_NAME)";
				TEST_TARGET_NAME = FYAPP;
			};
			name = Release;
		};
/* End XCBuildConfiguration section */

/* Begin XCConfigurationList section */
		B06313CB1F4C16EC003EC043 /* Build configuration list for PBXProject "FYAPP" */ = {
			isa = XCConfigurationList;
			buildConfigurations = (
				B06313FE1F4C16ED003EC043 /* Debug */,
				B06313FF1F4C16ED003EC043 /* Release */,
			);
			defaultConfigurationIsVisible = 0;
			defaultConfigurationName = Release;
		};
		B06314001F4C16ED003EC043 /* Build configuration list for PBXNativeTarget "FYAPP" */ = {
			isa = XCConfigurationList;
			buildConfigurations = (
				B06314011F4C16ED003EC043 /* Debug */,
				B06314021F4C16ED003EC043 /* Release */,
			);
			defaultConfigurationIsVisible = 0;
			defaultConfigurationName = Release;
		};
		B06314031F4C16ED003EC043 /* Build configuration list for PBXNativeTarget "FYAPPTests" */ = {
			isa = XCConfigurationList;
			buildConfigurations = (
				B06314041F4C16ED003EC043 /* Debug */,
				B06314051F4C16ED003EC043 /* Release */,
			);
			defaultConfigurationIsVisible = 0;
			defaultConfigurationName = Release;
		};
		B06314061F4C16ED003EC043 /* Build configuration list for PBXNativeTarget "FYAPPUITests" */ = {
			isa = XCConfigurationList;
			buildConfigurations = (
				B06314071F4C16ED003EC043 /* Debug */,
				B06314081F4C16ED003EC043 /* Release */,
			);
			defaultConfigurationIsVisible = 0;
			defaultConfigurationName = Release;
		};
/* End XCConfigurationList section */

/* Begin XCVersionGroup section */
		B06313DF1F4C16EC003EC043 /* FYAPP.xcdatamodeld */ = {
			isa = XCVersionGroup;
			children = (
				B06313E01F4C16EC003EC043 /* FYAPP.xcdatamodel */,
			);
			currentVersion = B06313E01F4C16EC003EC043 /* FYAPP.xcdatamodel */;
			path = FYAPP.xcdatamodeld;
			sourceTree = "<group>";
			versionGroupType = wrapper.xcdatamodel;
		};
/* End XCVersionGroup section */
	};
	rootObject = B06313C81F4C16EC003EC043 /* Project object */;
}
