// !$*UTF8*$!
{
	archiveVersion = 1;
	classes = {
	};
	objectVersion = 46;
	objects = {

/* Begin PBXBuildFile section */
		120688771F54367E009E353F /* main.m in Sources */ = {isa = PBXBuildFile; fileRef = 120688761F54367E009E353F /* main.m */; };
		1206887A1F54367E009E353F /* AppDelegate.m in Sources */ = {isa = PBXBuildFile; fileRef = 120688791F54367E009E353F /* AppDelegate.m */; };
		1206887D1F54367E009E353F /* ViewController.m in Sources */ = {isa = PBXBuildFile; fileRef = 1206887C1F54367E009E353F /* ViewController.m */; };
		120688801F54367E009E353F /* Main.storyboard in Resources */ = {isa = PBXBuildFile; fileRef = 1206887E1F54367E009E353F /* Main.storyboard */; };
		120688831F54367E009E353F /* FYAPP.xcdatamodeld in Sources */ = {isa = PBXBuildFile; fileRef = 120688811F54367E009E353F /* FYAPP.xcdatamodeld */; };
		120688851F54367E009E353F /* Assets.xcassets in Resources */ = {isa = PBXBuildFile; fileRef = 120688841F54367E009E353F /* Assets.xcassets */; };
		120688881F54367E009E353F /* LaunchScreen.storyboard in Resources */ = {isa = PBXBuildFile; fileRef = 120688861F54367E009E353F /* LaunchScreen.storyboard */; };
		1206897B1F543A3E009E353F /* FYBaseController.m in Sources */ = {isa = PBXBuildFile; fileRef = 1206897A1F543A3E009E353F /* FYBaseController.m */; };
		123DA3FD1F592B2500A5712E /* FYCompositeConstraint.m in Sources */ = {isa = PBXBuildFile; fileRef = 123DA3581F592B2500A5712E /* FYCompositeConstraint.m */; };
		123DA3FE1F592B2500A5712E /* FYConstraint.m in Sources */ = {isa = PBXBuildFile; fileRef = 123DA35B1F592B2500A5712E /* FYConstraint.m */; };
		123DA3FF1F592B2500A5712E /* FYConstraintMaker.m in Sources */ = {isa = PBXBuildFile; fileRef = 123DA35D1F592B2500A5712E /* FYConstraintMaker.m */; };
		123DA4001F592B2500A5712E /* FYLayoutConstraint.m in Sources */ = {isa = PBXBuildFile; fileRef = 123DA35F1F592B2500A5712E /* FYLayoutConstraint.m */; };
		123DA4011F592B2500A5712E /* FYViewAttribute.m in Sources */ = {isa = PBXBuildFile; fileRef = 123DA3621F592B2500A5712E /* FYViewAttribute.m */; };
		123DA4021F592B2500A5712E /* FYViewConstraint.m in Sources */ = {isa = PBXBuildFile; fileRef = 123DA3641F592B2500A5712E /* FYViewConstraint.m */; };
		123DA4031F592B2500A5712E /* NSArray+FYAdditions.m in Sources */ = {isa = PBXBuildFile; fileRef = 123DA3661F592B2500A5712E /* NSArray+FYAdditions.m */; };
		123DA4041F592B2500A5712E /* NSLayoutConstraint+FYDebugAdditions.m in Sources */ = {isa = PBXBuildFile; fileRef = 123DA3681F592B2500A5712E /* NSLayoutConstraint+FYDebugAdditions.m */; };
		123DA4051F592B2500A5712E /* View+FYAdditions.m in Sources */ = {isa = PBXBuildFile; fileRef = 123DA36A1F592B2500A5712E /* View+FYAdditions.m */; };
		123DA4061F592B2500A5712E /* ViewController+FYAdditions.m in Sources */ = {isa = PBXBuildFile; fileRef = 123DA36C1F592B2500A5712E /* ViewController+FYAdditions.m */; };
		123DA4071F592B2500A5712E /* BlockDoc.m in Sources */ = {isa = PBXBuildFile; fileRef = 123DA36F1F592B2500A5712E /* BlockDoc.m */; };
		123DA4081F592B2500A5712E /* UICollectionView+FYCollectionView.m in Sources */ = {isa = PBXBuildFile; fileRef = 123DA3721F592B2500A5712E /* UICollectionView+FYCollectionView.m */; };
		123DA4091F592B2500A5712E /* UICollectionViewDoc.m in Sources */ = {isa = PBXBuildFile; fileRef = 123DA3731F592B2500A5712E /* UICollectionViewDoc.m */; };
		123DA40A1F592B2500A5712E /* UICollectionViewFlowLayout+FYCollectionViewFlowLayout.m in Sources */ = {isa = PBXBuildFile; fileRef = 123DA3751F592B2500A5712E /* UICollectionViewFlowLayout+FYCollectionViewFlowLayout.m */; };
		123DA40B1F592B2500A5712E /* FYButton.m in Sources */ = {isa = PBXBuildFile; fileRef = 123DA3781F592B2500A5712E /* FYButton.m */; };
		123DA40C1F592B2500A5712E /* NSString+hash.m in Sources */ = {isa = PBXBuildFile; fileRef = 123DA37B1F592B2500A5712E /* NSString+hash.m */; };
		123DA40D1F592B2500A5712E /* FYFPS.m in Sources */ = {isa = PBXBuildFile; fileRef = 123DA37E1F592B2500A5712E /* FYFPS.m */; };
		123DA40E1F592B2500A5712E /* UIWindow+FPS.m in Sources */ = {isa = PBXBuildFile; fileRef = 123DA3801F592B2500A5712E /* UIWindow+FPS.m */; };
		123DA40F1F592B2500A5712E /* FYAPPGestureLockView.m in Sources */ = {isa = PBXBuildFile; fileRef = 123DA3841F592B2500A5712E /* FYAPPGestureLockView.m */; };
		123DA4101F592B2500A5712E /* GestureLock.plist in Resources */ = {isa = PBXBuildFile; fileRef = 123DA3851F592B2500A5712E /* GestureLock.plist */; };
		123DA4111F592B2500A5712E /* FYAPPAnimaView.m in Sources */ = {isa = PBXBuildFile; fileRef = 123DA3871F592B2500A5712E /* FYAPPAnimaView.m */; };
		123DA4121F592B2500A5712E /* FYAPPBarChartView.m in Sources */ = {isa = PBXBuildFile; fileRef = 123DA3891F592B2500A5712E /* FYAPPBarChartView.m */; };
		123DA4131F592B2500A5712E /* FYAPPFeatureView.m in Sources */ = {isa = PBXBuildFile; fileRef = 123DA38B1F592B2500A5712E /* FYAPPFeatureView.m */; };
		123DA4141F592B2500A5712E /* FYAPPPieChartView.m in Sources */ = {isa = PBXBuildFile; fileRef = 123DA38D1F592B2500A5712E /* FYAPPPieChartView.m */; };
		123DA4151F592B2500A5712E /* FYAPPSliderController.m in Sources */ = {isa = PBXBuildFile; fileRef = 123DA38F1F592B2500A5712E /* FYAPPSliderController.m */; };
		123DA4161F592B2500A5712E /* FYAPPStarsView.m in Sources */ = {isa = PBXBuildFile; fileRef = 123DA3911F592B2500A5712E /* FYAPPStarsView.m */; };
		123DA4171F592B2500A5712E /* FYAPPWheelView.m in Sources */ = {isa = PBXBuildFile; fileRef = 123DA3931F592B2500A5712E /* FYAPPWheelView.m */; };
		123DA4181F592B2500A5712E /* FYCoverFlowView.m in Sources */ = {isa = PBXBuildFile; fileRef = 123DA3951F592B2500A5712E /* FYCoverFlowView.m */; };
		123DA4191F592B2500A5712E /* FYGCD.m in Sources */ = {isa = PBXBuildFile; fileRef = 123DA3981F592B2500A5712E /* FYGCD.m */; };
		123DA41A1F592B2500A5712E /* FYGCDDoc.m in Sources */ = {isa = PBXBuildFile; fileRef = 123DA3991F592B2500A5712E /* FYGCDDoc.m */; };
		123DA41B1F592B2500A5712E /* FYClassInfo.m in Sources */ = {isa = PBXBuildFile; fileRef = 123DA39C1F592B2500A5712E /* FYClassInfo.m */; };
		123DA41C1F592B2500A5712E /* FYModel.m in Sources */ = {isa = PBXBuildFile; fileRef = 123DA39E1F592B2500A5712E /* FYModel.m */; };
		123DA41D1F592B2500A5712E /* NSArray+FYArray.m in Sources */ = {isa = PBXBuildFile; fileRef = 123DA3A01F592B2500A5712E /* NSArray+FYArray.m */; };
		123DA41E1F592B2500A5712E /* NSObject+FYArray.m in Sources */ = {isa = PBXBuildFile; fileRef = 123DA3A21F592B2500A5712E /* NSObject+FYArray.m */; };
		123DA41F1F592B2500A5712E /* NSObject+FYModel.m in Sources */ = {isa = PBXBuildFile; fileRef = 123DA3A41F592B2500A5712E /* NSObject+FYModel.m */; };
		123DA4201F592B2500A5712E /* UINavigationController+FYNavigationController.m in Sources */ = {isa = PBXBuildFile; fileRef = 123DA3A71F592B2500A5712E /* UINavigationController+FYNavigationController.m */; };
		123DA4211F592B2500A5712E /* FileManger.m in Sources */ = {isa = PBXBuildFile; fileRef = 123DA3A91F592B2500A5712E /* FileManger.m */; };
		123DA4221F592B2500A5712E /* KVC.m in Sources */ = {isa = PBXBuildFile; fileRef = 123DA3AA1F592B2500A5712E /* KVC.m */; };
		123DA4231F592B2500A5712E /* StringArrayDictionary.m in Sources */ = {isa = PBXBuildFile; fileRef = 123DA3AB1F592B2500A5712E /* StringArrayDictionary.m */; };
		123DA4241F592B2500A5712E /* Sundry.m in Sources */ = {isa = PBXBuildFile; fileRef = 123DA3AC1F592B2500A5712E /* Sundry.m */; };
		123DA4251F592B2500A5712E /* NSObject+Runtime.m in Sources */ = {isa = PBXBuildFile; fileRef = 123DA3AF1F592B2500A5712E /* NSObject+Runtime.m */; };
		123DA4261F592B2500A5712E /* UIScrollView+FYScrollView.m in Sources */ = {isa = PBXBuildFile; fileRef = 123DA3B21F592B2500A5712E /* UIScrollView+FYScrollView.m */; };
		123DA4271F592B2500A5712E /* UIScrollViewDoc.m in Sources */ = {isa = PBXBuildFile; fileRef = 123DA3B31F592B2500A5712E /* UIScrollViewDoc.m */; };
		123DA4281F592B2500A5712E /* FYSQL.m in Sources */ = {isa = PBXBuildFile; fileRef = 123DA3B61F592B2500A5712E /* FYSQL.m */; };
		123DA4291F592B2500A5712E /* NSString+FYString.m in Sources */ = {isa = PBXBuildFile; fileRef = 123DA3B91F592B2500A5712E /* NSString+FYString.m */; };
		123DA42A1F592B2500A5712E /* FYTabBar.plist in Resources */ = {isa = PBXBuildFile; fileRef = 123DA3BB1F592B2500A5712E /* FYTabBar.plist */; };
		123DA42B1F592B2500A5712E /* FYTabBarController.m in Sources */ = {isa = PBXBuildFile; fileRef = 123DA3BD1F592B2500A5712E /* FYTabBarController.m */; };
		123DA42C1F592B2500A5712E /* UITabBarController+FYTabBarController.m in Sources */ = {isa = PBXBuildFile; fileRef = 123DA3BF1F592B2500A5712E /* UITabBarController+FYTabBarController.m */; };
		123DA42D1F592B2500A5712E /* UITableView+FYTableView.m in Sources */ = {isa = PBXBuildFile; fileRef = 123DA3C21F592B2500A5712E /* UITableView+FYTableView.m */; };
		123DA42E1F592B2500A5712E /* UITableViewCell+FYTableViewCell.m in Sources */ = {isa = PBXBuildFile; fileRef = 123DA3C41F592B2500A5712E /* UITableViewCell+FYTableViewCell.m */; };
		123DA42F1F592B2500A5712E /* UITableViewDoc.m in Sources */ = {isa = PBXBuildFile; fileRef = 123DA3C51F592B2500A5712E /* UITableViewDoc.m */; };
		123DA4301F592B2500A5712E /* FYNetworking.m in Sources */ = {isa = PBXBuildFile; fileRef = 123DA3C81F592B2500A5712E /* FYNetworking.m */; };
		123DA4311F592B2500A5712E /* FYSingle.m in Sources */ = {isa = PBXBuildFile; fileRef = 123DA3CD1F592B2500A5712E /* FYSingle.m */; };
		123DA4321F592B2500A5712E /* FYTools.m in Sources */ = {isa = PBXBuildFile; fileRef = 123DA3CF1F592B2500A5712E /* FYTools.m */; };
		123DA4331F592B2500A5712E /* NSObject+FYNotificationCenter.m in Sources */ = {isa = PBXBuildFile; fileRef = 123DA3D11F592B2500A5712E /* NSObject+FYNotificationCenter.m */; };
		123DA4341F592B2500A5712E /* UIAlertController+FYAlertController.m in Sources */ = {isa = PBXBuildFile; fileRef = 123DA3D31F592B2500A5712E /* UIAlertController+FYAlertController.m */; };
		123DA4351F592B2500A5712E /* UIButton+FYButton.m in Sources */ = {isa = PBXBuildFile; fileRef = 123DA3D61F592B2500A5712E /* UIButton+FYButton.m */; };
		123DA4361F592B2500A5712E /* UIColor+FYColor.m in Sources */ = {isa = PBXBuildFile; fileRef = 123DA3D81F592B2500A5712E /* UIColor+FYColor.m */; };
		123DA4371F592B2500A5712E /* UIImage+FYImage.m in Sources */ = {isa = PBXBuildFile; fileRef = 123DA3DA1F592B2500A5712E /* UIImage+FYImage.m */; };
		123DA4381F592B2500A5712E /* UILabel+FYLabel.m in Sources */ = {isa = PBXBuildFile; fileRef = 123DA3DC1F592B2500A5712E /* UILabel+FYLabel.m */; };
		123DA4391F592B2500A5712E /* UIScreen+FYScreen.m in Sources */ = {isa = PBXBuildFile; fileRef = 123DA3DE1F592B2500A5712E /* UIScreen+FYScreen.m */; };
		123DA43A1F592B2500A5712E /* UITextField+FYTextField.m in Sources */ = {isa = PBXBuildFile; fileRef = 123DA3E01F592B2500A5712E /* UITextField+FYTextField.m */; };
		123DA43B1F592B2500A5712E /* NSURL+FYURL.m in Sources */ = {isa = PBXBuildFile; fileRef = 123DA3E31F592B2500A5712E /* NSURL+FYURL.m */; };
		123DA43C1F592B2500A5712E /* FYSocket.m in Sources */ = {isa = PBXBuildFile; fileRef = 123DA3E61F592B2500A5712E /* FYSocket.m */; };
		123DA43D1F592B2500A5712E /* NSURLRequest+FYURLRequest.m in Sources */ = {isa = PBXBuildFile; fileRef = 123DA3E81F592B2500A5712E /* NSURLRequest+FYURLRequest.m */; };
		123DA43E1F592B2500A5712E /* UIView+FYView.m in Sources */ = {isa = PBXBuildFile; fileRef = 123DA3EB1F592B2500A5712E /* UIView+FYView.m */; };
		123DA43F1F592B2500A5712E /* UIViewController+FYViewController.m in Sources */ = {isa = PBXBuildFile; fileRef = 123DA3EE1F592B2500A5712E /* UIViewController+FYViewController.m */; };
		123DA4401F592B2500A5712E /* UIViewControllerDoc.m in Sources */ = {isa = PBXBuildFile; fileRef = 123DA3EF1F592B2500A5712E /* UIViewControllerDoc.m */; };
		123DA4411F592B2500A5712E /* CADisplayLink+FYDisplayLink.m in Sources */ = {isa = PBXBuildFile; fileRef = 123DA3F21F592B2500A5712E /* CADisplayLink+FYDisplayLink.m */; };
		123DA4421F592B2500A5712E /* CALayer+FYLayer.m in Sources */ = {isa = PBXBuildFile; fileRef = 123DA3F41F592B2500A5712E /* CALayer+FYLayer.m */; };
		123DA4431F592B2500A5712E /* NSTimer+FYTimer.m in Sources */ = {isa = PBXBuildFile; fileRef = 123DA3F61F592B2500A5712E /* NSTimer+FYTimer.m */; };
		123DA4441F592B2500A5712E /* UIBezierPath+FYBezierPath.m in Sources */ = {isa = PBXBuildFile; fileRef = 123DA3F81F592B2500A5712E /* UIBezierPath+FYBezierPath.m */; };
		123DA4451F592B2500A5712E /* UIGestureRecognizer+FYGestureRecognizer.m in Sources */ = {isa = PBXBuildFile; fileRef = 123DA3FA1F592B2500A5712E /* UIGestureRecognizer+FYGestureRecognizer.m */; };
		128312171F5A322C00548C3C /* UIResponder+FYResponder.m in Sources */ = {isa = PBXBuildFile; fileRef = 128312161F5A322C00548C3C /* UIResponder+FYResponder.m */; };
		14AEF4931F6A3EF90003743C /* UserModel.m in Sources */ = {isa = PBXBuildFile; fileRef = 14AEF4921F6A3EF90003743C /* UserModel.m */; };
		14AEF4961F6A3F680003743C /* UserDataModel.m in Sources */ = {isa = PBXBuildFile; fileRef = 14AEF4951F6A3F680003743C /* UserDataModel.m */; };
		14AEF4991F6A3FD50003743C /* UserDataListModel.m in Sources */ = {isa = PBXBuildFile; fileRef = 14AEF4981F6A3FD50003743C /* UserDataListModel.m */; };
		94562EB7CB82C64AA2D73B8F /* libPods-FYAPP.a in Frameworks */ = {isa = PBXBuildFile; fileRef = C57D7EC7B40C6F500838890C /* libPods-FYAPP.a */; };
/* End PBXBuildFile section */

/* Begin PBXFileReference section */
		120688721F54367E009E353F /* FYAPP.app */ = {isa = PBXFileReference; explicitFileType = wrapper.application; includeInIndex = 0; path = FYAPP.app; sourceTree = BUILT_PRODUCTS_DIR; };
		120688761F54367E009E353F /* main.m */ = {isa = PBXFileReference; lastKnownFileType = sourcecode.c.objc; path = main.m; sourceTree = "<group>"; };
		120688781F54367E009E353F /* AppDelegate.h */ = {isa = PBXFileReference; lastKnownFileType = sourcecode.c.h; path = AppDelegate.h; sourceTree = "<group>"; };
		120688791F54367E009E353F /* AppDelegate.m */ = {isa = PBXFileReference; lastKnownFileType = sourcecode.c.objc; path = AppDelegate.m; sourceTree = "<group>"; };
		1206887B1F54367E009E353F /* ViewController.h */ = {isa = PBXFileReference; lastKnownFileType = sourcecode.c.h; path = ViewController.h; sourceTree = "<group>"; };
		1206887C1F54367E009E353F /* ViewController.m */ = {isa = PBXFileReference; lastKnownFileType = sourcecode.c.objc; path = ViewController.m; sourceTree = "<group>"; };
		1206887F1F54367E009E353F /* Base */ = {isa = PBXFileReference; lastKnownFileType = file.storyboard; name = Base; path = Base.lproj/Main.storyboard; sourceTree = "<group>"; };
		120688821F54367E009E353F /* FYAPP.xcdatamodel */ = {isa = PBXFileReference; lastKnownFileType = wrapper.xcdatamodel; path = FYAPP.xcdatamodel; sourceTree = "<group>"; };
		120688841F54367E009E353F /* Assets.xcassets */ = {isa = PBXFileReference; lastKnownFileType = folder.assetcatalog; path = Assets.xcassets; sourceTree = "<group>"; };
		120688871F54367E009E353F /* Base */ = {isa = PBXFileReference; lastKnownFileType = file.storyboard; name = Base; path = Base.lproj/LaunchScreen.storyboard; sourceTree = "<group>"; };
		120688891F54367E009E353F /* Info.plist */ = {isa = PBXFileReference; lastKnownFileType = text.plist.xml; path = Info.plist; sourceTree = "<group>"; };
		120689791F543A3E009E353F /* FYBaseController.h */ = {isa = PBXFileReference; fileEncoding = 4; lastKnownFileType = sourcecode.c.h; path = FYBaseController.h; sourceTree = "<group>"; };
		1206897A1F543A3E009E353F /* FYBaseController.m */ = {isa = PBXFileReference; fileEncoding = 4; lastKnownFileType = sourcecode.c.objc; path = FYBaseController.m; sourceTree = "<group>"; };
		123DA3561F592B2500A5712E /* FYAutoLayout.h */ = {isa = PBXFileReference; fileEncoding = 4; lastKnownFileType = sourcecode.c.h; path = FYAutoLayout.h; sourceTree = "<group>"; };
		123DA3571F592B2500A5712E /* FYCompositeConstraint.h */ = {isa = PBXFileReference; fileEncoding = 4; lastKnownFileType = sourcecode.c.h; path = FYCompositeConstraint.h; sourceTree = "<group>"; };
		123DA3581F592B2500A5712E /* FYCompositeConstraint.m */ = {isa = PBXFileReference; fileEncoding = 4; lastKnownFileType = sourcecode.c.objc; path = FYCompositeConstraint.m; sourceTree = "<group>"; };
		123DA3591F592B2500A5712E /* FYConstraint+Private.h */ = {isa = PBXFileReference; fileEncoding = 4; lastKnownFileType = sourcecode.c.h; path = "FYConstraint+Private.h"; sourceTree = "<group>"; };
		123DA35A1F592B2500A5712E /* FYConstraint.h */ = {isa = PBXFileReference; fileEncoding = 4; lastKnownFileType = sourcecode.c.h; path = FYConstraint.h; sourceTree = "<group>"; };
		123DA35B1F592B2500A5712E /* FYConstraint.m */ = {isa = PBXFileReference; fileEncoding = 4; lastKnownFileType = sourcecode.c.objc; path = FYConstraint.m; sourceTree = "<group>"; };
		123DA35C1F592B2500A5712E /* FYConstraintMaker.h */ = {isa = PBXFileReference; fileEncoding = 4; lastKnownFileType = sourcecode.c.h; path = FYConstraintMaker.h; sourceTree = "<group>"; };
		123DA35D1F592B2500A5712E /* FYConstraintMaker.m */ = {isa = PBXFileReference; fileEncoding = 4; lastKnownFileType = sourcecode.c.objc; path = FYConstraintMaker.m; sourceTree = "<group>"; };
		123DA35E1F592B2500A5712E /* FYLayoutConstraint.h */ = {isa = PBXFileReference; fileEncoding = 4; lastKnownFileType = sourcecode.c.h; path = FYLayoutConstraint.h; sourceTree = "<group>"; };
		123DA35F1F592B2500A5712E /* FYLayoutConstraint.m */ = {isa = PBXFileReference; fileEncoding = 4; lastKnownFileType = sourcecode.c.objc; path = FYLayoutConstraint.m; sourceTree = "<group>"; };
		123DA3601F592B2500A5712E /* FYUtilities.h */ = {isa = PBXFileReference; fileEncoding = 4; lastKnownFileType = sourcecode.c.h; path = FYUtilities.h; sourceTree = "<group>"; };
		123DA3611F592B2500A5712E /* FYViewAttribute.h */ = {isa = PBXFileReference; fileEncoding = 4; lastKnownFileType = sourcecode.c.h; path = FYViewAttribute.h; sourceTree = "<group>"; };
		123DA3621F592B2500A5712E /* FYViewAttribute.m */ = {isa = PBXFileReference; fileEncoding = 4; lastKnownFileType = sourcecode.c.objc; path = FYViewAttribute.m; sourceTree = "<group>"; };
		123DA3631F592B2500A5712E /* FYViewConstraint.h */ = {isa = PBXFileReference; fileEncoding = 4; lastKnownFileType = sourcecode.c.h; path = FYViewConstraint.h; sourceTree = "<group>"; };
		123DA3641F592B2500A5712E /* FYViewConstraint.m */ = {isa = PBXFileReference; fileEncoding = 4; lastKnownFileType = sourcecode.c.objc; path = FYViewConstraint.m; sourceTree = "<group>"; };
		123DA3651F592B2500A5712E /* NSArray+FYAdditions.h */ = {isa = PBXFileReference; fileEncoding = 4; lastKnownFileType = sourcecode.c.h; path = "NSArray+FYAdditions.h"; sourceTree = "<group>"; };
		123DA3661F592B2500A5712E /* NSArray+FYAdditions.m */ = {isa = PBXFileReference; fileEncoding = 4; lastKnownFileType = sourcecode.c.objc; path = "NSArray+FYAdditions.m"; sourceTree = "<group>"; };
		123DA3671F592B2500A5712E /* NSLayoutConstraint+FYDebugAdditions.h */ = {isa = PBXFileReference; fileEncoding = 4; lastKnownFileType = sourcecode.c.h; path = "NSLayoutConstraint+FYDebugAdditions.h"; sourceTree = "<group>"; };
		123DA3681F592B2500A5712E /* NSLayoutConstraint+FYDebugAdditions.m */ = {isa = PBXFileReference; fileEncoding = 4; lastKnownFileType = sourcecode.c.objc; path = "NSLayoutConstraint+FYDebugAdditions.m"; sourceTree = "<group>"; };
		123DA3691F592B2500A5712E /* View+FYAdditions.h */ = {isa = PBXFileReference; fileEncoding = 4; lastKnownFileType = sourcecode.c.h; path = "View+FYAdditions.h"; sourceTree = "<group>"; };
		123DA36A1F592B2500A5712E /* View+FYAdditions.m */ = {isa = PBXFileReference; fileEncoding = 4; lastKnownFileType = sourcecode.c.objc; path = "View+FYAdditions.m"; sourceTree = "<group>"; };
		123DA36B1F592B2500A5712E /* ViewController+FYAdditions.h */ = {isa = PBXFileReference; fileEncoding = 4; lastKnownFileType = sourcecode.c.h; path = "ViewController+FYAdditions.h"; sourceTree = "<group>"; };
		123DA36C1F592B2500A5712E /* ViewController+FYAdditions.m */ = {isa = PBXFileReference; fileEncoding = 4; lastKnownFileType = sourcecode.c.objc; path = "ViewController+FYAdditions.m"; sourceTree = "<group>"; };
		123DA36E1F592B2500A5712E /* BlockDoc.h */ = {isa = PBXFileReference; fileEncoding = 4; lastKnownFileType = sourcecode.c.h; path = BlockDoc.h; sourceTree = "<group>"; };
		123DA36F1F592B2500A5712E /* BlockDoc.m */ = {isa = PBXFileReference; fileEncoding = 4; lastKnownFileType = sourcecode.c.objc; path = BlockDoc.m; sourceTree = "<group>"; };
		123DA3711F592B2500A5712E /* UICollectionView+FYCollectionView.h */ = {isa = PBXFileReference; fileEncoding = 4; lastKnownFileType = sourcecode.c.h; path = "UICollectionView+FYCollectionView.h"; sourceTree = "<group>"; };
		123DA3721F592B2500A5712E /* UICollectionView+FYCollectionView.m */ = {isa = PBXFileReference; fileEncoding = 4; lastKnownFileType = sourcecode.c.objc; path = "UICollectionView+FYCollectionView.m"; sourceTree = "<group>"; };
		123DA3731F592B2500A5712E /* UICollectionViewDoc.m */ = {isa = PBXFileReference; fileEncoding = 4; lastKnownFileType = sourcecode.c.objc; path = UICollectionViewDoc.m; sourceTree = "<group>"; };
		123DA3741F592B2500A5712E /* UICollectionViewFlowLayout+FYCollectionViewFlowLayout.h */ = {isa = PBXFileReference; fileEncoding = 4; lastKnownFileType = sourcecode.c.h; path = "UICollectionViewFlowLayout+FYCollectionViewFlowLayout.h"; sourceTree = "<group>"; };
		123DA3751F592B2500A5712E /* UICollectionViewFlowLayout+FYCollectionViewFlowLayout.m */ = {isa = PBXFileReference; fileEncoding = 4; lastKnownFileType = sourcecode.c.objc; path = "UICollectionViewFlowLayout+FYCollectionViewFlowLayout.m"; sourceTree = "<group>"; };
		123DA3771F592B2500A5712E /* FYButton.h */ = {isa = PBXFileReference; fileEncoding = 4; lastKnownFileType = sourcecode.c.h; path = FYButton.h; sourceTree = "<group>"; };
		123DA3781F592B2500A5712E /* FYButton.m */ = {isa = PBXFileReference; fileEncoding = 4; lastKnownFileType = sourcecode.c.objc; path = FYButton.m; sourceTree = "<group>"; };
		123DA37A1F592B2500A5712E /* NSString+hash.h */ = {isa = PBXFileReference; fileEncoding = 4; lastKnownFileType = sourcecode.c.h; path = "NSString+hash.h"; sourceTree = "<group>"; };
		123DA37B1F592B2500A5712E /* NSString+hash.m */ = {isa = PBXFileReference; fileEncoding = 4; lastKnownFileType = sourcecode.c.objc; path = "NSString+hash.m"; sourceTree = "<group>"; };
		123DA37D1F592B2500A5712E /* FYFPS.h */ = {isa = PBXFileReference; fileEncoding = 4; lastKnownFileType = sourcecode.c.h; path = FYFPS.h; sourceTree = "<group>"; };
		123DA37E1F592B2500A5712E /* FYFPS.m */ = {isa = PBXFileReference; fileEncoding = 4; lastKnownFileType = sourcecode.c.objc; path = FYFPS.m; sourceTree = "<group>"; };
		123DA37F1F592B2500A5712E /* UIWindow+FPS.h */ = {isa = PBXFileReference; fileEncoding = 4; lastKnownFileType = sourcecode.c.h; path = "UIWindow+FPS.h"; sourceTree = "<group>"; };
		123DA3801F592B2500A5712E /* UIWindow+FPS.m */ = {isa = PBXFileReference; fileEncoding = 4; lastKnownFileType = sourcecode.c.objc; path = "UIWindow+FPS.m"; sourceTree = "<group>"; };
		123DA3831F592B2500A5712E /* FYAPPGestureLockView.h */ = {isa = PBXFileReference; fileEncoding = 4; lastKnownFileType = sourcecode.c.h; path = FYAPPGestureLockView.h; sourceTree = "<group>"; };
		123DA3841F592B2500A5712E /* FYAPPGestureLockView.m */ = {isa = PBXFileReference; fileEncoding = 4; lastKnownFileType = sourcecode.c.objc; path = FYAPPGestureLockView.m; sourceTree = "<group>"; };
		123DA3851F592B2500A5712E /* GestureLock.plist */ = {isa = PBXFileReference; fileEncoding = 4; lastKnownFileType = text.plist.xml; path = GestureLock.plist; sourceTree = "<group>"; };
		123DA3861F592B2500A5712E /* FYAPPAnimaView.h */ = {isa = PBXFileReference; fileEncoding = 4; lastKnownFileType = sourcecode.c.h; path = FYAPPAnimaView.h; sourceTree = "<group>"; };
		123DA3871F592B2500A5712E /* FYAPPAnimaView.m */ = {isa = PBXFileReference; fileEncoding = 4; lastKnownFileType = sourcecode.c.objc; path = FYAPPAnimaView.m; sourceTree = "<group>"; };
		123DA3881F592B2500A5712E /* FYAPPBarChartView.h */ = {isa = PBXFileReference; fileEncoding = 4; lastKnownFileType = sourcecode.c.h; path = FYAPPBarChartView.h; sourceTree = "<group>"; };
		123DA3891F592B2500A5712E /* FYAPPBarChartView.m */ = {isa = PBXFileReference; fileEncoding = 4; lastKnownFileType = sourcecode.c.objc; path = FYAPPBarChartView.m; sourceTree = "<group>"; };
		123DA38A1F592B2500A5712E /* FYAPPFeatureView.h */ = {isa = PBXFileReference; fileEncoding = 4; lastKnownFileType = sourcecode.c.h; path = FYAPPFeatureView.h; sourceTree = "<group>"; };
		123DA38B1F592B2500A5712E /* FYAPPFeatureView.m */ = {isa = PBXFileReference; fileEncoding = 4; lastKnownFileType = sourcecode.c.objc; path = FYAPPFeatureView.m; sourceTree = "<group>"; };
		123DA38C1F592B2500A5712E /* FYAPPPieChartView.h */ = {isa = PBXFileReference; fileEncoding = 4; lastKnownFileType = sourcecode.c.h; path = FYAPPPieChartView.h; sourceTree = "<group>"; };
		123DA38D1F592B2500A5712E /* FYAPPPieChartView.m */ = {isa = PBXFileReference; fileEncoding = 4; lastKnownFileType = sourcecode.c.objc; path = FYAPPPieChartView.m; sourceTree = "<group>"; };
		123DA38E1F592B2500A5712E /* FYAPPSliderController.h */ = {isa = PBXFileReference; fileEncoding = 4; lastKnownFileType = sourcecode.c.h; path = FYAPPSliderController.h; sourceTree = "<group>"; };
		123DA38F1F592B2500A5712E /* FYAPPSliderController.m */ = {isa = PBXFileReference; fileEncoding = 4; lastKnownFileType = sourcecode.c.objc; path = FYAPPSliderController.m; sourceTree = "<group>"; };
		123DA3901F592B2500A5712E /* FYAPPStarsView.h */ = {isa = PBXFileReference; fileEncoding = 4; lastKnownFileType = sourcecode.c.h; path = FYAPPStarsView.h; sourceTree = "<group>"; };
		123DA3911F592B2500A5712E /* FYAPPStarsView.m */ = {isa = PBXFileReference; fileEncoding = 4; lastKnownFileType = sourcecode.c.objc; path = FYAPPStarsView.m; sourceTree = "<group>"; };
		123DA3921F592B2500A5712E /* FYAPPWheelView.h */ = {isa = PBXFileReference; fileEncoding = 4; lastKnownFileType = sourcecode.c.h; path = FYAPPWheelView.h; sourceTree = "<group>"; };
		123DA3931F592B2500A5712E /* FYAPPWheelView.m */ = {isa = PBXFileReference; fileEncoding = 4; lastKnownFileType = sourcecode.c.objc; path = FYAPPWheelView.m; sourceTree = "<group>"; };
		123DA3941F592B2500A5712E /* FYCoverFlowView.h */ = {isa = PBXFileReference; fileEncoding = 4; lastKnownFileType = sourcecode.c.h; path = FYCoverFlowView.h; sourceTree = "<group>"; };
		123DA3951F592B2500A5712E /* FYCoverFlowView.m */ = {isa = PBXFileReference; fileEncoding = 4; lastKnownFileType = sourcecode.c.objc; path = FYCoverFlowView.m; sourceTree = "<group>"; };
		123DA3971F592B2500A5712E /* FYGCD.h */ = {isa = PBXFileReference; fileEncoding = 4; lastKnownFileType = sourcecode.c.h; path = FYGCD.h; sourceTree = "<group>"; };
		123DA3981F592B2500A5712E /* FYGCD.m */ = {isa = PBXFileReference; fileEncoding = 4; lastKnownFileType = sourcecode.c.objc; path = FYGCD.m; sourceTree = "<group>"; };
		123DA3991F592B2500A5712E /* FYGCDDoc.m */ = {isa = PBXFileReference; fileEncoding = 4; lastKnownFileType = sourcecode.c.objc; path = FYGCDDoc.m; sourceTree = "<group>"; };
		123DA39B1F592B2500A5712E /* FYClassInfo.h */ = {isa = PBXFileReference; fileEncoding = 4; lastKnownFileType = sourcecode.c.h; path = FYClassInfo.h; sourceTree = "<group>"; };
		123DA39C1F592B2500A5712E /* FYClassInfo.m */ = {isa = PBXFileReference; fileEncoding = 4; lastKnownFileType = sourcecode.c.objc; path = FYClassInfo.m; sourceTree = "<group>"; };
		123DA39D1F592B2500A5712E /* FYModel.h */ = {isa = PBXFileReference; fileEncoding = 4; lastKnownFileType = sourcecode.c.h; path = FYModel.h; sourceTree = "<group>"; };
		123DA39E1F592B2500A5712E /* FYModel.m */ = {isa = PBXFileReference; fileEncoding = 4; lastKnownFileType = sourcecode.c.objc; path = FYModel.m; sourceTree = "<group>"; };
		123DA39F1F592B2500A5712E /* NSArray+FYArray.h */ = {isa = PBXFileReference; fileEncoding = 4; lastKnownFileType = sourcecode.c.h; path = "NSArray+FYArray.h"; sourceTree = "<group>"; };
		123DA3A01F592B2500A5712E /* NSArray+FYArray.m */ = {isa = PBXFileReference; fileEncoding = 4; lastKnownFileType = sourcecode.c.objc; path = "NSArray+FYArray.m"; sourceTree = "<group>"; };
		123DA3A11F592B2500A5712E /* NSObject+FYArray.h */ = {isa = PBXFileReference; fileEncoding = 4; lastKnownFileType = sourcecode.c.h; path = "NSObject+FYArray.h"; sourceTree = "<group>"; };
		123DA3A21F592B2500A5712E /* NSObject+FYArray.m */ = {isa = PBXFileReference; fileEncoding = 4; lastKnownFileType = sourcecode.c.objc; path = "NSObject+FYArray.m"; sourceTree = "<group>"; };
		123DA3A31F592B2500A5712E /* NSObject+FYModel.h */ = {isa = PBXFileReference; fileEncoding = 4; lastKnownFileType = sourcecode.c.h; path = "NSObject+FYModel.h"; sourceTree = "<group>"; };
		123DA3A41F592B2500A5712E /* NSObject+FYModel.m */ = {isa = PBXFileReference; fileEncoding = 4; lastKnownFileType = sourcecode.c.objc; path = "NSObject+FYModel.m"; sourceTree = "<group>"; };
		123DA3A61F592B2500A5712E /* UINavigationController+FYNavigationController.h */ = {isa = PBXFileReference; fileEncoding = 4; lastKnownFileType = sourcecode.c.h; path = "UINavigationController+FYNavigationController.h"; sourceTree = "<group>"; };
		123DA3A71F592B2500A5712E /* UINavigationController+FYNavigationController.m */ = {isa = PBXFileReference; fileEncoding = 4; lastKnownFileType = sourcecode.c.objc; path = "UINavigationController+FYNavigationController.m"; sourceTree = "<group>"; };
		123DA3A91F592B2500A5712E /* FileManger.m */ = {isa = PBXFileReference; fileEncoding = 4; lastKnownFileType = sourcecode.c.objc; path = FileManger.m; sourceTree = "<group>"; };
		123DA3AA1F592B2500A5712E /* KVC.m */ = {isa = PBXFileReference; fileEncoding = 4; lastKnownFileType = sourcecode.c.objc; path = KVC.m; sourceTree = "<group>"; };
		123DA3AB1F592B2500A5712E /* StringArrayDictionary.m */ = {isa = PBXFileReference; fileEncoding = 4; lastKnownFileType = sourcecode.c.objc; path = StringArrayDictionary.m; sourceTree = "<group>"; };
		123DA3AC1F592B2500A5712E /* Sundry.m */ = {isa = PBXFileReference; fileEncoding = 4; lastKnownFileType = sourcecode.c.objc; path = Sundry.m; sourceTree = "<group>"; };
		123DA3AE1F592B2500A5712E /* NSObject+Runtime.h */ = {isa = PBXFileReference; fileEncoding = 4; lastKnownFileType = sourcecode.c.h; path = "NSObject+Runtime.h"; sourceTree = "<group>"; };
		123DA3AF1F592B2500A5712E /* NSObject+Runtime.m */ = {isa = PBXFileReference; fileEncoding = 4; lastKnownFileType = sourcecode.c.objc; path = "NSObject+Runtime.m"; sourceTree = "<group>"; };
		123DA3B11F592B2500A5712E /* UIScrollView+FYScrollView.h */ = {isa = PBXFileReference; fileEncoding = 4; lastKnownFileType = sourcecode.c.h; path = "UIScrollView+FYScrollView.h"; sourceTree = "<group>"; };
		123DA3B21F592B2500A5712E /* UIScrollView+FYScrollView.m */ = {isa = PBXFileReference; fileEncoding = 4; lastKnownFileType = sourcecode.c.objc; path = "UIScrollView+FYScrollView.m"; sourceTree = "<group>"; };
		123DA3B31F592B2500A5712E /* UIScrollViewDoc.m */ = {isa = PBXFileReference; fileEncoding = 4; lastKnownFileType = sourcecode.c.objc; path = UIScrollViewDoc.m; sourceTree = "<group>"; };
		123DA3B51F592B2500A5712E /* FYSQL.h */ = {isa = PBXFileReference; fileEncoding = 4; lastKnownFileType = sourcecode.c.h; path = FYSQL.h; sourceTree = "<group>"; };
		123DA3B61F592B2500A5712E /* FYSQL.m */ = {isa = PBXFileReference; fileEncoding = 4; lastKnownFileType = sourcecode.c.objc; path = FYSQL.m; sourceTree = "<group>"; };
		123DA3B81F592B2500A5712E /* NSString+FYString.h */ = {isa = PBXFileReference; fileEncoding = 4; lastKnownFileType = sourcecode.c.h; path = "NSString+FYString.h"; sourceTree = "<group>"; };
		123DA3B91F592B2500A5712E /* NSString+FYString.m */ = {isa = PBXFileReference; fileEncoding = 4; lastKnownFileType = sourcecode.c.objc; path = "NSString+FYString.m"; sourceTree = "<group>"; };
		123DA3BB1F592B2500A5712E /* FYTabBar.plist */ = {isa = PBXFileReference; fileEncoding = 4; lastKnownFileType = text.plist.xml; path = FYTabBar.plist; sourceTree = "<group>"; };
		123DA3BC1F592B2500A5712E /* FYTabBarController.h */ = {isa = PBXFileReference; fileEncoding = 4; lastKnownFileType = sourcecode.c.h; path = FYTabBarController.h; sourceTree = "<group>"; };
		123DA3BD1F592B2500A5712E /* FYTabBarController.m */ = {isa = PBXFileReference; fileEncoding = 4; lastKnownFileType = sourcecode.c.objc; path = FYTabBarController.m; sourceTree = "<group>"; };
		123DA3BE1F592B2500A5712E /* UITabBarController+FYTabBarController.h */ = {isa = PBXFileReference; fileEncoding = 4; lastKnownFileType = sourcecode.c.h; path = "UITabBarController+FYTabBarController.h"; sourceTree = "<group>"; };
		123DA3BF1F592B2500A5712E /* UITabBarController+FYTabBarController.m */ = {isa = PBXFileReference; fileEncoding = 4; lastKnownFileType = sourcecode.c.objc; path = "UITabBarController+FYTabBarController.m"; sourceTree = "<group>"; };
		123DA3C11F592B2500A5712E /* UITableView+FYTableView.h */ = {isa = PBXFileReference; fileEncoding = 4; lastKnownFileType = sourcecode.c.h; path = "UITableView+FYTableView.h"; sourceTree = "<group>"; };
		123DA3C21F592B2500A5712E /* UITableView+FYTableView.m */ = {isa = PBXFileReference; fileEncoding = 4; lastKnownFileType = sourcecode.c.objc; path = "UITableView+FYTableView.m"; sourceTree = "<group>"; };
		123DA3C31F592B2500A5712E /* UITableViewCell+FYTableViewCell.h */ = {isa = PBXFileReference; fileEncoding = 4; lastKnownFileType = sourcecode.c.h; path = "UITableViewCell+FYTableViewCell.h"; sourceTree = "<group>"; };
		123DA3C41F592B2500A5712E /* UITableViewCell+FYTableViewCell.m */ = {isa = PBXFileReference; fileEncoding = 4; lastKnownFileType = sourcecode.c.objc; path = "UITableViewCell+FYTableViewCell.m"; sourceTree = "<group>"; };
		123DA3C51F592B2500A5712E /* UITableViewDoc.m */ = {isa = PBXFileReference; fileEncoding = 4; lastKnownFileType = sourcecode.c.objc; path = UITableViewDoc.m; sourceTree = "<group>"; };
		123DA3C71F592B2500A5712E /* FYNetworking.h */ = {isa = PBXFileReference; fileEncoding = 4; lastKnownFileType = sourcecode.c.h; path = FYNetworking.h; sourceTree = "<group>"; };
		123DA3C81F592B2500A5712E /* FYNetworking.m */ = {isa = PBXFileReference; fileEncoding = 4; lastKnownFileType = sourcecode.c.objc; path = FYNetworking.m; sourceTree = "<group>"; };
		123DA3CA1F592B2500A5712E /* FY_Define.h */ = {isa = PBXFileReference; fileEncoding = 4; lastKnownFileType = sourcecode.c.h; path = FY_Define.h; sourceTree = "<group>"; };
		123DA3CB1F592B2500A5712E /* FY_Enum.h */ = {isa = PBXFileReference; fileEncoding = 4; lastKnownFileType = sourcecode.c.h; path = FY_Enum.h; sourceTree = "<group>"; };
		123DA3CC1F592B2500A5712E /* FYSingle.h */ = {isa = PBXFileReference; fileEncoding = 4; lastKnownFileType = sourcecode.c.h; path = FYSingle.h; sourceTree = "<group>"; };
		123DA3CD1F592B2500A5712E /* FYSingle.m */ = {isa = PBXFileReference; fileEncoding = 4; lastKnownFileType = sourcecode.c.objc; path = FYSingle.m; sourceTree = "<group>"; };
		123DA3CE1F592B2500A5712E /* FYTools.h */ = {isa = PBXFileReference; fileEncoding = 4; lastKnownFileType = sourcecode.c.h; path = FYTools.h; sourceTree = "<group>"; };
		123DA3CF1F592B2500A5712E /* FYTools.m */ = {isa = PBXFileReference; fileEncoding = 4; lastKnownFileType = sourcecode.c.objc; path = FYTools.m; sourceTree = "<group>"; };
		123DA3D01F592B2500A5712E /* NSObject+FYNotificationCenter.h */ = {isa = PBXFileReference; fileEncoding = 4; lastKnownFileType = sourcecode.c.h; path = "NSObject+FYNotificationCenter.h"; sourceTree = "<group>"; };
		123DA3D11F592B2500A5712E /* NSObject+FYNotificationCenter.m */ = {isa = PBXFileReference; fileEncoding = 4; lastKnownFileType = sourcecode.c.objc; path = "NSObject+FYNotificationCenter.m"; sourceTree = "<group>"; };
		123DA3D21F592B2500A5712E /* UIAlertController+FYAlertController.h */ = {isa = PBXFileReference; fileEncoding = 4; lastKnownFileType = sourcecode.c.h; path = "UIAlertController+FYAlertController.h"; sourceTree = "<group>"; };
		123DA3D31F592B2500A5712E /* UIAlertController+FYAlertController.m */ = {isa = PBXFileReference; fileEncoding = 4; lastKnownFileType = sourcecode.c.objc; path = "UIAlertController+FYAlertController.m"; sourceTree = "<group>"; };
		123DA3D51F592B2500A5712E /* UIButton+FYButton.h */ = {isa = PBXFileReference; fileEncoding = 4; lastKnownFileType = sourcecode.c.h; path = "UIButton+FYButton.h"; sourceTree = "<group>"; };
		123DA3D61F592B2500A5712E /* UIButton+FYButton.m */ = {isa = PBXFileReference; fileEncoding = 4; lastKnownFileType = sourcecode.c.objc; path = "UIButton+FYButton.m"; sourceTree = "<group>"; };
		123DA3D71F592B2500A5712E /* UIColor+FYColor.h */ = {isa = PBXFileReference; fileEncoding = 4; lastKnownFileType = sourcecode.c.h; path = "UIColor+FYColor.h"; sourceTree = "<group>"; };
		123DA3D81F592B2500A5712E /* UIColor+FYColor.m */ = {isa = PBXFileReference; fileEncoding = 4; lastKnownFileType = sourcecode.c.objc; path = "UIColor+FYColor.m"; sourceTree = "<group>"; };
		123DA3D91F592B2500A5712E /* UIImage+FYImage.h */ = {isa = PBXFileReference; fileEncoding = 4; lastKnownFileType = sourcecode.c.h; path = "UIImage+FYImage.h"; sourceTree = "<group>"; };
		123DA3DA1F592B2500A5712E /* UIImage+FYImage.m */ = {isa = PBXFileReference; fileEncoding = 4; lastKnownFileType = sourcecode.c.objc; path = "UIImage+FYImage.m"; sourceTree = "<group>"; };
		123DA3DB1F592B2500A5712E /* UILabel+FYLabel.h */ = {isa = PBXFileReference; fileEncoding = 4; lastKnownFileType = sourcecode.c.h; path = "UILabel+FYLabel.h"; sourceTree = "<group>"; };
		123DA3DC1F592B2500A5712E /* UILabel+FYLabel.m */ = {isa = PBXFileReference; fileEncoding = 4; lastKnownFileType = sourcecode.c.objc; path = "UILabel+FYLabel.m"; sourceTree = "<group>"; };
		123DA3DD1F592B2500A5712E /* UIScreen+FYScreen.h */ = {isa = PBXFileReference; fileEncoding = 4; lastKnownFileType = sourcecode.c.h; path = "UIScreen+FYScreen.h"; sourceTree = "<group>"; };
		123DA3DE1F592B2500A5712E /* UIScreen+FYScreen.m */ = {isa = PBXFileReference; fileEncoding = 4; lastKnownFileType = sourcecode.c.objc; path = "UIScreen+FYScreen.m"; sourceTree = "<group>"; };
		123DA3DF1F592B2500A5712E /* UITextField+FYTextField.h */ = {isa = PBXFileReference; fileEncoding = 4; lastKnownFileType = sourcecode.c.h; path = "UITextField+FYTextField.h"; sourceTree = "<group>"; };
		123DA3E01F592B2500A5712E /* UITextField+FYTextField.m */ = {isa = PBXFileReference; fileEncoding = 4; lastKnownFileType = sourcecode.c.objc; path = "UITextField+FYTextField.m"; sourceTree = "<group>"; };
		123DA3E21F592B2500A5712E /* NSURL+FYURL.h */ = {isa = PBXFileReference; fileEncoding = 4; lastKnownFileType = sourcecode.c.h; path = "NSURL+FYURL.h"; sourceTree = "<group>"; };
		123DA3E31F592B2500A5712E /* NSURL+FYURL.m */ = {isa = PBXFileReference; fileEncoding = 4; lastKnownFileType = sourcecode.c.objc; path = "NSURL+FYURL.m"; sourceTree = "<group>"; };
		123DA3E51F592B2500A5712E /* FYSocket.h */ = {isa = PBXFileReference; fileEncoding = 4; lastKnownFileType = sourcecode.c.h; path = FYSocket.h; sourceTree = "<group>"; };
		123DA3E61F592B2500A5712E /* FYSocket.m */ = {isa = PBXFileReference; fileEncoding = 4; lastKnownFileType = sourcecode.c.objc; path = FYSocket.m; sourceTree = "<group>"; };
		123DA3E71F592B2500A5712E /* NSURLRequest+FYURLRequest.h */ = {isa = PBXFileReference; fileEncoding = 4; lastKnownFileType = sourcecode.c.h; path = "NSURLRequest+FYURLRequest.h"; sourceTree = "<group>"; };
		123DA3E81F592B2500A5712E /* NSURLRequest+FYURLRequest.m */ = {isa = PBXFileReference; fileEncoding = 4; lastKnownFileType = sourcecode.c.objc; path = "NSURLRequest+FYURLRequest.m"; sourceTree = "<group>"; };
		123DA3EA1F592B2500A5712E /* UIView+FYView.h */ = {isa = PBXFileReference; fileEncoding = 4; lastKnownFileType = sourcecode.c.h; path = "UIView+FYView.h"; sourceTree = "<group>"; };
		123DA3EB1F592B2500A5712E /* UIView+FYView.m */ = {isa = PBXFileReference; fileEncoding = 4; lastKnownFileType = sourcecode.c.objc; path = "UIView+FYView.m"; sourceTree = "<group>"; };
		123DA3ED1F592B2500A5712E /* UIViewController+FYViewController.h */ = {isa = PBXFileReference; fileEncoding = 4; lastKnownFileType = sourcecode.c.h; path = "UIViewController+FYViewController.h"; sourceTree = "<group>"; };
		123DA3EE1F592B2500A5712E /* UIViewController+FYViewController.m */ = {isa = PBXFileReference; fileEncoding = 4; lastKnownFileType = sourcecode.c.objc; path = "UIViewController+FYViewController.m"; sourceTree = "<group>"; };
		123DA3EF1F592B2500A5712E /* UIViewControllerDoc.m */ = {isa = PBXFileReference; fileEncoding = 4; lastKnownFileType = sourcecode.c.objc; path = UIViewControllerDoc.m; sourceTree = "<group>"; };
		123DA3F11F592B2500A5712E /* CADisplayLink+FYDisplayLink.h */ = {isa = PBXFileReference; fileEncoding = 4; lastKnownFileType = sourcecode.c.h; path = "CADisplayLink+FYDisplayLink.h"; sourceTree = "<group>"; };
		123DA3F21F592B2500A5712E /* CADisplayLink+FYDisplayLink.m */ = {isa = PBXFileReference; fileEncoding = 4; lastKnownFileType = sourcecode.c.objc; path = "CADisplayLink+FYDisplayLink.m"; sourceTree = "<group>"; };
		123DA3F31F592B2500A5712E /* CALayer+FYLayer.h */ = {isa = PBXFileReference; fileEncoding = 4; lastKnownFileType = sourcecode.c.h; path = "CALayer+FYLayer.h"; sourceTree = "<group>"; };
		123DA3F41F592B2500A5712E /* CALayer+FYLayer.m */ = {isa = PBXFileReference; fileEncoding = 4; lastKnownFileType = sourcecode.c.objc; path = "CALayer+FYLayer.m"; sourceTree = "<group>"; };
		123DA3F51F592B2500A5712E /* NSTimer+FYTimer.h */ = {isa = PBXFileReference; fileEncoding = 4; lastKnownFileType = sourcecode.c.h; path = "NSTimer+FYTimer.h"; sourceTree = "<group>"; };
		123DA3F61F592B2500A5712E /* NSTimer+FYTimer.m */ = {isa = PBXFileReference; fileEncoding = 4; lastKnownFileType = sourcecode.c.objc; path = "NSTimer+FYTimer.m"; sourceTree = "<group>"; };
		123DA3F71F592B2500A5712E /* UIBezierPath+FYBezierPath.h */ = {isa = PBXFileReference; fileEncoding = 4; lastKnownFileType = sourcecode.c.h; path = "UIBezierPath+FYBezierPath.h"; sourceTree = "<group>"; };
		123DA3F81F592B2500A5712E /* UIBezierPath+FYBezierPath.m */ = {isa = PBXFileReference; fileEncoding = 4; lastKnownFileType = sourcecode.c.objc; path = "UIBezierPath+FYBezierPath.m"; sourceTree = "<group>"; };
		123DA3F91F592B2500A5712E /* UIGestureRecognizer+FYGestureRecognizer.h */ = {isa = PBXFileReference; fileEncoding = 4; lastKnownFileType = sourcecode.c.h; path = "UIGestureRecognizer+FYGestureRecognizer.h"; sourceTree = "<group>"; };
		123DA3FA1F592B2500A5712E /* UIGestureRecognizer+FYGestureRecognizer.m */ = {isa = PBXFileReference; fileEncoding = 4; lastKnownFileType = sourcecode.c.objc; path = "UIGestureRecognizer+FYGestureRecognizer.m"; sourceTree = "<group>"; };
		123DA3FB1F592B2500A5712E /* FYAPP.h */ = {isa = PBXFileReference; fileEncoding = 4; lastKnownFileType = sourcecode.c.h; path = FYAPP.h; sourceTree = "<group>"; };
		123DA3FC1F592B2500A5712E /* FYAPP.pch */ = {isa = PBXFileReference; fileEncoding = 4; lastKnownFileType = sourcecode.c.h; path = FYAPP.pch; sourceTree = "<group>"; };
		128312151F5A322C00548C3C /* UIResponder+FYResponder.h */ = {isa = PBXFileReference; fileEncoding = 4; lastKnownFileType = sourcecode.c.h; path = "UIResponder+FYResponder.h"; sourceTree = "<group>"; };
		128312161F5A322C00548C3C /* UIResponder+FYResponder.m */ = {isa = PBXFileReference; fileEncoding = 4; lastKnownFileType = sourcecode.c.objc; path = "UIResponder+FYResponder.m"; sourceTree = "<group>"; };
		14AEF4911F6A3EF90003743C /* UserModel.h */ = {isa = PBXFileReference; fileEncoding = 4; lastKnownFileType = sourcecode.c.h; path = UserModel.h; sourceTree = "<group>"; };
		14AEF4921F6A3EF90003743C /* UserModel.m */ = {isa = PBXFileReference; fileEncoding = 4; lastKnownFileType = sourcecode.c.objc; path = UserModel.m; sourceTree = "<group>"; };
		14AEF4941F6A3F680003743C /* UserDataModel.h */ = {isa = PBXFileReference; fileEncoding = 4; lastKnownFileType = sourcecode.c.h; path = UserDataModel.h; sourceTree = "<group>"; };
		14AEF4951F6A3F680003743C /* UserDataModel.m */ = {isa = PBXFileReference; fileEncoding = 4; lastKnownFileType = sourcecode.c.objc; path = UserDataModel.m; sourceTree = "<group>"; };
		14AEF4971F6A3FD50003743C /* UserDataListModel.h */ = {isa = PBXFileReference; fileEncoding = 4; lastKnownFileType = sourcecode.c.h; path = UserDataListModel.h; sourceTree = "<group>"; };
		14AEF4981F6A3FD50003743C /* UserDataListModel.m */ = {isa = PBXFileReference; fileEncoding = 4; lastKnownFileType = sourcecode.c.objc; path = UserDataListModel.m; sourceTree = "<group>"; };
		6E8E4FD7648DC421B2F82940 /* Pods-FYAPP.release.xcconfig */ = {isa = PBXFileReference; includeInIndex = 1; lastKnownFileType = text.xcconfig; name = "Pods-FYAPP.release.xcconfig"; path = "Pods/Target Support Files/Pods-FYAPP/Pods-FYAPP.release.xcconfig"; sourceTree = "<group>"; };
		C57D7EC7B40C6F500838890C /* libPods-FYAPP.a */ = {isa = PBXFileReference; explicitFileType = archive.ar; includeInIndex = 0; path = "libPods-FYAPP.a"; sourceTree = BUILT_PRODUCTS_DIR; };
		F2A50ADC8A494629CD363D28 /* Pods-FYAPP.debug.xcconfig */ = {isa = PBXFileReference; includeInIndex = 1; lastKnownFileType = text.xcconfig; name = "Pods-FYAPP.debug.xcconfig"; path = "Pods/Target Support Files/Pods-FYAPP/Pods-FYAPP.debug.xcconfig"; sourceTree = "<group>"; };
/* End PBXFileReference section */

/* Begin PBXFrameworksBuildPhase section */
		1206886F1F54367E009E353F /* Frameworks */ = {
			isa = PBXFrameworksBuildPhase;
			buildActionMask = 2147483647;
			files = (
				94562EB7CB82C64AA2D73B8F /* libPods-FYAPP.a in Frameworks */,
			);
			runOnlyForDeploymentPostprocessing = 0;
		};
/* End PBXFrameworksBuildPhase section */

/* Begin PBXGroup section */
		120688691F54367E009E353F = {
			isa = PBXGroup;
			children = (
				120688741F54367E009E353F /* FYAPP */,
				120688731F54367E009E353F /* Products */,
				38BF7F24B0F736ADD1F3677F /* Pods */,
				C09AA815C64DAAA239F2EE66 /* Frameworks */,
			);
			sourceTree = "<group>";
		};
		120688731F54367E009E353F /* Products */ = {
			isa = PBXGroup;
			children = (
				120688721F54367E009E353F /* FYAPP.app */,
			);
			name = Products;
			sourceTree = "<group>";
		};
		120688741F54367E009E353F /* FYAPP */ = {
			isa = PBXGroup;
			children = (
				123DA3541F592B2500A5712E /* FYAPP */,
				120688781F54367E009E353F /* AppDelegate.h */,
				120688791F54367E009E353F /* AppDelegate.m */,
				1206887B1F54367E009E353F /* ViewController.h */,
				1206887C1F54367E009E353F /* ViewController.m */,
				14AEF4901F6A3E4E0003743C /* Model */,
				120689781F543A3E009E353F /* Base */,
				1206887E1F54367E009E353F /* Main.storyboard */,
				120688841F54367E009E353F /* Assets.xcassets */,
				120688861F54367E009E353F /* LaunchScreen.storyboard */,
				120688891F54367E009E353F /* Info.plist */,
				120688811F54367E009E353F /* FYAPP.xcdatamodeld */,
				120688751F54367E009E353F /* Supporting Files */,
			);
			path = FYAPP;
			sourceTree = "<group>";
		};
		120688751F54367E009E353F /* Supporting Files */ = {
			isa = PBXGroup;
			children = (
				120688761F54367E009E353F /* main.m */,
			);
			name = "Supporting Files";
			sourceTree = "<group>";
		};
		120689781F543A3E009E353F /* Base */ = {
			isa = PBXGroup;
			children = (
				120689791F543A3E009E353F /* FYBaseController.h */,
				1206897A1F543A3E009E353F /* FYBaseController.m */,
			);
			path = Base;
			sourceTree = "<group>";
		};
		123DA3541F592B2500A5712E /* FYAPP */ = {
			isa = PBXGroup;
			children = (
				128312141F5A320900548C3C /* FY_Responder */,
				123DA3551F592B2500A5712E /* FY_AutoLayout */,
				123DA36D1F592B2500A5712E /* FY_Block */,
				123DA3701F592B2500A5712E /* FY_CollectionView */,
				123DA3761F592B2500A5712E /* FY_Developing */,
				123DA3791F592B2500A5712E /* FY_Encryption */,
				123DA37C1F592B2500A5712E /* FY_FPS */,
				123DA3811F592B2500A5712E /* FY_Function */,
				123DA3961F592B2500A5712E /* FY_GCD */,
				123DA39A1F592B2500A5712E /* FY_Model */,
				123DA3A51F592B2500A5712E /* FY_Navigation */,
				123DA3A81F592B2500A5712E /* FY_NoteBook */,
				123DA3AD1F592B2500A5712E /* FY_Runtime */,
				123DA3B01F592B2500A5712E /* FY_ScrollView */,
				123DA3B41F592B2500A5712E /* FY_SQL */,
				123DA3B71F592B2500A5712E /* FY_String */,
				123DA3BA1F592B2500A5712E /* FY_TabBar */,
				123DA3C01F592B2500A5712E /* FY_TableView */,
				123DA3C61F592B2500A5712E /* FY_ThirdLib */,
				123DA3C91F592B2500A5712E /* FY_Tools */,
				123DA3D41F592B2500A5712E /* FY_UI */,
				123DA3E11F592B2500A5712E /* FY_URL */,
				123DA3E41F592B2500A5712E /* FY_URLRequest */,
				123DA3E91F592B2500A5712E /* FY_View */,
				123DA3EC1F592B2500A5712E /* FY_ViewController */,
				123DA3F01F592B2500A5712E /* FY_Visual */,
				123DA3FB1F592B2500A5712E /* FYAPP.h */,
				123DA3FC1F592B2500A5712E /* FYAPP.pch */,
			);
			path = FYAPP;
			sourceTree = "<group>";
		};
		123DA3551F592B2500A5712E /* FY_AutoLayout */ = {
			isa = PBXGroup;
			children = (
				123DA3561F592B2500A5712E /* FYAutoLayout.h */,
				123DA3571F592B2500A5712E /* FYCompositeConstraint.h */,
				123DA3581F592B2500A5712E /* FYCompositeConstraint.m */,
				123DA3591F592B2500A5712E /* FYConstraint+Private.h */,
				123DA35A1F592B2500A5712E /* FYConstraint.h */,
				123DA35B1F592B2500A5712E /* FYConstraint.m */,
				123DA35C1F592B2500A5712E /* FYConstraintMaker.h */,
				123DA35D1F592B2500A5712E /* FYConstraintMaker.m */,
				123DA35E1F592B2500A5712E /* FYLayoutConstraint.h */,
				123DA35F1F592B2500A5712E /* FYLayoutConstraint.m */,
				123DA3601F592B2500A5712E /* FYUtilities.h */,
				123DA3611F592B2500A5712E /* FYViewAttribute.h */,
				123DA3621F592B2500A5712E /* FYViewAttribute.m */,
				123DA3631F592B2500A5712E /* FYViewConstraint.h */,
				123DA3641F592B2500A5712E /* FYViewConstraint.m */,
				123DA3651F592B2500A5712E /* NSArray+FYAdditions.h */,
				123DA3661F592B2500A5712E /* NSArray+FYAdditions.m */,
				123DA3671F592B2500A5712E /* NSLayoutConstraint+FYDebugAdditions.h */,
				123DA3681F592B2500A5712E /* NSLayoutConstraint+FYDebugAdditions.m */,
				123DA3691F592B2500A5712E /* View+FYAdditions.h */,
				123DA36A1F592B2500A5712E /* View+FYAdditions.m */,
				123DA36B1F592B2500A5712E /* ViewController+FYAdditions.h */,
				123DA36C1F592B2500A5712E /* ViewController+FYAdditions.m */,
			);
			path = FY_AutoLayout;
			sourceTree = "<group>";
		};
		123DA36D1F592B2500A5712E /* FY_Block */ = {
			isa = PBXGroup;
			children = (
				123DA36E1F592B2500A5712E /* BlockDoc.h */,
				123DA36F1F592B2500A5712E /* BlockDoc.m */,
			);
			path = FY_Block;
			sourceTree = "<group>";
		};
		123DA3701F592B2500A5712E /* FY_CollectionView */ = {
			isa = PBXGroup;
			children = (
				123DA3711F592B2500A5712E /* UICollectionView+FYCollectionView.h */,
				123DA3721F592B2500A5712E /* UICollectionView+FYCollectionView.m */,
				123DA3731F592B2500A5712E /* UICollectionViewDoc.m */,
				123DA3741F592B2500A5712E /* UICollectionViewFlowLayout+FYCollectionViewFlowLayout.h */,
				123DA3751F592B2500A5712E /* UICollectionViewFlowLayout+FYCollectionViewFlowLayout.m */,
			);
			path = FY_CollectionView;
			sourceTree = "<group>";
		};
		123DA3761F592B2500A5712E /* FY_Developing */ = {
			isa = PBXGroup;
			children = (
				123DA3771F592B2500A5712E /* FYButton.h */,
				123DA3781F592B2500A5712E /* FYButton.m */,
			);
			path = FY_Developing;
			sourceTree = "<group>";
		};
		123DA3791F592B2500A5712E /* FY_Encryption */ = {
			isa = PBXGroup;
			children = (
				123DA37A1F592B2500A5712E /* NSString+hash.h */,
				123DA37B1F592B2500A5712E /* NSString+hash.m */,
			);
			path = FY_Encryption;
			sourceTree = "<group>";
		};
		123DA37C1F592B2500A5712E /* FY_FPS */ = {
			isa = PBXGroup;
			children = (
				123DA37D1F592B2500A5712E /* FYFPS.h */,
				123DA37E1F592B2500A5712E /* FYFPS.m */,
				123DA37F1F592B2500A5712E /* UIWindow+FPS.h */,
				123DA3801F592B2500A5712E /* UIWindow+FPS.m */,
			);
			path = FY_FPS;
			sourceTree = "<group>";
		};
		123DA3811F592B2500A5712E /* FY_Function */ = {
			isa = PBXGroup;
			children = (
				123DA3821F592B2500A5712E /* FY_GestureLockView */,
				123DA3861F592B2500A5712E /* FYAPPAnimaView.h */,
				123DA3871F592B2500A5712E /* FYAPPAnimaView.m */,
				123DA3881F592B2500A5712E /* FYAPPBarChartView.h */,
				123DA3891F592B2500A5712E /* FYAPPBarChartView.m */,
				123DA38A1F592B2500A5712E /* FYAPPFeatureView.h */,
				123DA38B1F592B2500A5712E /* FYAPPFeatureView.m */,
				123DA38C1F592B2500A5712E /* FYAPPPieChartView.h */,
				123DA38D1F592B2500A5712E /* FYAPPPieChartView.m */,
				123DA38E1F592B2500A5712E /* FYAPPSliderController.h */,
				123DA38F1F592B2500A5712E /* FYAPPSliderController.m */,
				123DA3901F592B2500A5712E /* FYAPPStarsView.h */,
				123DA3911F592B2500A5712E /* FYAPPStarsView.m */,
				123DA3921F592B2500A5712E /* FYAPPWheelView.h */,
				123DA3931F592B2500A5712E /* FYAPPWheelView.m */,
				123DA3941F592B2500A5712E /* FYCoverFlowView.h */,
				123DA3951F592B2500A5712E /* FYCoverFlowView.m */,
			);
			path = FY_Function;
			sourceTree = "<group>";
		};
		123DA3821F592B2500A5712E /* FY_GestureLockView */ = {
			isa = PBXGroup;
			children = (
				123DA3831F592B2500A5712E /* FYAPPGestureLockView.h */,
				123DA3841F592B2500A5712E /* FYAPPGestureLockView.m */,
				123DA3851F592B2500A5712E /* GestureLock.plist */,
			);
			path = FY_GestureLockView;
			sourceTree = "<group>";
		};
		123DA3961F592B2500A5712E /* FY_GCD */ = {
			isa = PBXGroup;
			children = (
				123DA3971F592B2500A5712E /* FYGCD.h */,
				123DA3981F592B2500A5712E /* FYGCD.m */,
				123DA3991F592B2500A5712E /* FYGCDDoc.m */,
			);
			path = FY_GCD;
			sourceTree = "<group>";
		};
		123DA39A1F592B2500A5712E /* FY_Model */ = {
			isa = PBXGroup;
			children = (
				123DA39B1F592B2500A5712E /* FYClassInfo.h */,
				123DA39C1F592B2500A5712E /* FYClassInfo.m */,
				123DA39D1F592B2500A5712E /* FYModel.h */,
				123DA39E1F592B2500A5712E /* FYModel.m */,
				123DA39F1F592B2500A5712E /* NSArray+FYArray.h */,
				123DA3A01F592B2500A5712E /* NSArray+FYArray.m */,
				123DA3A11F592B2500A5712E /* NSObject+FYArray.h */,
				123DA3A21F592B2500A5712E /* NSObject+FYArray.m */,
				123DA3A31F592B2500A5712E /* NSObject+FYModel.h */,
				123DA3A41F592B2500A5712E /* NSObject+FYModel.m */,
			);
			path = FY_Model;
			sourceTree = "<group>";
		};
		123DA3A51F592B2500A5712E /* FY_Navigation */ = {
			isa = PBXGroup;
			children = (
				123DA3A61F592B2500A5712E /* UINavigationController+FYNavigationController.h */,
				123DA3A71F592B2500A5712E /* UINavigationController+FYNavigationController.m */,
			);
			path = FY_Navigation;
			sourceTree = "<group>";
		};
		123DA3A81F592B2500A5712E /* FY_NoteBook */ = {
			isa = PBXGroup;
			children = (
				123DA3A91F592B2500A5712E /* FileManger.m */,
				123DA3AA1F592B2500A5712E /* KVC.m */,
				123DA3AB1F592B2500A5712E /* StringArrayDictionary.m */,
				123DA3AC1F592B2500A5712E /* Sundry.m */,
			);
			path = FY_NoteBook;
			sourceTree = "<group>";
		};
		123DA3AD1F592B2500A5712E /* FY_Runtime */ = {
			isa = PBXGroup;
			children = (
				123DA3AE1F592B2500A5712E /* NSObject+Runtime.h */,
				123DA3AF1F592B2500A5712E /* NSObject+Runtime.m */,
			);
			path = FY_Runtime;
			sourceTree = "<group>";
		};
		123DA3B01F592B2500A5712E /* FY_ScrollView */ = {
			isa = PBXGroup;
			children = (
				123DA3B11F592B2500A5712E /* UIScrollView+FYScrollView.h */,
				123DA3B21F592B2500A5712E /* UIScrollView+FYScrollView.m */,
				123DA3B31F592B2500A5712E /* UIScrollViewDoc.m */,
			);
			path = FY_ScrollView;
			sourceTree = "<group>";
		};
		123DA3B41F592B2500A5712E /* FY_SQL */ = {
			isa = PBXGroup;
			children = (
				123DA3B51F592B2500A5712E /* FYSQL.h */,
				123DA3B61F592B2500A5712E /* FYSQL.m */,
			);
			path = FY_SQL;
			sourceTree = "<group>";
		};
		123DA3B71F592B2500A5712E /* FY_String */ = {
			isa = PBXGroup;
			children = (
				123DA3B81F592B2500A5712E /* NSString+FYString.h */,
				123DA3B91F592B2500A5712E /* NSString+FYString.m */,
			);
			path = FY_String;
			sourceTree = "<group>";
		};
		123DA3BA1F592B2500A5712E /* FY_TabBar */ = {
			isa = PBXGroup;
			children = (
				123DA3BB1F592B2500A5712E /* FYTabBar.plist */,
				123DA3BC1F592B2500A5712E /* FYTabBarController.h */,
				123DA3BD1F592B2500A5712E /* FYTabBarController.m */,
				123DA3BE1F592B2500A5712E /* UITabBarController+FYTabBarController.h */,
				123DA3BF1F592B2500A5712E /* UITabBarController+FYTabBarController.m */,
			);
			path = FY_TabBar;
			sourceTree = "<group>";
		};
		123DA3C01F592B2500A5712E /* FY_TableView */ = {
			isa = PBXGroup;
			children = (
				123DA3C11F592B2500A5712E /* UITableView+FYTableView.h */,
				123DA3C21F592B2500A5712E /* UITableView+FYTableView.m */,
				123DA3C31F592B2500A5712E /* UITableViewCell+FYTableViewCell.h */,
				123DA3C41F592B2500A5712E /* UITableViewCell+FYTableViewCell.m */,
				123DA3C51F592B2500A5712E /* UITableViewDoc.m */,
			);
			path = FY_TableView;
			sourceTree = "<group>";
		};
		123DA3C61F592B2500A5712E /* FY_ThirdLib */ = {
			isa = PBXGroup;
			children = (
				123DA3C71F592B2500A5712E /* FYNetworking.h */,
				123DA3C81F592B2500A5712E /* FYNetworking.m */,
			);
			path = FY_ThirdLib;
			sourceTree = "<group>";
		};
		123DA3C91F592B2500A5712E /* FY_Tools */ = {
			isa = PBXGroup;
			children = (
				123DA3CA1F592B2500A5712E /* FY_Define.h */,
				123DA3CB1F592B2500A5712E /* FY_Enum.h */,
				123DA3CC1F592B2500A5712E /* FYSingle.h */,
				123DA3CD1F592B2500A5712E /* FYSingle.m */,
				123DA3CE1F592B2500A5712E /* FYTools.h */,
				123DA3CF1F592B2500A5712E /* FYTools.m */,
				123DA3D01F592B2500A5712E /* NSObject+FYNotificationCenter.h */,
				123DA3D11F592B2500A5712E /* NSObject+FYNotificationCenter.m */,
				123DA3D21F592B2500A5712E /* UIAlertController+FYAlertController.h */,
				123DA3D31F592B2500A5712E /* UIAlertController+FYAlertController.m */,
			);
			path = FY_Tools;
			sourceTree = "<group>";
		};
		123DA3D41F592B2500A5712E /* FY_UI */ = {
			isa = PBXGroup;
			children = (
				123DA3D51F592B2500A5712E /* UIButton+FYButton.h */,
				123DA3D61F592B2500A5712E /* UIButton+FYButton.m */,
				123DA3D71F592B2500A5712E /* UIColor+FYColor.h */,
				123DA3D81F592B2500A5712E /* UIColor+FYColor.m */,
				123DA3D91F592B2500A5712E /* UIImage+FYImage.h */,
				123DA3DA1F592B2500A5712E /* UIImage+FYImage.m */,
				123DA3DB1F592B2500A5712E /* UILabel+FYLabel.h */,
				123DA3DC1F592B2500A5712E /* UILabel+FYLabel.m */,
				123DA3DD1F592B2500A5712E /* UIScreen+FYScreen.h */,
				123DA3DE1F592B2500A5712E /* UIScreen+FYScreen.m */,
				123DA3DF1F592B2500A5712E /* UITextField+FYTextField.h */,
				123DA3E01F592B2500A5712E /* UITextField+FYTextField.m */,
			);
			path = FY_UI;
			sourceTree = "<group>";
		};
		123DA3E11F592B2500A5712E /* FY_URL */ = {
			isa = PBXGroup;
			children = (
				123DA3E21F592B2500A5712E /* NSURL+FYURL.h */,
				123DA3E31F592B2500A5712E /* NSURL+FYURL.m */,
			);
			path = FY_URL;
			sourceTree = "<group>";
		};
		123DA3E41F592B2500A5712E /* FY_URLRequest */ = {
			isa = PBXGroup;
			children = (
				123DA3E51F592B2500A5712E /* FYSocket.h */,
				123DA3E61F592B2500A5712E /* FYSocket.m */,
				123DA3E71F592B2500A5712E /* NSURLRequest+FYURLRequest.h */,
				123DA3E81F592B2500A5712E /* NSURLRequest+FYURLRequest.m */,
			);
			path = FY_URLRequest;
			sourceTree = "<group>";
		};
		123DA3E91F592B2500A5712E /* FY_View */ = {
			isa = PBXGroup;
			children = (
				123DA3EA1F592B2500A5712E /* UIView+FYView.h */,
				123DA3EB1F592B2500A5712E /* UIView+FYView.m */,
			);
			path = FY_View;
			sourceTree = "<group>";
		};
		123DA3EC1F592B2500A5712E /* FY_ViewController */ = {
			isa = PBXGroup;
			children = (
				123DA3ED1F592B2500A5712E /* UIViewController+FYViewController.h */,
				123DA3EE1F592B2500A5712E /* UIViewController+FYViewController.m */,
				123DA3EF1F592B2500A5712E /* UIViewControllerDoc.m */,
			);
			path = FY_ViewController;
			sourceTree = "<group>";
		};
		123DA3F01F592B2500A5712E /* FY_Visual */ = {
			isa = PBXGroup;
			children = (
				123DA3F11F592B2500A5712E /* CADisplayLink+FYDisplayLink.h */,
				123DA3F21F592B2500A5712E /* CADisplayLink+FYDisplayLink.m */,
				123DA3F31F592B2500A5712E /* CALayer+FYLayer.h */,
				123DA3F41F592B2500A5712E /* CALayer+FYLayer.m */,
				123DA3F51F592B2500A5712E /* NSTimer+FYTimer.h */,
				123DA3F61F592B2500A5712E /* NSTimer+FYTimer.m */,
				123DA3F71F592B2500A5712E /* UIBezierPath+FYBezierPath.h */,
				123DA3F81F592B2500A5712E /* UIBezierPath+FYBezierPath.m */,
				123DA3F91F592B2500A5712E /* UIGestureRecognizer+FYGestureRecognizer.h */,
				123DA3FA1F592B2500A5712E /* UIGestureRecognizer+FYGestureRecognizer.m */,
			);
			path = FY_Visual;
			sourceTree = "<group>";
		};
		128312141F5A320900548C3C /* FY_Responder */ = {
			isa = PBXGroup;
			children = (
				128312151F5A322C00548C3C /* UIResponder+FYResponder.h */,
				128312161F5A322C00548C3C /* UIResponder+FYResponder.m */,
			);
			path = FY_Responder;
			sourceTree = "<group>";
		};
		14AEF4901F6A3E4E0003743C /* Model */ = {
			isa = PBXGroup;
			children = (
				14AEF4911F6A3EF90003743C /* UserModel.h */,
				14AEF4921F6A3EF90003743C /* UserModel.m */,
				14AEF4941F6A3F680003743C /* UserDataModel.h */,
				14AEF4951F6A3F680003743C /* UserDataModel.m */,
				14AEF4971F6A3FD50003743C /* UserDataListModel.h */,
				14AEF4981F6A3FD50003743C /* UserDataListModel.m */,
			);
			name = Model;
			sourceTree = "<group>";
		};
		38BF7F24B0F736ADD1F3677F /* Pods */ = {
			isa = PBXGroup;
			children = (
				F2A50ADC8A494629CD363D28 /* Pods-FYAPP.debug.xcconfig */,
				6E8E4FD7648DC421B2F82940 /* Pods-FYAPP.release.xcconfig */,
			);
			name = Pods;
			sourceTree = "<group>";
		};
		C09AA815C64DAAA239F2EE66 /* Frameworks */ = {
			isa = PBXGroup;
			children = (
				C57D7EC7B40C6F500838890C /* libPods-FYAPP.a */,
			);
			name = Frameworks;
			sourceTree = "<group>";
		};
/* End PBXGroup section */

/* Begin PBXNativeTarget section */
		120688711F54367E009E353F /* FYAPP */ = {
			isa = PBXNativeTarget;
			buildConfigurationList = 1206888C1F54367E009E353F /* Build configuration list for PBXNativeTarget "FYAPP" */;
			buildPhases = (
				DC2635B8128B86CC47B7FA0A /* [CP] Check Pods Manifest.lock */,
				1206886E1F54367E009E353F /* Sources */,
				1206886F1F54367E009E353F /* Frameworks */,
				120688701F54367E009E353F /* Resources */,
				FA9CE9B2EFC69CC26CE9D073 /* [CP] Embed Pods Frameworks */,
				A62CB9B6CA3098E92494A0D2 /* [CP] Copy Pods Resources */,
			);
			buildRules = (
			);
			dependencies = (
			);
			name = FYAPP;
			productName = FYAPP;
			productReference = 120688721F54367E009E353F /* FYAPP.app */;
			productType = "com.apple.product-type.application";
		};
/* End PBXNativeTarget section */

/* Begin PBXProject section */
		1206886A1F54367E009E353F /* Project object */ = {
			isa = PBXProject;
			attributes = {
				LastUpgradeCheck = 0830;
				ORGANIZATIONNAME = FengYu;
				TargetAttributes = {
					120688711F54367E009E353F = {
						CreatedOnToolsVersion = 8.3.3;
						DevelopmentTeam = MZE84VL8YP;
						ProvisioningStyle = Automatic;
					};
				};
			};
			buildConfigurationList = 1206886D1F54367E009E353F /* Build configuration list for PBXProject "FYAPP" */;
			compatibilityVersion = "Xcode 3.2";
			developmentRegion = English;
			hasScannedForEncodings = 0;
			knownRegions = (
				en,
				Base,
			);
			mainGroup = 120688691F54367E009E353F;
			productRefGroup = 120688731F54367E009E353F /* Products */;
			projectDirPath = "";
			projectRoot = "";
			targets = (
				120688711F54367E009E353F /* FYAPP */,
			);
		};
/* End PBXProject section */

/* Begin PBXResourcesBuildPhase section */
		120688701F54367E009E353F /* Resources */ = {
			isa = PBXResourcesBuildPhase;
			buildActionMask = 2147483647;
			files = (
				120688881F54367E009E353F /* LaunchScreen.storyboard in Resources */,
				120688851F54367E009E353F /* Assets.xcassets in Resources */,
				120688801F54367E009E353F /* Main.storyboard in Resources */,
				123DA4101F592B2500A5712E /* GestureLock.plist in Resources */,
				123DA42A1F592B2500A5712E /* FYTabBar.plist in Resources */,
			);
			runOnlyForDeploymentPostprocessing = 0;
		};
/* End PBXResourcesBuildPhase section */

/* Begin PBXShellScriptBuildPhase section */
		A62CB9B6CA3098E92494A0D2 /* [CP] Copy Pods Resources */ = {
			isa = PBXShellScriptBuildPhase;
			buildActionMask = 2147483647;
			files = (
			);
			inputPaths = (
			);
			name = "[CP] Copy Pods Resources";
			outputPaths = (
			);
			runOnlyForDeploymentPostprocessing = 0;
			shellPath = /bin/sh;
			shellScript = "\"${SRCROOT}/Pods/Target Support Files/Pods-FYAPP/Pods-FYAPP-resources.sh\"\n";
			showEnvVarsInLog = 0;
		};
		DC2635B8128B86CC47B7FA0A /* [CP] Check Pods Manifest.lock */ = {
			isa = PBXShellScriptBuildPhase;
			buildActionMask = 2147483647;
			files = (
			);
			inputPaths = (
			);
			name = "[CP] Check Pods Manifest.lock";
			outputPaths = (
			);
			runOnlyForDeploymentPostprocessing = 0;
			shellPath = /bin/sh;
			shellScript = "diff \"${PODS_PODFILE_DIR_PATH}/Podfile.lock\" \"${PODS_ROOT}/Manifest.lock\" > /dev/null\nif [ $? != 0 ] ; then\n    # print error to STDERR\n    echo \"error: The sandbox is not in sync with the Podfile.lock. Run 'pod install' or update your CocoaPods installation.\" >&2\n    exit 1\nfi\n";
			showEnvVarsInLog = 0;
		};
		FA9CE9B2EFC69CC26CE9D073 /* [CP] Embed Pods Frameworks */ = {
			isa = PBXShellScriptBuildPhase;
			buildActionMask = 2147483647;
			files = (
			);
			inputPaths = (
			);
			name = "[CP] Embed Pods Frameworks";
			outputPaths = (
			);
			runOnlyForDeploymentPostprocessing = 0;
			shellPath = /bin/sh;
			shellScript = "\"${SRCROOT}/Pods/Target Support Files/Pods-FYAPP/Pods-FYAPP-frameworks.sh\"\n";
			showEnvVarsInLog = 0;
		};
/* End PBXShellScriptBuildPhase section */

/* Begin PBXSourcesBuildPhase section */
		1206886E1F54367E009E353F /* Sources */ = {
			isa = PBXSourcesBuildPhase;
			buildActionMask = 2147483647;
			files = (
				123DA43E1F592B2500A5712E /* UIView+FYView.m in Sources */,
				123DA4121F592B2500A5712E /* FYAPPBarChartView.m in Sources */,
				123DA40B1F592B2500A5712E /* FYButton.m in Sources */,
				123DA4151F592B2500A5712E /* FYAPPSliderController.m in Sources */,
				14AEF4991F6A3FD50003743C /* UserDataListModel.m in Sources */,
				123DA4041F592B2500A5712E /* NSLayoutConstraint+FYDebugAdditions.m in Sources */,
				123DA4301F592B2500A5712E /* FYNetworking.m in Sources */,
				123DA4241F592B2500A5712E /* Sundry.m in Sources */,
				123DA4351F592B2500A5712E /* UIButton+FYButton.m in Sources */,
				14AEF4931F6A3EF90003743C /* UserModel.m in Sources */,
				123DA4311F592B2500A5712E /* FYSingle.m in Sources */,
				1206897B1F543A3E009E353F /* FYBaseController.m in Sources */,
				123DA41B1F592B2500A5712E /* FYClassInfo.m in Sources */,
				123DA4171F592B2500A5712E /* FYAPPWheelView.m in Sources */,
				14AEF4961F6A3F680003743C /* UserDataModel.m in Sources */,
				123DA3FD1F592B2500A5712E /* FYCompositeConstraint.m in Sources */,
				123DA4361F592B2500A5712E /* UIColor+FYColor.m in Sources */,
				123DA4231F592B2500A5712E /* StringArrayDictionary.m in Sources */,
				123DA42B1F592B2500A5712E /* FYTabBarController.m in Sources */,
				123DA4001F592B2500A5712E /* FYLayoutConstraint.m in Sources */,
				123DA4251F592B2500A5712E /* NSObject+Runtime.m in Sources */,
				123DA4161F592B2500A5712E /* FYAPPStarsView.m in Sources */,
				123DA43A1F592B2500A5712E /* UITextField+FYTextField.m in Sources */,
				123DA42D1F592B2500A5712E /* UITableView+FYTableView.m in Sources */,
				123DA43C1F592B2500A5712E /* FYSocket.m in Sources */,
				123DA4381F592B2500A5712E /* UILabel+FYLabel.m in Sources */,
				123DA4441F592B2500A5712E /* UIBezierPath+FYBezierPath.m in Sources */,
				123DA3FF1F592B2500A5712E /* FYConstraintMaker.m in Sources */,
				123DA4081F592B2500A5712E /* UICollectionView+FYCollectionView.m in Sources */,
				123DA4391F592B2500A5712E /* UIScreen+FYScreen.m in Sources */,
				123DA4021F592B2500A5712E /* FYViewConstraint.m in Sources */,
				123DA4071F592B2500A5712E /* BlockDoc.m in Sources */,
				123DA4031F592B2500A5712E /* NSArray+FYAdditions.m in Sources */,
				123DA4451F592B2500A5712E /* UIGestureRecognizer+FYGestureRecognizer.m in Sources */,
				123DA4111F592B2500A5712E /* FYAPPAnimaView.m in Sources */,
				123DA4191F592B2500A5712E /* FYGCD.m in Sources */,
				123DA4261F592B2500A5712E /* UIScrollView+FYScrollView.m in Sources */,
				123DA41A1F592B2500A5712E /* FYGCDDoc.m in Sources */,
				123DA4221F592B2500A5712E /* KVC.m in Sources */,
				123DA4201F592B2500A5712E /* UINavigationController+FYNavigationController.m in Sources */,
				123DA4331F592B2500A5712E /* NSObject+FYNotificationCenter.m in Sources */,
				123DA4321F592B2500A5712E /* FYTools.m in Sources */,
				123DA42E1F592B2500A5712E /* UITableViewCell+FYTableViewCell.m in Sources */,
				123DA4411F592B2500A5712E /* CADisplayLink+FYDisplayLink.m in Sources */,
				123DA43F1F592B2500A5712E /* UIViewController+FYViewController.m in Sources */,
				123DA40C1F592B2500A5712E /* NSString+hash.m in Sources */,
				123DA4051F592B2500A5712E /* View+FYAdditions.m in Sources */,
				123DA41D1F592B2500A5712E /* NSArray+FYArray.m in Sources */,
				123DA40E1F592B2500A5712E /* UIWindow+FPS.m in Sources */,
				123DA40A1F592B2500A5712E /* UICollectionViewFlowLayout+FYCollectionViewFlowLayout.m in Sources */,
				123DA4011F592B2500A5712E /* FYViewAttribute.m in Sources */,
				123DA4291F592B2500A5712E /* NSString+FYString.m in Sources */,
				123DA3FE1F592B2500A5712E /* FYConstraint.m in Sources */,
				1206887D1F54367E009E353F /* ViewController.m in Sources */,
				1206887A1F54367E009E353F /* AppDelegate.m in Sources */,
				123DA4421F592B2500A5712E /* CALayer+FYLayer.m in Sources */,
				123DA4281F592B2500A5712E /* FYSQL.m in Sources */,
				123DA4061F592B2500A5712E /* ViewController+FYAdditions.m in Sources */,
				123DA4141F592B2500A5712E /* FYAPPPieChartView.m in Sources */,
				123DA42F1F592B2500A5712E /* UITableViewDoc.m in Sources */,
				123DA41C1F592B2500A5712E /* FYModel.m in Sources */,
				123DA4091F592B2500A5712E /* UICollectionViewDoc.m in Sources */,
				123DA4131F592B2500A5712E /* FYAPPFeatureView.m in Sources */,
				123DA4271F592B2500A5712E /* UIScrollViewDoc.m in Sources */,
				123DA4341F592B2500A5712E /* UIAlertController+FYAlertController.m in Sources */,
				123DA4371F592B2500A5712E /* UIImage+FYImage.m in Sources */,
				123DA40F1F592B2500A5712E /* FYAPPGestureLockView.m in Sources */,
				123DA42C1F592B2500A5712E /* UITabBarController+FYTabBarController.m in Sources */,
				120688831F54367E009E353F /* FYAPP.xcdatamodeld in Sources */,
				123DA4181F592B2500A5712E /* FYCoverFlowView.m in Sources */,
				123DA4211F592B2500A5712E /* FileManger.m in Sources */,
				123DA43B1F592B2500A5712E /* NSURL+FYURL.m in Sources */,
				123DA41F1F592B2500A5712E /* NSObject+FYModel.m in Sources */,
				123DA4401F592B2500A5712E /* UIViewControllerDoc.m in Sources */,
				123DA40D1F592B2500A5712E /* FYFPS.m in Sources */,
				128312171F5A322C00548C3C /* UIResponder+FYResponder.m in Sources */,
				123DA43D1F592B2500A5712E /* NSURLRequest+FYURLRequest.m in Sources */,
				123DA4431F592B2500A5712E /* NSTimer+FYTimer.m in Sources */,
				123DA41E1F592B2500A5712E /* NSObject+FYArray.m in Sources */,
				120688771F54367E009E353F /* main.m in Sources */,
			);
			runOnlyForDeploymentPostprocessing = 0;
		};
/* End PBXSourcesBuildPhase section */

/* Begin PBXVariantGroup section */
		1206887E1F54367E009E353F /* Main.storyboard */ = {
			isa = PBXVariantGroup;
			children = (
				1206887F1F54367E009E353F /* Base */,
			);
			name = Main.storyboard;
			sourceTree = "<group>";
		};
		120688861F54367E009E353F /* LaunchScreen.storyboard */ = {
			isa = PBXVariantGroup;
			children = (
				120688871F54367E009E353F /* Base */,
			);
			name = LaunchScreen.storyboard;
			sourceTree = "<group>";
		};
/* End PBXVariantGroup section */

/* Begin XCBuildConfiguration section */
		1206888A1F54367E009E353F /* Debug */ = {
			isa = XCBuildConfiguration;
			buildSettings = {
				ALWAYS_SEARCH_USER_PATHS = NO;
				CLANG_ANALYZER_NONNULL = YES;
				CLANG_ANALYZER_NUMBER_OBJECT_CONVERSION = YES_AGGRESSIVE;
				CLANG_CXX_LANGUAGE_STANDARD = "gnu++0x";
				CLANG_CXX_LIBRARY = "libc++";
				CLANG_ENABLE_MODULES = YES;
				CLANG_ENABLE_OBJC_ARC = YES;
				CLANG_WARN_BOOL_CONVERSION = YES;
				CLANG_WARN_CONSTANT_CONVERSION = YES;
				CLANG_WARN_DIRECT_OBJC_ISA_USAGE = YES_ERROR;
				CLANG_WARN_DOCUMENTATION_COMMENTS = YES;
				CLANG_WARN_EMPTY_BODY = YES;
				CLANG_WARN_ENUM_CONVERSION = YES;
				CLANG_WARN_INFINITE_RECURSION = YES;
				CLANG_WARN_INT_CONVERSION = YES;
				CLANG_WARN_OBJC_ROOT_CLASS = YES_ERROR;
				CLANG_WARN_SUSPICIOUS_MOVE = YES;
				CLANG_WARN_UNREACHABLE_CODE = YES;
				CLANG_WARN__DUPLICATE_METHOD_MATCH = YES;
				"CODE_SIGN_IDENTITY[sdk=iphoneos*]" = "iPhone Developer";
				COPY_PHASE_STRIP = NO;
				DEBUG_INFORMATION_FORMAT = dwarf;
				ENABLE_STRICT_OBJC_MSGSEND = YES;
				ENABLE_TESTABILITY = YES;
				GCC_C_LANGUAGE_STANDARD = gnu99;
				GCC_DYNAMIC_NO_PIC = NO;
				GCC_NO_COMMON_BLOCKS = YES;
				GCC_OPTIMIZATION_LEVEL = 0;
				GCC_PREPROCESSOR_DEFINITIONS = (
					"DEBUG=1",
					"$(inherited)",
				);
				GCC_WARN_64_TO_32_BIT_CONVERSION = YES;
				GCC_WARN_ABOUT_RETURN_TYPE = YES_ERROR;
				GCC_WARN_UNDECLARED_SELECTOR = YES;
				GCC_WARN_UNINITIALIZED_AUTOS = YES_AGGRESSIVE;
				GCC_WARN_UNUSED_FUNCTION = YES;
				GCC_WARN_UNUSED_VARIABLE = YES;
				IPHONEOS_DEPLOYMENT_TARGET = 10.3;
				MTL_ENABLE_DEBUG_INFO = YES;
				ONLY_ACTIVE_ARCH = YES;
				SDKROOT = iphoneos;
			};
			name = Debug;
		};
		1206888B1F54367E009E353F /* Release */ = {
			isa = XCBuildConfiguration;
			buildSettings = {
				ALWAYS_SEARCH_USER_PATHS = NO;
				CLANG_ANALYZER_NONNULL = YES;
				CLANG_ANALYZER_NUMBER_OBJECT_CONVERSION = YES_AGGRESSIVE;
				CLANG_CXX_LANGUAGE_STANDARD = "gnu++0x";
				CLANG_CXX_LIBRARY = "libc++";
				CLANG_ENABLE_MODULES = YES;
				CLANG_ENABLE_OBJC_ARC = YES;
				CLANG_WARN_BOOL_CONVERSION = YES;
				CLANG_WARN_CONSTANT_CONVERSION = YES;
				CLANG_WARN_DIRECT_OBJC_ISA_USAGE = YES_ERROR;
				CLANG_WARN_DOCUMENTATION_COMMENTS = YES;
				CLANG_WARN_EMPTY_BODY = YES;
				CLANG_WARN_ENUM_CONVERSION = YES;
				CLANG_WARN_INFINITE_RECURSION = YES;
				CLANG_WARN_INT_CONVERSION = YES;
				CLANG_WARN_OBJC_ROOT_CLASS = YES_ERROR;
				CLANG_WARN_SUSPICIOUS_MOVE = YES;
				CLANG_WARN_UNREACHABLE_CODE = YES;
				CLANG_WARN__DUPLICATE_METHOD_MATCH = YES;
				"CODE_SIGN_IDENTITY[sdk=iphoneos*]" = "iPhone Developer";
				COPY_PHASE_STRIP = NO;
				DEBUG_INFORMATION_FORMAT = "dwarf-with-dsym";
				ENABLE_NS_ASSERTIONS = NO;
				ENABLE_STRICT_OBJC_MSGSEND = YES;
				GCC_C_LANGUAGE_STANDARD = gnu99;
				GCC_NO_COMMON_BLOCKS = YES;
				GCC_WARN_64_TO_32_BIT_CONVERSION = YES;
				GCC_WARN_ABOUT_RETURN_TYPE = YES_ERROR;
				GCC_WARN_UNDECLARED_SELECTOR = YES;
				GCC_WARN_UNINITIALIZED_AUTOS = YES_AGGRESSIVE;
				GCC_WARN_UNUSED_FUNCTION = YES;
				GCC_WARN_UNUSED_VARIABLE = YES;
				IPHONEOS_DEPLOYMENT_TARGET = 10.3;
				MTL_ENABLE_DEBUG_INFO = NO;
				SDKROOT = iphoneos;
				VALIDATE_PRODUCT = YES;
			};
			name = Release;
		};
		1206888D1F54367E009E353F /* Debug */ = {
			isa = XCBuildConfiguration;
			baseConfigurationReference = F2A50ADC8A494629CD363D28 /* Pods-FYAPP.debug.xcconfig */;
			buildSettings = {
				ASSETCATALOG_COMPILER_APPICON_NAME = AppIcon;
				DEVELOPMENT_TEAM = MZE84VL8YP;
				GCC_PRECOMPILE_PREFIX_HEADER = YES;
				GCC_PREFIX_HEADER = FYAPP/FYAPP/FYAPP.pch;
				INFOPLIST_FILE = FYAPP/Info.plist;
				IPHONEOS_DEPLOYMENT_TARGET = 9.0;
				LD_RUNPATH_SEARCH_PATHS = "$(inherited) @executable_path/Frameworks";
				PRODUCT_BUNDLE_IDENTIFIER = com.fengyu.FYAPP;
				PRODUCT_NAME = "$(TARGET_NAME)";
			};
			name = Debug;
		};
		1206888E1F54367E009E353F /* Release */ = {
			isa = XCBuildConfiguration;
			baseConfigurationReference = 6E8E4FD7648DC421B2F82940 /* Pods-FYAPP.release.xcconfig */;
			buildSettings = {
				ASSETCATALOG_COMPILER_APPICON_NAME = AppIcon;
				DEVELOPMENT_TEAM = MZE84VL8YP;
				GCC_PRECOMPILE_PREFIX_HEADER = YES;
				GCC_PREFIX_HEADER = FYAPP/FYAPP/FYAPP.pch;
				INFOPLIST_FILE = FYAPP/Info.plist;
				IPHONEOS_DEPLOYMENT_TARGET = 9.0;
				LD_RUNPATH_SEARCH_PATHS = "$(inherited) @executable_path/Frameworks";
				PRODUCT_BUNDLE_IDENTIFIER = com.fengyu.FYAPP;
				PRODUCT_NAME = "$(TARGET_NAME)";
			};
			name = Release;
		};
/* End XCBuildConfiguration section */

/* Begin XCConfigurationList section */
		1206886D1F54367E009E353F /* Build configuration list for PBXProject "FYAPP" */ = {
			isa = XCConfigurationList;
			buildConfigurations = (
				1206888A1F54367E009E353F /* Debug */,
				1206888B1F54367E009E353F /* Release */,
			);
			defaultConfigurationIsVisible = 0;
			defaultConfigurationName = Release;
		};
		1206888C1F54367E009E353F /* Build configuration list for PBXNativeTarget "FYAPP" */ = {
			isa = XCConfigurationList;
			buildConfigurations = (
				1206888D1F54367E009E353F /* Debug */,
				1206888E1F54367E009E353F /* Release */,
			);
			defaultConfigurationIsVisible = 0;
			defaultConfigurationName = Release;
		};
/* End XCConfigurationList section */

/* Begin XCVersionGroup section */
		120688811F54367E009E353F /* FYAPP.xcdatamodeld */ = {
			isa = XCVersionGroup;
			children = (
				120688821F54367E009E353F /* FYAPP.xcdatamodel */,
			);
			currentVersion = 120688821F54367E009E353F /* FYAPP.xcdatamodel */;
			path = FYAPP.xcdatamodeld;
			sourceTree = "<group>";
			versionGroupType = wrapper.xcdatamodel;
		};
/* End XCVersionGroup section */
	};
	rootObject = 1206886A1F54367E009E353F /* Project object */;
}
